PODS:
  - AFNetworking (3.1.0):
    - AFNetworking/NSURLSession (= 3.1.0)
    - AFNetworking/Reachability (= 3.1.0)
    - AFNetworking/Security (= 3.1.0)
    - AFNetworking/Serialization (= 3.1.0)
    - AFNetworking/UIKit (= 3.1.0)
  - AFNetworking/NSURLSession (3.1.0):
    - AFNetworking/Reachability
    - AFNetworking/Security
    - AFNetworking/Serialization
  - AFNetworking/Reachability (3.1.0)
  - AFNetworking/Security (3.1.0)
  - AFNetworking/Serialization (3.1.0)
  - AFNetworking/UIKit (3.1.0):
    - AFNetworking/NSURLSession
  - CocoaAsyncSocket (7.6.0)
  - CocoaHTTPServer (2.3):
    - CocoaAsyncSocket
    - CocoaLumberjack
  - CocoaLumberjack (3.1.0):
    - CocoaLumberjack/Default (= 3.1.0)
    - CocoaLumberjack/Extensions (= 3.1.0)
  - CocoaLumberjack/Default (3.1.0)
  - CocoaLumberjack/Extensions (3.1.0):
    - CocoaLumberjack/Default
  - FLAnimatedImage (1.0.12)
  - FMDB (2.6.2):
    - FMDB/standard (= 2.6.2)
  - FMDB/standard (2.6.2)
  - GPUImage (0.1.7)
  - HappyDNS (0.3.10)
  - PLPlayerKit (2.4.2):
    - HappyDNS (~> 0.3.10)
  - SDWebImage (4.0.0):
    - SDWebImage/Core (= 4.0.0)
  - SDWebImage/Core (4.0.0)
  - SDWebImage/GIF (4.0.0):
    - FLAnimatedImage (~> 1.0)
    - SDWebImage/Core
  - SSZipArchive (1.7)

DEPENDENCIES:
  - AFNetworking
  - CocoaHTTPServer
  - FLAnimatedImage
  - FMDB
  - GPUImage
  - PLPlayerKit
  - SDWebImage
  - SDWebImage/GIF
  - SSZipArchive

SPEC CHECKSUMS:
  AFNetworking: 5e0e199f73d8626b11e79750991f5d173d1f8b67
  CocoaAsyncSocket: b9d5589f07baf9de8f34cc25abd4fcba28f13805
  CocoaHTTPServer: 5624681fc3473d43b18202f635f9b3abb013b530
  CocoaLumberjack: 8311463ddf9ee86a06ef92a071dd656c89244500
  FLAnimatedImage: 4a0b56255d9b05f18b6dd7ee06871be5d3b89e31
  FMDB: 854a0341b4726e53276f2a8996f06f1b80f9259a
  GPUImage: 733a5f0fab92df9de1c37ba9df520a833ccb406d
  HappyDNS: 06a9fed2796663fd87626dbf02552933265bf059
  PLPlayerKit: 513e328d861ee02bbe682b79c9be36f7ed224239
  SDWebImage: 76a6348bdc74eb5a55dd08a091ef298e56b55e41
  SSZipArchive: 63f8e11cfcc33e03e4cd666b4359ea8bd6facd0c

PODFILE CHECKSUM: 649ce040cc03c96d352931cd50896a477b5ad33c

COCOAPODS: 1.2.0
