// !$*UTF8*$!
{
	archiveVersion = 1;
	classes = {
	};
	objectVersion = 46;
	objects = {

/* Begin PBXBuildFile section */
		1B0B34201DAB20C60053CAB5 /* HttpRequestManager.m in Sources */ = {isa = PBXBuildFile; fileRef = 1B0B34161DAB20C60053CAB5 /* HttpRequestManager.m */; };
		1B0B34211DAB20C60053CAB5 /* SQLManager.m in Sources */ = {isa = PBXBuildFile; fileRef = 1B0B34181DAB20C60053CAB5 /* SQLManager.m */; };
		1B0B34221DAB20C60053CAB5 /* WiFiUploadHTTPConnection.m in Sources */ = {isa = PBXBuildFile; fileRef = 1B0B341B1DAB20C60053CAB5 /* WiFiUploadHTTPConnection.m */; };
		1B0B34231DAB20C60053CAB5 /* WiFiUploadManager.m in Sources */ = {isa = PBXBuildFile; fileRef = 1B0B341D1DAB20C60053CAB5 /* WiFiUploadManager.m */; };
		1B0B34241DAB20C60053CAB5 /* WiFiUploadViewController.m in Sources */ = {isa = PBXBuildFile; fileRef = 1B0B341F1DAB20C60053CAB5 /* WiFiUploadViewController.m */; };
		1B0B34321DAB2F0F0053CAB5 /* UserViewController.m in Sources */ = {isa = PBXBuildFile; fileRef = 1B0B34311DAB2F0F0053CAB5 /* UserViewController.m */; };
		1B0B34371DAB2F840053CAB5 /* FuturesModel.m in Sources */ = {isa = PBXBuildFile; fileRef = 1B0B34361DAB2F840053CAB5 /* FuturesModel.m */; };
		1B0B343A1DAB30A20053CAB5 /* HomeViewController.m in Sources */ = {isa = PBXBuildFile; fileRef = 1B0B34391DAB30A20053CAB5 /* HomeViewController.m */; };
		1B0B343E1DAB30B30053CAB5 /* LineView.m in Sources */ = {isa = PBXBuildFile; fileRef = 1B0B343D1DAB30B30053CAB5 /* LineView.m */; };
		1B0B34441DAB3E150053CAB5 /* PLPlayerViewController.m in Sources */ = {isa = PBXBuildFile; fileRef = 1B0B34431DAB3E150053CAB5 /* PLPlayerViewController.m */; };
		1B1148E61D9A499A004817B1 /* libz.tbd in Frameworks */ = {isa = PBXBuildFile; fileRef = 1B1148E51D9A499A004817B1 /* libz.tbd */; };
		1B3492451D93A804005C4800 /* index.html in Resources */ = {isa = PBXBuildFile; fileRef = 1B3492431D93A804005C4800 /* index.html */; };
		1B3492461D93A804005C4800 /* upload.html in Resources */ = {isa = PBXBuildFile; fileRef = 1B3492441D93A804005C4800 /* upload.html */; };
		1B3CFAA21DAC8E8800DA2661 /* BHBDrawBoarderView.m in Sources */ = {isa = PBXBuildFile; fileRef = 1B3CFA9B1DAC8E8800DA2661 /* BHBDrawBoarderView.m */; };
		1B3CFAA31DAC8E8800DA2661 /* BHBMyDrawer.m in Sources */ = {isa = PBXBuildFile; fileRef = 1B3CFA9D1DAC8E8800DA2661 /* BHBMyDrawer.m */; };
		1B3CFAA41DAC8E8800DA2661 /* BHBPaintPath.m in Sources */ = {isa = PBXBuildFile; fileRef = 1B3CFA9F1DAC8E8800DA2661 /* BHBPaintPath.m */; };
		1B3CFAA51DAC8E8800DA2661 /* BHBScrollView.m in Sources */ = {isa = PBXBuildFile; fileRef = 1B3CFAA11DAC8E8800DA2661 /* BHBScrollView.m */; };
		1B6E7DB01DAB8941006F058B /* BaseViewController.m in Sources */ = {isa = PBXBuildFile; fileRef = 1B6E7DAF1DAB8941006F058B /* BaseViewController.m */; };
		1B6E7DB31DAB8FBD006F058B /* UserModel.m in Sources */ = {isa = PBXBuildFile; fileRef = 1B6E7DB21DAB8FBD006F058B /* UserModel.m */; };
		1B6E7DB71DAB91FD006F058B /* UserListViewCell.m in Sources */ = {isa = PBXBuildFile; fileRef = 1B6E7DB51DAB91FD006F058B /* UserListViewCell.m */; };
		1B6E7DB81DAB91FD006F058B /* UserListViewCell.xib in Resources */ = {isa = PBXBuildFile; fileRef = 1B6E7DB61DAB91FD006F058B /* UserListViewCell.xib */; };
		1BD1761B1D9A73D300C28051 /* TabBarViewController.m in Sources */ = {isa = PBXBuildFile; fileRef = 1BD1761A1D9A73D300C28051 /* TabBarViewController.m */; };
		1BF7F6C81D92492200F8E5B1 /* main.m in Sources */ = {isa = PBXBuildFile; fileRef = 1BF7F6C71D92492200F8E5B1 /* main.m */; };
		1BF7F6D11D92492200F8E5B1 /* Main.storyboard in Resources */ = {isa = PBXBuildFile; fileRef = 1BF7F6CF1D92492200F8E5B1 /* Main.storyboard */; };
		1BF7F6D31D92492200F8E5B1 /* Assets.xcassets in Resources */ = {isa = PBXBuildFile; fileRef = 1BF7F6D21D92492200F8E5B1 /* Assets.xcassets */; };
		1BF7F6D61D92492200F8E5B1 /* LaunchScreen.storyboard in Resources */ = {isa = PBXBuildFile; fileRef = 1BF7F6D41D92492200F8E5B1 /* LaunchScreen.storyboard */; };
		1BF7F6E11D92492200F8E5B1 /* LearnSthTests.m in Sources */ = {isa = PBXBuildFile; fileRef = 1BF7F6E01D92492200F8E5B1 /* LearnSthTests.m */; };
		1BF7F6EC1D92492200F8E5B1 /* LearnSthUITests.m in Sources */ = {isa = PBXBuildFile; fileRef = 1BF7F6EB1D92492200F8E5B1 /* LearnSthUITests.m */; };
		1BF7F6FD1D924BE500F8E5B1 /* AppDelegate.m in Sources */ = {isa = PBXBuildFile; fileRef = 1BF7F6FC1D924BE500F8E5B1 /* AppDelegate.m */; };
		CF97EBCF1DAA49D600E1EDD7 /* TableViewController.m in Sources */ = {isa = PBXBuildFile; fileRef = CF97EBC81DAA49D600E1EDD7 /* TableViewController.m */; };
		CF97EBD71DAA4A2600E1EDD7 /* LiveModel.m in Sources */ = {isa = PBXBuildFile; fileRef = CF97EBD61DAA4A2600E1EDD7 /* LiveModel.m */; };
		CF97EBDE1DAA4F0100E1EDD7 /* LiveViewController.m in Sources */ = {isa = PBXBuildFile; fileRef = CF97EBDA1DAA4F0100E1EDD7 /* LiveViewController.m */; };
		DC70711C937E46693E11C611 /* libPods-LearnSth.a in Frameworks */ = {isa = PBXBuildFile; fileRef = F4B79FEA5584229A931479F8 /* libPods-LearnSth.a */; };
/* End PBXBuildFile section */

/* Begin PBXContainerItemProxy section */
		1BF7F6DD1D92492200F8E5B1 /* PBXContainerItemProxy */ = {
			isa = PBXContainerItemProxy;
			containerPortal = 1BF7F6BB1D92492200F8E5B1 /* Project object */;
			proxyType = 1;
			remoteGlobalIDString = 1BF7F6C21D92492200F8E5B1;
			remoteInfo = LearnSth;
		};
		1BF7F6E81D92492200F8E5B1 /* PBXContainerItemProxy */ = {
			isa = PBXContainerItemProxy;
			containerPortal = 1BF7F6BB1D92492200F8E5B1 /* Project object */;
			proxyType = 1;
			remoteGlobalIDString = 1BF7F6C21D92492200F8E5B1;
			remoteInfo = LearnSth;
		};
/* End PBXContainerItemProxy section */

/* Begin PBXFileReference section */
		1B0B34151DAB20C60053CAB5 /* HttpRequestManager.h */ = {isa = PBXFileReference; fileEncoding = 4; lastKnownFileType = sourcecode.c.h; path = HttpRequestManager.h; sourceTree = "<group>"; };
		1B0B34161DAB20C60053CAB5 /* HttpRequestManager.m */ = {isa = PBXFileReference; fileEncoding = 4; lastKnownFileType = sourcecode.c.objc; path = HttpRequestManager.m; sourceTree = "<group>"; };
		1B0B34171DAB20C60053CAB5 /* SQLManager.h */ = {isa = PBXFileReference; fileEncoding = 4; lastKnownFileType = sourcecode.c.h; path = SQLManager.h; sourceTree = "<group>"; };
		1B0B34181DAB20C60053CAB5 /* SQLManager.m */ = {isa = PBXFileReference; fileEncoding = 4; lastKnownFileType = sourcecode.c.objc; path = SQLManager.m; sourceTree = "<group>"; };
		1B0B341A1DAB20C60053CAB5 /* WiFiUploadHTTPConnection.h */ = {isa = PBXFileReference; fileEncoding = 4; lastKnownFileType = sourcecode.c.h; path = WiFiUploadHTTPConnection.h; sourceTree = "<group>"; };
		1B0B341B1DAB20C60053CAB5 /* WiFiUploadHTTPConnection.m */ = {isa = PBXFileReference; fileEncoding = 4; lastKnownFileType = sourcecode.c.objc; path = WiFiUploadHTTPConnection.m; sourceTree = "<group>"; };
		1B0B341C1DAB20C60053CAB5 /* WiFiUploadManager.h */ = {isa = PBXFileReference; fileEncoding = 4; lastKnownFileType = sourcecode.c.h; path = WiFiUploadManager.h; sourceTree = "<group>"; };
		1B0B341D1DAB20C60053CAB5 /* WiFiUploadManager.m */ = {isa = PBXFileReference; fileEncoding = 4; lastKnownFileType = sourcecode.c.objc; path = WiFiUploadManager.m; sourceTree = "<group>"; };
		1B0B341E1DAB20C60053CAB5 /* WiFiUploadViewController.h */ = {isa = PBXFileReference; fileEncoding = 4; lastKnownFileType = sourcecode.c.h; path = WiFiUploadViewController.h; sourceTree = "<group>"; };
		1B0B341F1DAB20C60053CAB5 /* WiFiUploadViewController.m */ = {isa = PBXFileReference; fileEncoding = 4; lastKnownFileType = sourcecode.c.objc; path = WiFiUploadViewController.m; sourceTree = "<group>"; };
		1B0B34301DAB2F0F0053CAB5 /* UserViewController.h */ = {isa = PBXFileReference; fileEncoding = 4; lastKnownFileType = sourcecode.c.h; path = UserViewController.h; sourceTree = "<group>"; };
		1B0B34311DAB2F0F0053CAB5 /* UserViewController.m */ = {isa = PBXFileReference; fileEncoding = 4; lastKnownFileType = sourcecode.c.objc; path = UserViewController.m; sourceTree = "<group>"; };
		1B0B34351DAB2F840053CAB5 /* FuturesModel.h */ = {isa = PBXFileReference; fileEncoding = 4; lastKnownFileType = sourcecode.c.h; path = FuturesModel.h; sourceTree = "<group>"; };
		1B0B34361DAB2F840053CAB5 /* FuturesModel.m */ = {isa = PBXFileReference; fileEncoding = 4; lastKnownFileType = sourcecode.c.objc; path = FuturesModel.m; sourceTree = "<group>"; };
		1B0B34381DAB30A20053CAB5 /* HomeViewController.h */ = {isa = PBXFileReference; fileEncoding = 4; lastKnownFileType = sourcecode.c.h; path = HomeViewController.h; sourceTree = "<group>"; };
		1B0B34391DAB30A20053CAB5 /* HomeViewController.m */ = {isa = PBXFileReference; fileEncoding = 4; lastKnownFileType = sourcecode.c.objc; path = HomeViewController.m; sourceTree = "<group>"; };
		1B0B343C1DAB30B30053CAB5 /* LineView.h */ = {isa = PBXFileReference; fileEncoding = 4; lastKnownFileType = sourcecode.c.h; path = LineView.h; sourceTree = "<group>"; };
		1B0B343D1DAB30B30053CAB5 /* LineView.m */ = {isa = PBXFileReference; fileEncoding = 4; lastKnownFileType = sourcecode.c.objc; path = LineView.m; sourceTree = "<group>"; };
		1B0B34421DAB3E150053CAB5 /* PLPlayerViewController.h */ = {isa = PBXFileReference; fileEncoding = 4; lastKnownFileType = sourcecode.c.h; path = PLPlayerViewController.h; sourceTree = "<group>"; };
		1B0B34431DAB3E150053CAB5 /* PLPlayerViewController.m */ = {isa = PBXFileReference; fileEncoding = 4; lastKnownFileType = sourcecode.c.objc; path = PLPlayerViewController.m; sourceTree = "<group>"; };
		1B1148E51D9A499A004817B1 /* libz.tbd */ = {isa = PBXFileReference; lastKnownFileType = "sourcecode.text-based-dylib-definition"; name = libz.tbd; path = usr/lib/libz.tbd; sourceTree = SDKROOT; };
		1B3492431D93A804005C4800 /* index.html */ = {isa = PBXFileReference; fileEncoding = 4; lastKnownFileType = text.html; path = index.html; sourceTree = "<group>"; };
		1B3492441D93A804005C4800 /* upload.html */ = {isa = PBXFileReference; fileEncoding = 4; lastKnownFileType = text.html; path = upload.html; sourceTree = "<group>"; };
		1B3CFA9A1DAC8E8800DA2661 /* BHBDrawBoarderView.h */ = {isa = PBXFileReference; fileEncoding = 4; lastKnownFileType = sourcecode.c.h; path = BHBDrawBoarderView.h; sourceTree = "<group>"; };
		1B3CFA9B1DAC8E8800DA2661 /* BHBDrawBoarderView.m */ = {isa = PBXFileReference; fileEncoding = 4; lastKnownFileType = sourcecode.c.objc; path = BHBDrawBoarderView.m; sourceTree = "<group>"; };
		1B3CFA9C1DAC8E8800DA2661 /* BHBMyDrawer.h */ = {isa = PBXFileReference; fileEncoding = 4; lastKnownFileType = sourcecode.c.h; path = BHBMyDrawer.h; sourceTree = "<group>"; };
		1B3CFA9D1DAC8E8800DA2661 /* BHBMyDrawer.m */ = {isa = PBXFileReference; fileEncoding = 4; lastKnownFileType = sourcecode.c.objc; path = BHBMyDrawer.m; sourceTree = "<group>"; };
		1B3CFA9E1DAC8E8800DA2661 /* BHBPaintPath.h */ = {isa = PBXFileReference; fileEncoding = 4; lastKnownFileType = sourcecode.c.h; path = BHBPaintPath.h; sourceTree = "<group>"; };
		1B3CFA9F1DAC8E8800DA2661 /* BHBPaintPath.m */ = {isa = PBXFileReference; fileEncoding = 4; lastKnownFileType = sourcecode.c.objc; path = BHBPaintPath.m; sourceTree = "<group>"; };
		1B3CFAA01DAC8E8800DA2661 /* BHBScrollView.h */ = {isa = PBXFileReference; fileEncoding = 4; lastKnownFileType = sourcecode.c.h; path = BHBScrollView.h; sourceTree = "<group>"; };
		1B3CFAA11DAC8E8800DA2661 /* BHBScrollView.m */ = {isa = PBXFileReference; fileEncoding = 4; lastKnownFileType = sourcecode.c.objc; path = BHBScrollView.m; sourceTree = "<group>"; };
		1B6E7DAD1DAB889F006F058B /* AppConfiguration.h */ = {isa = PBXFileReference; lastKnownFileType = sourcecode.c.h; path = AppConfiguration.h; sourceTree = "<group>"; };
		1B6E7DAE1DAB8941006F058B /* BaseViewController.h */ = {isa = PBXFileReference; fileEncoding = 4; lastKnownFileType = sourcecode.c.h; path = BaseViewController.h; sourceTree = "<group>"; };
		1B6E7DAF1DAB8941006F058B /* BaseViewController.m */ = {isa = PBXFileReference; fileEncoding = 4; lastKnownFileType = sourcecode.c.objc; path = BaseViewController.m; sourceTree = "<group>"; };
		1B6E7DB11DAB8FBD006F058B /* UserModel.h */ = {isa = PBXFileReference; fileEncoding = 4; lastKnownFileType = sourcecode.c.h; path = UserModel.h; sourceTree = "<group>"; };
		1B6E7DB21DAB8FBD006F058B /* UserModel.m */ = {isa = PBXFileReference; fileEncoding = 4; lastKnownFileType = sourcecode.c.objc; path = UserModel.m; sourceTree = "<group>"; };
		1B6E7DB41DAB91FD006F058B /* UserListViewCell.h */ = {isa = PBXFileReference; fileEncoding = 4; lastKnownFileType = sourcecode.c.h; path = UserListViewCell.h; sourceTree = "<group>"; };
		1B6E7DB51DAB91FD006F058B /* UserListViewCell.m */ = {isa = PBXFileReference; fileEncoding = 4; lastKnownFileType = sourcecode.c.objc; path = UserListViewCell.m; sourceTree = "<group>"; };
		1B6E7DB61DAB91FD006F058B /* UserListViewCell.xib */ = {isa = PBXFileReference; fileEncoding = 4; lastKnownFileType = file.xib; path = UserListViewCell.xib; sourceTree = "<group>"; };
		1BD176191D9A73D300C28051 /* TabBarViewController.h */ = {isa = PBXFileReference; fileEncoding = 4; lastKnownFileType = sourcecode.c.h; path = TabBarViewController.h; sourceTree = "<group>"; };
		1BD1761A1D9A73D300C28051 /* TabBarViewController.m */ = {isa = PBXFileReference; fileEncoding = 4; lastKnownFileType = sourcecode.c.objc; path = TabBarViewController.m; sourceTree = "<group>"; };
		1BF7F6C31D92492200F8E5B1 /* LearnSth.app */ = {isa = PBXFileReference; explicitFileType = wrapper.application; includeInIndex = 0; path = LearnSth.app; sourceTree = BUILT_PRODUCTS_DIR; };
		1BF7F6C71D92492200F8E5B1 /* main.m */ = {isa = PBXFileReference; lastKnownFileType = sourcecode.c.objc; path = main.m; sourceTree = "<group>"; };
		1BF7F6D01D92492200F8E5B1 /* Base */ = {isa = PBXFileReference; lastKnownFileType = file.storyboard; name = Base; path = Base.lproj/Main.storyboard; sourceTree = "<group>"; };
		1BF7F6D21D92492200F8E5B1 /* Assets.xcassets */ = {isa = PBXFileReference; lastKnownFileType = folder.assetcatalog; path = Assets.xcassets; sourceTree = "<group>"; };
		1BF7F6D51D92492200F8E5B1 /* Base */ = {isa = PBXFileReference; lastKnownFileType = file.storyboard; name = Base; path = Base.lproj/LaunchScreen.storyboard; sourceTree = "<group>"; };
		1BF7F6D71D92492200F8E5B1 /* Info.plist */ = {isa = PBXFileReference; lastKnownFileType = text.plist.xml; path = Info.plist; sourceTree = "<group>"; };
		1BF7F6DC1D92492200F8E5B1 /* LearnSthTests.xctest */ = {isa = PBXFileReference; explicitFileType = wrapper.cfbundle; includeInIndex = 0; path = LearnSthTests.xctest; sourceTree = BUILT_PRODUCTS_DIR; };
		1BF7F6E01D92492200F8E5B1 /* LearnSthTests.m */ = {isa = PBXFileReference; lastKnownFileType = sourcecode.c.objc; path = LearnSthTests.m; sourceTree = "<group>"; };
		1BF7F6E21D92492200F8E5B1 /* Info.plist */ = {isa = PBXFileReference; lastKnownFileType = text.plist.xml; path = Info.plist; sourceTree = "<group>"; };
		1BF7F6E71D92492200F8E5B1 /* LearnSthUITests.xctest */ = {isa = PBXFileReference; explicitFileType = wrapper.cfbundle; includeInIndex = 0; path = LearnSthUITests.xctest; sourceTree = BUILT_PRODUCTS_DIR; };
		1BF7F6EB1D92492200F8E5B1 /* LearnSthUITests.m */ = {isa = PBXFileReference; lastKnownFileType = sourcecode.c.objc; path = LearnSthUITests.m; sourceTree = "<group>"; };
		1BF7F6ED1D92492200F8E5B1 /* Info.plist */ = {isa = PBXFileReference; lastKnownFileType = text.plist.xml; path = Info.plist; sourceTree = "<group>"; };
		1BF7F6FB1D924BE500F8E5B1 /* AppDelegate.h */ = {isa = PBXFileReference; fileEncoding = 4; lastKnownFileType = sourcecode.c.h; path = AppDelegate.h; sourceTree = "<group>"; };
		1BF7F6FC1D924BE500F8E5B1 /* AppDelegate.m */ = {isa = PBXFileReference; fileEncoding = 4; lastKnownFileType = sourcecode.c.objc; path = AppDelegate.m; sourceTree = "<group>"; };
		413E9A348DDB24CA8FE6A54E /* Pods-LearnSth.release.xcconfig */ = {isa = PBXFileReference; includeInIndex = 1; lastKnownFileType = text.xcconfig; name = "Pods-LearnSth.release.xcconfig"; path = "Pods/Target Support Files/Pods-LearnSth/Pods-LearnSth.release.xcconfig"; sourceTree = "<group>"; };
		CF97EBC71DAA49D600E1EDD7 /* TableViewController.h */ = {isa = PBXFileReference; fileEncoding = 4; lastKnownFileType = sourcecode.c.h; path = TableViewController.h; sourceTree = "<group>"; };
		CF97EBC81DAA49D600E1EDD7 /* TableViewController.m */ = {isa = PBXFileReference; fileEncoding = 4; lastKnownFileType = sourcecode.c.objc; path = TableViewController.m; sourceTree = "<group>"; };
		CF97EBD51DAA4A2600E1EDD7 /* LiveModel.h */ = {isa = PBXFileReference; fileEncoding = 4; lastKnownFileType = sourcecode.c.h; path = LiveModel.h; sourceTree = "<group>"; };
		CF97EBD61DAA4A2600E1EDD7 /* LiveModel.m */ = {isa = PBXFileReference; fileEncoding = 4; lastKnownFileType = sourcecode.c.objc; path = LiveModel.m; sourceTree = "<group>"; };
		CF97EBD91DAA4F0100E1EDD7 /* LiveViewController.h */ = {isa = PBXFileReference; fileEncoding = 4; lastKnownFileType = sourcecode.c.h; path = LiveViewController.h; sourceTree = "<group>"; };
		CF97EBDA1DAA4F0100E1EDD7 /* LiveViewController.m */ = {isa = PBXFileReference; fileEncoding = 4; lastKnownFileType = sourcecode.c.objc; path = LiveViewController.m; sourceTree = "<group>"; };
		E971E9F2094EB28D744E4041 /* Pods-LearnSth.debug.xcconfig */ = {isa = PBXFileReference; includeInIndex = 1; lastKnownFileType = text.xcconfig; name = "Pods-LearnSth.debug.xcconfig"; path = "Pods/Target Support Files/Pods-LearnSth/Pods-LearnSth.debug.xcconfig"; sourceTree = "<group>"; };
		F4B79FEA5584229A931479F8 /* libPods-LearnSth.a */ = {isa = PBXFileReference; explicitFileType = archive.ar; includeInIndex = 0; path = "libPods-LearnSth.a"; sourceTree = BUILT_PRODUCTS_DIR; };
/* End PBXFileReference section */

/* Begin PBXFrameworksBuildPhase section */
		1BF7F6C01D92492200F8E5B1 /* Frameworks */ = {
			isa = PBXFrameworksBuildPhase;
			buildActionMask = 2147483647;
			files = (
				1B1148E61D9A499A004817B1 /* libz.tbd in Frameworks */,
				DC70711C937E46693E11C611 /* libPods-LearnSth.a in Frameworks */,
			);
			runOnlyForDeploymentPostprocessing = 0;
		};
		1BF7F6D91D92492200F8E5B1 /* Frameworks */ = {
			isa = PBXFrameworksBuildPhase;
			buildActionMask = 2147483647;
			files = (
			);
			runOnlyForDeploymentPostprocessing = 0;
		};
		1BF7F6E41D92492200F8E5B1 /* Frameworks */ = {
			isa = PBXFrameworksBuildPhase;
			buildActionMask = 2147483647;
			files = (
			);
			runOnlyForDeploymentPostprocessing = 0;
		};
/* End PBXFrameworksBuildPhase section */

/* Begin PBXGroup section */
		1B0B34141DAB207E0053CAB5 /* manager */ = {
			isa = PBXGroup;
			children = (
				1B0B34151DAB20C60053CAB5 /* HttpRequestManager.h */,
				1B0B34161DAB20C60053CAB5 /* HttpRequestManager.m */,
				1B0B34171DAB20C60053CAB5 /* SQLManager.h */,
				1B0B34181DAB20C60053CAB5 /* SQLManager.m */,
				1B0B34191DAB20C60053CAB5 /* WiFiUpload */,
			);
			path = manager;
			sourceTree = "<group>";
		};
		1B0B34191DAB20C60053CAB5 /* WiFiUpload */ = {
			isa = PBXGroup;
			children = (
				1B0B341A1DAB20C60053CAB5 /* WiFiUploadHTTPConnection.h */,
				1B0B341B1DAB20C60053CAB5 /* WiFiUploadHTTPConnection.m */,
				1B0B341C1DAB20C60053CAB5 /* WiFiUploadManager.h */,
				1B0B341D1DAB20C60053CAB5 /* WiFiUploadManager.m */,
				1B0B341E1DAB20C60053CAB5 /* WiFiUploadViewController.h */,
				1B0B341F1DAB20C60053CAB5 /* WiFiUploadViewController.m */,
			);
			path = WiFiUpload;
			sourceTree = "<group>";
		};
		1B0B342E1DAB2ED60053CAB5 /* userCenter */ = {
			isa = PBXGroup;
			children = (
				1B0B342F1DAB2ED60053CAB5 /* controller */,
			);
			path = userCenter;
			sourceTree = "<group>";
		};
		1B0B342F1DAB2ED60053CAB5 /* controller */ = {
			isa = PBXGroup;
			children = (
				1B0B34301DAB2F0F0053CAB5 /* UserViewController.h */,
				1B0B34311DAB2F0F0053CAB5 /* UserViewController.m */,
			);
			path = controller;
			sourceTree = "<group>";
		};
		1B0B34331DAB2F5B0053CAB5 /* controller */ = {
			isa = PBXGroup;
			children = (
				1B0B34381DAB30A20053CAB5 /* HomeViewController.h */,
				1B0B34391DAB30A20053CAB5 /* HomeViewController.m */,
			);
			path = controller;
			sourceTree = "<group>";
		};
		1B0B34341DAB2F5B0053CAB5 /* model */ = {
			isa = PBXGroup;
			children = (
				1B0B34351DAB2F840053CAB5 /* FuturesModel.h */,
				1B0B34361DAB2F840053CAB5 /* FuturesModel.m */,
				1B6E7DB11DAB8FBD006F058B /* UserModel.h */,
				1B6E7DB21DAB8FBD006F058B /* UserModel.m */,
			);
			path = model;
			sourceTree = "<group>";
		};
		1B0B343B1DAB30B30053CAB5 /* view */ = {
			isa = PBXGroup;
			children = (
				1B0B343C1DAB30B30053CAB5 /* LineView.h */,
				1B0B343D1DAB30B30053CAB5 /* LineView.m */,
				1B6E7DB41DAB91FD006F058B /* UserListViewCell.h */,
				1B6E7DB51DAB91FD006F058B /* UserListViewCell.m */,
				1B6E7DB61DAB91FD006F058B /* UserListViewCell.xib */,
			);
			path = view;
			sourceTree = "<group>";
		};
		1B3492421D93A804005C4800 /* Web */ = {
			isa = PBXGroup;
			children = (
				1B3492431D93A804005C4800 /* index.html */,
				1B3492441D93A804005C4800 /* upload.html */,
			);
			path = Web;
			sourceTree = "<group>";
		};
		1B3CFA981DAC8E8800DA2661 /* utils */ = {
			isa = PBXGroup;
			children = (
				1B3CFA991DAC8E8800DA2661 /* BHBDrawBoarder */,
			);
			path = utils;
			sourceTree = "<group>";
		};
		1B3CFA991DAC8E8800DA2661 /* BHBDrawBoarder */ = {
			isa = PBXGroup;
			children = (
				1B3CFA9A1DAC8E8800DA2661 /* BHBDrawBoarderView.h */,
				1B3CFA9B1DAC8E8800DA2661 /* BHBDrawBoarderView.m */,
				1B3CFA9C1DAC8E8800DA2661 /* BHBMyDrawer.h */,
				1B3CFA9D1DAC8E8800DA2661 /* BHBMyDrawer.m */,
				1B3CFA9E1DAC8E8800DA2661 /* BHBPaintPath.h */,
				1B3CFA9F1DAC8E8800DA2661 /* BHBPaintPath.m */,
				1B3CFAA01DAC8E8800DA2661 /* BHBScrollView.h */,
				1B3CFAA11DAC8E8800DA2661 /* BHBScrollView.m */,
			);
			path = BHBDrawBoarder;
			sourceTree = "<group>";
		};
		1BF7F6BA1D92492200F8E5B1 = {
			isa = PBXGroup;
			children = (
				1BF7F6C51D92492200F8E5B1 /* LearnSth */,
				1BF7F6DF1D92492200F8E5B1 /* LearnSthTests */,
				1BF7F6EA1D92492200F8E5B1 /* LearnSthUITests */,
				1BF7F6C41D92492200F8E5B1 /* Products */,
				3FB33C495512F7CBF308965E /* Pods */,
				F88C22F665434B573DDEE7FC /* Frameworks */,
			);
			sourceTree = "<group>";
		};
		1BF7F6C41D92492200F8E5B1 /* Products */ = {
			isa = PBXGroup;
			children = (
				1BF7F6C31D92492200F8E5B1 /* LearnSth.app */,
				1BF7F6DC1D92492200F8E5B1 /* LearnSthTests.xctest */,
				1BF7F6E71D92492200F8E5B1 /* LearnSthUITests.xctest */,
			);
			name = Products;
			sourceTree = "<group>";
		};
		1BF7F6C51D92492200F8E5B1 /* LearnSth */ = {
			isa = PBXGroup;
			children = (
				1BF7F6FA1D924BE500F8E5B1 /* AppDelegate */,
				1BF7F7011D924C5100F8E5B1 /* controller */,
				1B0B34141DAB207E0053CAB5 /* manager */,
				1BF7F6C61D92492200F8E5B1 /* Supporting Files */,
				1B3CFA981DAC8E8800DA2661 /* utils */,
				1B3492421D93A804005C4800 /* Web */,
			);
			path = LearnSth;
			sourceTree = "<group>";
		};
		1BF7F6C61D92492200F8E5B1 /* Supporting Files */ = {
			isa = PBXGroup;
			children = (
				1BF7F6CF1D92492200F8E5B1 /* Main.storyboard */,
				1BF7F6D21D92492200F8E5B1 /* Assets.xcassets */,
				1BF7F6D41D92492200F8E5B1 /* LaunchScreen.storyboard */,
				1BF7F6D71D92492200F8E5B1 /* Info.plist */,
				1BF7F6C71D92492200F8E5B1 /* main.m */,
			);
			name = "Supporting Files";
			sourceTree = "<group>";
		};
		1BF7F6DF1D92492200F8E5B1 /* LearnSthTests */ = {
			isa = PBXGroup;
			children = (
				1BF7F6E01D92492200F8E5B1 /* LearnSthTests.m */,
				1BF7F6E21D92492200F8E5B1 /* Info.plist */,
			);
			path = LearnSthTests;
			sourceTree = "<group>";
		};
		1BF7F6EA1D92492200F8E5B1 /* LearnSthUITests */ = {
			isa = PBXGroup;
			children = (
				1BF7F6EB1D92492200F8E5B1 /* LearnSthUITests.m */,
				1BF7F6ED1D92492200F8E5B1 /* Info.plist */,
			);
			path = LearnSthUITests;
			sourceTree = "<group>";
		};
		1BF7F6FA1D924BE500F8E5B1 /* AppDelegate */ = {
			isa = PBXGroup;
			children = (
				1BF7F6FB1D924BE500F8E5B1 /* AppDelegate.h */,
				1BF7F6FC1D924BE500F8E5B1 /* AppDelegate.m */,
				1BD176191D9A73D300C28051 /* TabBarViewController.h */,
				1BD1761A1D9A73D300C28051 /* TabBarViewController.m */,
				1B6E7DAD1DAB889F006F058B /* AppConfiguration.h */,
				1B6E7DAE1DAB8941006F058B /* BaseViewController.h */,
				1B6E7DAF1DAB8941006F058B /* BaseViewController.m */,
			);
			path = AppDelegate;
			sourceTree = "<group>";
		};
		1BF7F7011D924C5100F8E5B1 /* controller */ = {
			isa = PBXGroup;
			children = (
				CF97EBC61DAA49D600E1EDD7 /* home */,
				CF97EBCB1DAA49D600E1EDD7 /* live */,
				1B0B342E1DAB2ED60053CAB5 /* userCenter */,
			);
			path = controller;
			sourceTree = "<group>";
		};
		3FB33C495512F7CBF308965E /* Pods */ = {
			isa = PBXGroup;
			children = (
				E971E9F2094EB28D744E4041 /* Pods-LearnSth.debug.xcconfig */,
				413E9A348DDB24CA8FE6A54E /* Pods-LearnSth.release.xcconfig */,
			);
			name = Pods;
			sourceTree = "<group>";
		};
		CF97EBC61DAA49D600E1EDD7 /* home */ = {
			isa = PBXGroup;
			children = (
				1B0B34331DAB2F5B0053CAB5 /* controller */,
				1B0B34341DAB2F5B0053CAB5 /* model */,
				CF97EBC71DAA49D600E1EDD7 /* TableViewController.h */,
				CF97EBC81DAA49D600E1EDD7 /* TableViewController.m */,
				1B0B343B1DAB30B30053CAB5 /* view */,
			);
			path = home;
			sourceTree = "<group>";
		};
		CF97EBCB1DAA49D600E1EDD7 /* live */ = {
			isa = PBXGroup;
			children = (
				CF97EBD81DAA4F0100E1EDD7 /* controller */,
				CF97EBD31DAA49F300E1EDD7 /* model */,
			);
			path = live;
			sourceTree = "<group>";
		};
		CF97EBD31DAA49F300E1EDD7 /* model */ = {
			isa = PBXGroup;
			children = (
				CF97EBD51DAA4A2600E1EDD7 /* LiveModel.h */,
				CF97EBD61DAA4A2600E1EDD7 /* LiveModel.m */,
			);
			path = model;
			sourceTree = "<group>";
		};
		CF97EBD81DAA4F0100E1EDD7 /* controller */ = {
			isa = PBXGroup;
			children = (
				CF97EBD91DAA4F0100E1EDD7 /* LiveViewController.h */,
				CF97EBDA1DAA4F0100E1EDD7 /* LiveViewController.m */,
				1B0B34421DAB3E150053CAB5 /* PLPlayerViewController.h */,
				1B0B34431DAB3E150053CAB5 /* PLPlayerViewController.m */,
			);
			path = controller;
			sourceTree = "<group>";
		};
		F88C22F665434B573DDEE7FC /* Frameworks */ = {
			isa = PBXGroup;
			children = (
				1B1148E51D9A499A004817B1 /* libz.tbd */,
				F4B79FEA5584229A931479F8 /* libPods-LearnSth.a */,
			);
			name = Frameworks;
			sourceTree = "<group>";
		};
/* End PBXGroup section */

/* Begin PBXNativeTarget section */
		1BF7F6C21D92492200F8E5B1 /* LearnSth */ = {
			isa = PBXNativeTarget;
			buildConfigurationList = 1BF7F6F01D92492200F8E5B1 /* Build configuration list for PBXNativeTarget "LearnSth" */;
			buildPhases = (
				2936023783FBFB02707EDA69 /* [CP] Check Pods Manifest.lock */,
				1BF7F6BF1D92492200F8E5B1 /* Sources */,
				1BF7F6C01D92492200F8E5B1 /* Frameworks */,
				1BF7F6C11D92492200F8E5B1 /* Resources */,
				1C6F2A04721CBCE92ADF0811 /* [CP] Embed Pods Frameworks */,
				84EAB8159764C26CAB90A78D /* [CP] Copy Pods Resources */,
			);
			buildRules = (
			);
			dependencies = (
			);
			name = LearnSth;
			productName = LearnSth;
			productReference = 1BF7F6C31D92492200F8E5B1 /* LearnSth.app */;
			productType = "com.apple.product-type.application";
		};
		1BF7F6DB1D92492200F8E5B1 /* LearnSthTests */ = {
			isa = PBXNativeTarget;
			buildConfigurationList = 1BF7F6F31D92492200F8E5B1 /* Build configuration list for PBXNativeTarget "LearnSthTests" */;
			buildPhases = (
				1BF7F6D81D92492200F8E5B1 /* Sources */,
				1BF7F6D91D92492200F8E5B1 /* Frameworks */,
				1BF7F6DA1D92492200F8E5B1 /* Resources */,
			);
			buildRules = (
			);
			dependencies = (
				1BF7F6DE1D92492200F8E5B1 /* PBXTargetDependency */,
			);
			name = LearnSthTests;
			productName = LearnSthTests;
			productReference = 1BF7F6DC1D92492200F8E5B1 /* LearnSthTests.xctest */;
			productType = "com.apple.product-type.bundle.unit-test";
		};
		1BF7F6E61D92492200F8E5B1 /* LearnSthUITests */ = {
			isa = PBXNativeTarget;
			buildConfigurationList = 1BF7F6F61D92492200F8E5B1 /* Build configuration list for PBXNativeTarget "LearnSthUITests" */;
			buildPhases = (
				1BF7F6E31D92492200F8E5B1 /* Sources */,
				1BF7F6E41D92492200F8E5B1 /* Frameworks */,
				1BF7F6E51D92492200F8E5B1 /* Resources */,
			);
			buildRules = (
			);
			dependencies = (
				1BF7F6E91D92492200F8E5B1 /* PBXTargetDependency */,
			);
			name = LearnSthUITests;
			productName = LearnSthUITests;
			productReference = 1BF7F6E71D92492200F8E5B1 /* LearnSthUITests.xctest */;
			productType = "com.apple.product-type.bundle.ui-testing";
		};
/* End PBXNativeTarget section */

/* Begin PBXProject section */
		1BF7F6BB1D92492200F8E5B1 /* Project object */ = {
			isa = PBXProject;
			attributes = {
				LastUpgradeCheck = 0800;
				ORGANIZATIONNAME = "丁鹏飞";
				TargetAttributes = {
					1BF7F6C21D92492200F8E5B1 = {
						CreatedOnToolsVersion = 8.0;
						DevelopmentTeam = 667L3Y3D6H;
						ProvisioningStyle = Automatic;
					};
					1BF7F6DB1D92492200F8E5B1 = {
						CreatedOnToolsVersion = 8.0;
						ProvisioningStyle = Automatic;
						TestTargetID = 1BF7F6C21D92492200F8E5B1;
					};
					1BF7F6E61D92492200F8E5B1 = {
						CreatedOnToolsVersion = 8.0;
						ProvisioningStyle = Automatic;
						TestTargetID = 1BF7F6C21D92492200F8E5B1;
					};
				};
			};
			buildConfigurationList = 1BF7F6BE1D92492200F8E5B1 /* Build configuration list for PBXProject "LearnSth" */;
			compatibilityVersion = "Xcode 3.2";
			developmentRegion = English;
			hasScannedForEncodings = 0;
			knownRegions = (
				en,
				Base,
			);
			mainGroup = 1BF7F6BA1D92492200F8E5B1;
			productRefGroup = 1BF7F6C41D92492200F8E5B1 /* Products */;
			projectDirPath = "";
			projectRoot = "";
			targets = (
				1BF7F6C21D92492200F8E5B1 /* LearnSth */,
				1BF7F6DB1D92492200F8E5B1 /* LearnSthTests */,
				1BF7F6E61D92492200F8E5B1 /* LearnSthUITests */,
			);
		};
/* End PBXProject section */

/* Begin PBXResourcesBuildPhase section */
		1BF7F6C11D92492200F8E5B1 /* Resources */ = {
			isa = PBXResourcesBuildPhase;
			buildActionMask = 2147483647;
			files = (
				1BF7F6D61D92492200F8E5B1 /* LaunchScreen.storyboard in Resources */,
				1B6E7DB81DAB91FD006F058B /* UserListViewCell.xib in Resources */,
				1B3492461D93A804005C4800 /* upload.html in Resources */,
				1B3492451D93A804005C4800 /* index.html in Resources */,
				1BF7F6D31D92492200F8E5B1 /* Assets.xcassets in Resources */,
				1BF7F6D11D92492200F8E5B1 /* Main.storyboard in Resources */,
			);
			runOnlyForDeploymentPostprocessing = 0;
		};
		1BF7F6DA1D92492200F8E5B1 /* Resources */ = {
			isa = PBXResourcesBuildPhase;
			buildActionMask = 2147483647;
			files = (
			);
			runOnlyForDeploymentPostprocessing = 0;
		};
		1BF7F6E51D92492200F8E5B1 /* Resources */ = {
			isa = PBXResourcesBuildPhase;
			buildActionMask = 2147483647;
			files = (
			);
			runOnlyForDeploymentPostprocessing = 0;
		};
/* End PBXResourcesBuildPhase section */

/* Begin PBXShellScriptBuildPhase section */
		1C6F2A04721CBCE92ADF0811 /* [CP] Embed Pods Frameworks */ = {
			isa = PBXShellScriptBuildPhase;
			buildActionMask = 2147483647;
			files = (
			);
			inputPaths = (
			);
			name = "[CP] Embed Pods Frameworks";
			outputPaths = (
			);
			runOnlyForDeploymentPostprocessing = 0;
			shellPath = /bin/sh;
			shellScript = "\"${SRCROOT}/Pods/Target Support Files/Pods-LearnSth/Pods-LearnSth-frameworks.sh\"\n";
			showEnvVarsInLog = 0;
		};
		2936023783FBFB02707EDA69 /* [CP] Check Pods Manifest.lock */ = {
			isa = PBXShellScriptBuildPhase;
			buildActionMask = 2147483647;
			files = (
			);
			inputPaths = (
			);
			name = "[CP] Check Pods Manifest.lock";
			outputPaths = (
			);
			runOnlyForDeploymentPostprocessing = 0;
			shellPath = /bin/sh;
			shellScript = "diff \"${PODS_ROOT}/../Podfile.lock\" \"${PODS_ROOT}/Manifest.lock\" > /dev/null\nif [[ $? != 0 ]] ; then\n    cat << EOM\nerror: The sandbox is not in sync with the Podfile.lock. Run 'pod install' or update your CocoaPods installation.\nEOM\n    exit 1\nfi\n";
			showEnvVarsInLog = 0;
		};
		84EAB8159764C26CAB90A78D /* [CP] Copy Pods Resources */ = {
			isa = PBXShellScriptBuildPhase;
			buildActionMask = 2147483647;
			files = (
			);
			inputPaths = (
			);
			name = "[CP] Copy Pods Resources";
			outputPaths = (
			);
			runOnlyForDeploymentPostprocessing = 0;
			shellPath = /bin/sh;
			shellScript = "\"${SRCROOT}/Pods/Target Support Files/Pods-LearnSth/Pods-LearnSth-resources.sh\"\n";
			showEnvVarsInLog = 0;
		};
/* End PBXShellScriptBuildPhase section */

/* Begin PBXSourcesBuildPhase section */
		1BF7F6BF1D92492200F8E5B1 /* Sources */ = {
			isa = PBXSourcesBuildPhase;
			buildActionMask = 2147483647;
			files = (
				1B0B343A1DAB30A20053CAB5 /* HomeViewController.m in Sources */,
				1BD1761B1D9A73D300C28051 /* TabBarViewController.m in Sources */,
				1B0B343E1DAB30B30053CAB5 /* LineView.m in Sources */,
				1B3CFAA51DAC8E8800DA2661 /* BHBScrollView.m in Sources */,
				1B0B34241DAB20C60053CAB5 /* WiFiUploadViewController.m in Sources */,
				CF97EBCF1DAA49D600E1EDD7 /* TableViewController.m in Sources */,
				1B0B34201DAB20C60053CAB5 /* HttpRequestManager.m in Sources */,
				1B0B34221DAB20C60053CAB5 /* WiFiUploadHTTPConnection.m in Sources */,
				1B3CFAA21DAC8E8800DA2661 /* BHBDrawBoarderView.m in Sources */,
				1B6E7DB01DAB8941006F058B /* BaseViewController.m in Sources */,
				1B6E7DB31DAB8FBD006F058B /* UserModel.m in Sources */,
				1BF7F6C81D92492200F8E5B1 /* main.m in Sources */,
				1B0B34321DAB2F0F0053CAB5 /* UserViewController.m in Sources */,
				1B0B34371DAB2F840053CAB5 /* FuturesModel.m in Sources */,
				CF97EBD71DAA4A2600E1EDD7 /* LiveModel.m in Sources */,
				1B3CFAA41DAC8E8800DA2661 /* BHBPaintPath.m in Sources */,
				1B0B34441DAB3E150053CAB5 /* PLPlayerViewController.m in Sources */,
				CF97EBDE1DAA4F0100E1EDD7 /* LiveViewController.m in Sources */,
				1B0B34231DAB20C60053CAB5 /* WiFiUploadManager.m in Sources */,
				1B0B34211DAB20C60053CAB5 /* SQLManager.m in Sources */,
				1B6E7DB71DAB91FD006F058B /* UserListViewCell.m in Sources */,
				1BF7F6FD1D924BE500F8E5B1 /* AppDelegate.m in Sources */,
				1B3CFAA31DAC8E8800DA2661 /* BHBMyDrawer.m in Sources */,
			);
			runOnlyForDeploymentPostprocessing = 0;
		};
		1BF7F6D81D92492200F8E5B1 /* Sources */ = {
			isa = PBXSourcesBuildPhase;
			buildActionMask = 2147483647;
			files = (
				1BF7F6E11D92492200F8E5B1 /* LearnSthTests.m in Sources */,
			);
			runOnlyForDeploymentPostprocessing = 0;
		};
		1BF7F6E31D92492200F8E5B1 /* Sources */ = {
			isa = PBXSourcesBuildPhase;
			buildActionMask = 2147483647;
			files = (
				1BF7F6EC1D92492200F8E5B1 /* LearnSthUITests.m in Sources */,
			);
			runOnlyForDeploymentPostprocessing = 0;
		};
/* End PBXSourcesBuildPhase section */

/* Begin PBXTargetDependency section */
		1BF7F6DE1D92492200F8E5B1 /* PBXTargetDependency */ = {
			isa = PBXTargetDependency;
			target = 1BF7F6C21D92492200F8E5B1 /* LearnSth */;
			targetProxy = 1BF7F6DD1D92492200F8E5B1 /* PBXContainerItemProxy */;
		};
		1BF7F6E91D92492200F8E5B1 /* PBXTargetDependency */ = {
			isa = PBXTargetDependency;
			target = 1BF7F6C21D92492200F8E5B1 /* LearnSth */;
			targetProxy = 1BF7F6E81D92492200F8E5B1 /* PBXContainerItemProxy */;
		};
/* End PBXTargetDependency section */

/* Begin PBXVariantGroup section */
		1BF7F6CF1D92492200F8E5B1 /* Main.storyboard */ = {
			isa = PBXVariantGroup;
			children = (
				1BF7F6D01D92492200F8E5B1 /* Base */,
			);
			name = Main.storyboard;
			sourceTree = "<group>";
		};
		1BF7F6D41D92492200F8E5B1 /* LaunchScreen.storyboard */ = {
			isa = PBXVariantGroup;
			children = (
				1BF7F6D51D92492200F8E5B1 /* Base */,
			);
			name = LaunchScreen.storyboard;
			sourceTree = "<group>";
		};
/* End PBXVariantGroup section */

/* Begin XCBuildConfiguration section */
		1BF7F6EE1D92492200F8E5B1 /* Debug */ = {
			isa = XCBuildConfiguration;
			buildSettings = {
				ALWAYS_SEARCH_USER_PATHS = NO;
				CLANG_ANALYZER_NONNULL = YES;
				CLANG_CXX_LANGUAGE_STANDARD = "gnu++0x";
				CLANG_CXX_LIBRARY = "libc++";
				CLANG_ENABLE_MODULES = YES;
				CLANG_ENABLE_OBJC_ARC = YES;
				CLANG_WARN_BOOL_CONVERSION = YES;
				CLANG_WARN_CONSTANT_CONVERSION = YES;
				CLANG_WARN_DIRECT_OBJC_ISA_USAGE = YES_ERROR;
				CLANG_WARN_DOCUMENTATION_COMMENTS = YES;
				CLANG_WARN_EMPTY_BODY = YES;
				CLANG_WARN_ENUM_CONVERSION = YES;
				CLANG_WARN_INFINITE_RECURSION = YES;
				CLANG_WARN_INT_CONVERSION = YES;
				CLANG_WARN_OBJC_ROOT_CLASS = YES_ERROR;
				CLANG_WARN_SUSPICIOUS_MOVE = YES;
				CLANG_WARN_SUSPICIOUS_MOVES = YES;
				CLANG_WARN_UNREACHABLE_CODE = YES;
				CLANG_WARN__DUPLICATE_METHOD_MATCH = YES;
				"CODE_SIGN_IDENTITY[sdk=iphoneos*]" = "iPhone Developer";
				COPY_PHASE_STRIP = NO;
				DEBUG_INFORMATION_FORMAT = dwarf;
				ENABLE_STRICT_OBJC_MSGSEND = YES;
				ENABLE_TESTABILITY = YES;
				GCC_C_LANGUAGE_STANDARD = gnu99;
				GCC_DYNAMIC_NO_PIC = NO;
				GCC_NO_COMMON_BLOCKS = YES;
				GCC_OPTIMIZATION_LEVEL = 0;
				GCC_PREPROCESSOR_DEFINITIONS = (
					"DEBUG=1",
					"$(inherited)",
				);
				GCC_WARN_64_TO_32_BIT_CONVERSION = YES;
				GCC_WARN_ABOUT_RETURN_TYPE = YES_ERROR;
				GCC_WARN_UNDECLARED_SELECTOR = YES;
				GCC_WARN_UNINITIALIZED_AUTOS = YES_AGGRESSIVE;
				GCC_WARN_UNUSED_FUNCTION = YES;
				GCC_WARN_UNUSED_VARIABLE = YES;
				IPHONEOS_DEPLOYMENT_TARGET = 10.0;
				MTL_ENABLE_DEBUG_INFO = YES;
				ONLY_ACTIVE_ARCH = YES;
				SDKROOT = iphoneos;
			};
			name = Debug;
		};
		1BF7F6EF1D92492200F8E5B1 /* Release */ = {
			isa = XCBuildConfiguration;
			buildSettings = {
				ALWAYS_SEARCH_USER_PATHS = NO;
				CLANG_ANALYZER_NONNULL = YES;
				CLANG_CXX_LANGUAGE_STANDARD = "gnu++0x";
				CLANG_CXX_LIBRARY = "libc++";
				CLANG_ENABLE_MODULES = YES;
				CLANG_ENABLE_OBJC_ARC = YES;
				CLANG_WARN_BOOL_CONVERSION = YES;
				CLANG_WARN_CONSTANT_CONVERSION = YES;
				CLANG_WARN_DIRECT_OBJC_ISA_USAGE = YES_ERROR;
				CLANG_WARN_DOCUMENTATION_COMMENTS = YES;
				CLANG_WARN_EMPTY_BODY = YES;
				CLANG_WARN_ENUM_CONVERSION = YES;
				CLANG_WARN_INFINITE_RECURSION = YES;
				CLANG_WARN_INT_CONVERSION = YES;
				CLANG_WARN_OBJC_ROOT_CLASS = YES_ERROR;
				CLANG_WARN_SUSPICIOUS_MOVE = YES;
				CLANG_WARN_SUSPICIOUS_MOVES = YES;
				CLANG_WARN_UNREACHABLE_CODE = YES;
				CLANG_WARN__DUPLICATE_METHOD_MATCH = YES;
				"CODE_SIGN_IDENTITY[sdk=iphoneos*]" = "iPhone Developer";
				COPY_PHASE_STRIP = NO;
				DEBUG_INFORMATION_FORMAT = "dwarf-with-dsym";
				ENABLE_NS_ASSERTIONS = NO;
				ENABLE_STRICT_OBJC_MSGSEND = YES;
				GCC_C_LANGUAGE_STANDARD = gnu99;
				GCC_NO_COMMON_BLOCKS = YES;
				GCC_WARN_64_TO_32_BIT_CONVERSION = YES;
				GCC_WARN_ABOUT_RETURN_TYPE = YES_ERROR;
				GCC_WARN_UNDECLARED_SELECTOR = YES;
				GCC_WARN_UNINITIALIZED_AUTOS = YES_AGGRESSIVE;
				GCC_WARN_UNUSED_FUNCTION = YES;
				GCC_WARN_UNUSED_VARIABLE = YES;
				IPHONEOS_DEPLOYMENT_TARGET = 10.0;
				MTL_ENABLE_DEBUG_INFO = NO;
				SDKROOT = iphoneos;
				VALIDATE_PRODUCT = YES;
			};
			name = Release;
		};
		1BF7F6F11D92492200F8E5B1 /* Debug */ = {
			isa = XCBuildConfiguration;
			baseConfigurationReference = E971E9F2094EB28D744E4041 /* Pods-LearnSth.debug.xcconfig */;
			buildSettings = {
				ASSETCATALOG_COMPILER_APPICON_NAME = AppIcon;
				DEVELOPMENT_TEAM = 667L3Y3D6H;
				GCC_INCREASE_PRECOMPILED_HEADER_SHARING = NO;
				INFOPLIST_FILE = LearnSth/Info.plist;
				IPHONEOS_DEPLOYMENT_TARGET = 8.0;
				LD_RUNPATH_SEARCH_PATHS = "$(inherited) @executable_path/Frameworks";
				PRODUCT_BUNDLE_IDENTIFIER = com.dpf.LearnSth;
				PRODUCT_NAME = "$(TARGET_NAME)";
			};
			name = Debug;
		};
		1BF7F6F21D92492200F8E5B1 /* Release */ = {
			isa = XCBuildConfiguration;
			baseConfigurationReference = 413E9A348DDB24CA8FE6A54E /* Pods-LearnSth.release.xcconfig */;
			buildSettings = {
				ASSETCATALOG_COMPILER_APPICON_NAME = AppIcon;
				DEVELOPMENT_TEAM = 667L3Y3D6H;
				GCC_INCREASE_PRECOMPILED_HEADER_SHARING = NO;
				INFOPLIST_FILE = LearnSth/Info.plist;
				IPHONEOS_DEPLOYMENT_TARGET = 8.0;
				LD_RUNPATH_SEARCH_PATHS = "$(inherited) @executable_path/Frameworks";
				PRODUCT_BUNDLE_IDENTIFIER = com.dpf.LearnSth;
				PRODUCT_NAME = "$(TARGET_NAME)";
			};
			name = Release;
		};
		1BF7F6F41D92492200F8E5B1 /* Debug */ = {
			isa = XCBuildConfiguration;
			buildSettings = {
				BUNDLE_LOADER = "$(TEST_HOST)";
				INFOPLIST_FILE = LearnSthTests/Info.plist;
				LD_RUNPATH_SEARCH_PATHS = "$(inherited) @executable_path/Frameworks @loader_path/Frameworks";
				PRODUCT_BUNDLE_IDENTIFIER = com.dpf.LearnSthTests;
				PRODUCT_NAME = "$(TARGET_NAME)";
				TEST_HOST = "$(BUILT_PRODUCTS_DIR)/LearnSth.app/LearnSth";
			};
			name = Debug;
		};
		1BF7F6F51D92492200F8E5B1 /* Release */ = {
			isa = XCBuildConfiguration;
			buildSettings = {
				BUNDLE_LOADER = "$(TEST_HOST)";
				INFOPLIST_FILE = LearnSthTests/Info.plist;
				LD_RUNPATH_SEARCH_PATHS = "$(inherited) @executable_path/Frameworks @loader_path/Frameworks";
				PRODUCT_BUNDLE_IDENTIFIER = com.dpf.LearnSthTests;
				PRODUCT_NAME = "$(TARGET_NAME)";
				TEST_HOST = "$(BUILT_PRODUCTS_DIR)/LearnSth.app/LearnSth";
			};
			name = Release;
		};
		1BF7F6F71D92492200F8E5B1 /* Debug */ = {
			isa = XCBuildConfiguration;
			buildSettings = {
				INFOPLIST_FILE = LearnSthUITests/Info.plist;
				LD_RUNPATH_SEARCH_PATHS = "$(inherited) @executable_path/Frameworks @loader_path/Frameworks";
				PRODUCT_BUNDLE_IDENTIFIER = com.dpf.LearnSthUITests;
				PRODUCT_NAME = "$(TARGET_NAME)";
				TEST_TARGET_NAME = LearnSth;
			};
			name = Debug;
		};
		1BF7F6F81D92492200F8E5B1 /* Release */ = {
			isa = XCBuildConfiguration;
			buildSettings = {
				INFOPLIST_FILE = LearnSthUITests/Info.plist;
				LD_RUNPATH_SEARCH_PATHS = "$(inherited) @executable_path/Frameworks @loader_path/Frameworks";
				PRODUCT_BUNDLE_IDENTIFIER = com.dpf.LearnSthUITests;
				PRODUCT_NAME = "$(TARGET_NAME)";
				TEST_TARGET_NAME = LearnSth;
			};
			name = Release;
		};
/* End XCBuildConfiguration section */

/* Begin XCConfigurationList section */
		1BF7F6BE1D92492200F8E5B1 /* Build configuration list for PBXProject "LearnSth" */ = {
			isa = XCConfigurationList;
			buildConfigurations = (
				1BF7F6EE1D92492200F8E5B1 /* Debug */,
				1BF7F6EF1D92492200F8E5B1 /* Release */,
			);
			defaultConfigurationIsVisible = 0;
			defaultConfigurationName = Release;
		};
		1BF7F6F01D92492200F8E5B1 /* Build configuration list for PBXNativeTarget "LearnSth" */ = {
			isa = XCConfigurationList;
			buildConfigurations = (
				1BF7F6F11D92492200F8E5B1 /* Debug */,
				1BF7F6F21D92492200F8E5B1 /* Release */,
			);
			defaultConfigurationIsVisible = 0;
			defaultConfigurationName = Release;
		};
		1BF7F6F31D92492200F8E5B1 /* Build configuration list for PBXNativeTarget "LearnSthTests" */ = {
			isa = XCConfigurationList;
			buildConfigurations = (
				1BF7F6F41D92492200F8E5B1 /* Debug */,
				1BF7F6F51D92492200F8E5B1 /* Release */,
			);
			defaultConfigurationIsVisible = 0;
			defaultConfigurationName = Release;
		};
		1BF7F6F61D92492200F8E5B1 /* Build configuration list for PBXNativeTarget "LearnSthUITests" */ = {
			isa = XCConfigurationList;
			buildConfigurations = (
				1BF7F6F71D92492200F8E5B1 /* Debug */,
				1BF7F6F81D92492200F8E5B1 /* Release */,
			);
			defaultConfigurationIsVisible = 0;
			defaultConfigurationName = Release;
		};
/* End XCConfigurationList section */
	};
	rootObject = 1BF7F6BB1D92492200F8E5B1 /* Project object */;
}
