// !$*UTF8*$!
{
	archiveVersion = 1;
	classes = {
	};
	objectVersion = 46;
	objects = {

/* Begin PBXBuildFile section */
		1B0B34201DAB20C60053CAB5 /* HttpManager.m in Sources */ = {isa = PBXBuildFile; fileRef = 1B0B34161DAB20C60053CAB5 /* HttpManager.m */; };
		1B0B34211DAB20C60053CAB5 /* SQLManager.m in Sources */ = {isa = PBXBuildFile; fileRef = 1B0B34181DAB20C60053CAB5 /* SQLManager.m */; };
		1B0B34321DAB2F0F0053CAB5 /* UserViewController.m in Sources */ = {isa = PBXBuildFile; fileRef = 1B0B34311DAB2F0F0053CAB5 /* UserViewController.m */; };
		1B0B34371DAB2F840053CAB5 /* FuturesModel.m in Sources */ = {isa = PBXBuildFile; fileRef = 1B0B34361DAB2F840053CAB5 /* FuturesModel.m */; };
		1B0B343A1DAB30A20053CAB5 /* HomeViewController.m in Sources */ = {isa = PBXBuildFile; fileRef = 1B0B34391DAB30A20053CAB5 /* HomeViewController.m */; };
		1B0B343E1DAB30B30053CAB5 /* LineView.m in Sources */ = {isa = PBXBuildFile; fileRef = 1B0B343D1DAB30B30053CAB5 /* LineView.m */; };
		1B0B34441DAB3E150053CAB5 /* PLPlayerViewController.m in Sources */ = {isa = PBXBuildFile; fileRef = 1B0B34431DAB3E150053CAB5 /* PLPlayerViewController.m */; };
		1B1148E61D9A499A004817B1 /* libz.tbd in Frameworks */ = {isa = PBXBuildFile; fileRef = 1B1148E51D9A499A004817B1 /* libz.tbd */; };
		1B17657B1DB9ECC5004A572D /* AnimationView.m in Sources */ = {isa = PBXBuildFile; fileRef = 1B17657A1DB9ECC5004A572D /* AnimationView.m */; };
		1B234FE81DD060650036B9D1 /* LightSpotView.m in Sources */ = {isa = PBXBuildFile; fileRef = 1B234FE71DD060650036B9D1 /* LightSpotView.m */; };
		1B3CFAA81DACBE2800DA2661 /* PhotoLiarbraryController.m in Sources */ = {isa = PBXBuildFile; fileRef = 1B3CFAA71DACBE2800DA2661 /* PhotoLiarbraryController.m */; };
		1B3CFAAB1DACBE4800DA2661 /* PhotosViewController.m in Sources */ = {isa = PBXBuildFile; fileRef = 1B3CFAAA1DACBE4800DA2661 /* PhotosViewController.m */; };
		1B5372D41DC04A2000A1CDDD /* PopoverViewController.m in Sources */ = {isa = PBXBuildFile; fileRef = 1B5372D31DC04A2000A1CDDD /* PopoverViewController.m */; };
		1B667C611DBF5765002A35D6 /* MessageViewController.m in Sources */ = {isa = PBXBuildFile; fileRef = 1B667C601DBF5765002A35D6 /* MessageViewController.m */; };
		1B667C651DBF5841002A35D6 /* MessageViewCell.m in Sources */ = {isa = PBXBuildFile; fileRef = 1B667C641DBF5841002A35D6 /* MessageViewCell.m */; };
		1B6E7DB01DAB8941006F058B /* BaseViewController.m in Sources */ = {isa = PBXBuildFile; fileRef = 1B6E7DAF1DAB8941006F058B /* BaseViewController.m */; };
		1BD1761B1D9A73D300C28051 /* TabBarViewController.m in Sources */ = {isa = PBXBuildFile; fileRef = 1BD1761A1D9A73D300C28051 /* TabBarViewController.m */; };
		1BDCED3A1DE57CA8002A27B5 /* Aspects.m in Sources */ = {isa = PBXBuildFile; fileRef = 1BDCECC71DE57CA8002A27B5 /* Aspects.m */; };
		1BDCED3B1DE57CA8002A27B5 /* BHBDrawBoarderView.m in Sources */ = {isa = PBXBuildFile; fileRef = 1BDCECCA1DE57CA8002A27B5 /* BHBDrawBoarderView.m */; };
		1BDCED3C1DE57CA8002A27B5 /* BHBMyDrawer.m in Sources */ = {isa = PBXBuildFile; fileRef = 1BDCECCC1DE57CA8002A27B5 /* BHBMyDrawer.m */; };
		1BDCED3D1DE57CA8002A27B5 /* BHBPaintPath.m in Sources */ = {isa = PBXBuildFile; fileRef = 1BDCECCE1DE57CA8002A27B5 /* BHBPaintPath.m */; };
		1BDCED3E1DE57CA8002A27B5 /* BHBScrollView.m in Sources */ = {isa = PBXBuildFile; fileRef = 1BDCECD01DE57CA8002A27B5 /* BHBScrollView.m */; };
		1BDCED3F1DE57CA8002A27B5 /* NSString+Tool.m in Sources */ = {isa = PBXBuildFile; fileRef = 1BDCECD31DE57CA8002A27B5 /* NSString+Tool.m */; };
		1BDCED401DE57CA8002A27B5 /* UIImage+Tool.m in Sources */ = {isa = PBXBuildFile; fileRef = 1BDCECD51DE57CA8002A27B5 /* UIImage+Tool.m */; };
		1BDCED411DE57CA8002A27B5 /* DDImageBrowserCell.m in Sources */ = {isa = PBXBuildFile; fileRef = 1BDCECD81DE57CA8002A27B5 /* DDImageBrowserCell.m */; };
		1BDCED421DE57CA8002A27B5 /* DDImageBrowserController.m in Sources */ = {isa = PBXBuildFile; fileRef = 1BDCECDB1DE57CA8002A27B5 /* DDImageBrowserController.m */; };
		1BDCED431DE57CA8002A27B5 /* UIImage+SaveToAlbum.m in Sources */ = {isa = PBXBuildFile; fileRef = 1BDCECDD1DE57CA8002A27B5 /* UIImage+SaveToAlbum.m */; };
		1BDCED441DE57CA8002A27B5 /* FPSLabel.m in Sources */ = {isa = PBXBuildFile; fileRef = 1BDCECE01DE57CA8002A27B5 /* FPSLabel.m */; };
		1BDCED451DE57CA8002A27B5 /* HUDerror.png in Resources */ = {isa = PBXBuildFile; fileRef = 1BDCECE21DE57CA8002A27B5 /* HUDerror.png */; };
		1BDCED461DE57CA8002A27B5 /* HUDerror@2x.png in Resources */ = {isa = PBXBuildFile; fileRef = 1BDCECE31DE57CA8002A27B5 /* HUDerror@2x.png */; };
		1BDCED471DE57CA8002A27B5 /* HUDsuccess.png in Resources */ = {isa = PBXBuildFile; fileRef = 1BDCECE41DE57CA8002A27B5 /* HUDsuccess.png */; };
		1BDCED481DE57CA8002A27B5 /* HUDsuccess@2x.png in Resources */ = {isa = PBXBuildFile; fileRef = 1BDCECE51DE57CA8002A27B5 /* HUDsuccess@2x.png */; };
		1BDCED491DE57CA8002A27B5 /* MBProgressHUD.m in Sources */ = {isa = PBXBuildFile; fileRef = 1BDCECE71DE57CA8002A27B5 /* MBProgressHUD.m */; };
		1BDCED4A1DE57CA8002A27B5 /* MJRefreshAutoFooter.m in Sources */ = {isa = PBXBuildFile; fileRef = 1BDCECEB1DE57CA8002A27B5 /* MJRefreshAutoFooter.m */; };
		1BDCED4B1DE57CA8002A27B5 /* MJRefreshBackFooter.m in Sources */ = {isa = PBXBuildFile; fileRef = 1BDCECED1DE57CA8002A27B5 /* MJRefreshBackFooter.m */; };
		1BDCED4C1DE57CA8002A27B5 /* MJRefreshComponent.m in Sources */ = {isa = PBXBuildFile; fileRef = 1BDCECEF1DE57CA8002A27B5 /* MJRefreshComponent.m */; };
		1BDCED4D1DE57CA8002A27B5 /* MJRefreshFooter.m in Sources */ = {isa = PBXBuildFile; fileRef = 1BDCECF11DE57CA8002A27B5 /* MJRefreshFooter.m */; };
		1BDCED4E1DE57CA8002A27B5 /* MJRefreshHeader.m in Sources */ = {isa = PBXBuildFile; fileRef = 1BDCECF31DE57CA8002A27B5 /* MJRefreshHeader.m */; };
		1BDCED4F1DE57CA8002A27B5 /* MJRefreshAutoGifFooter.m in Sources */ = {isa = PBXBuildFile; fileRef = 1BDCECF81DE57CA8002A27B5 /* MJRefreshAutoGifFooter.m */; };
		1BDCED501DE57CA8002A27B5 /* MJRefreshAutoNormalFooter.m in Sources */ = {isa = PBXBuildFile; fileRef = 1BDCECFA1DE57CA8002A27B5 /* MJRefreshAutoNormalFooter.m */; };
		1BDCED511DE57CA8002A27B5 /* MJRefreshAutoStateFooter.m in Sources */ = {isa = PBXBuildFile; fileRef = 1BDCECFC1DE57CA8002A27B5 /* MJRefreshAutoStateFooter.m */; };
		1BDCED521DE57CA8002A27B5 /* MJRefreshBackGifFooter.m in Sources */ = {isa = PBXBuildFile; fileRef = 1BDCECFF1DE57CA8002A27B5 /* MJRefreshBackGifFooter.m */; };
		1BDCED531DE57CA8002A27B5 /* MJRefreshBackNormalFooter.m in Sources */ = {isa = PBXBuildFile; fileRef = 1BDCED011DE57CA8002A27B5 /* MJRefreshBackNormalFooter.m */; };
		1BDCED541DE57CA8002A27B5 /* MJRefreshBackStateFooter.m in Sources */ = {isa = PBXBuildFile; fileRef = 1BDCED031DE57CA8002A27B5 /* MJRefreshBackStateFooter.m */; };
		1BDCED551DE57CA8002A27B5 /* MJRefreshGifHeader.m in Sources */ = {isa = PBXBuildFile; fileRef = 1BDCED061DE57CA8002A27B5 /* MJRefreshGifHeader.m */; };
		1BDCED561DE57CA8002A27B5 /* MJRefreshNormalHeader.m in Sources */ = {isa = PBXBuildFile; fileRef = 1BDCED081DE57CA8002A27B5 /* MJRefreshNormalHeader.m */; };
		1BDCED571DE57CA8002A27B5 /* MJRefreshStateHeader.m in Sources */ = {isa = PBXBuildFile; fileRef = 1BDCED0A1DE57CA8002A27B5 /* MJRefreshStateHeader.m */; };
		1BDCED581DE57CA8002A27B5 /* MJRefresh.bundle in Resources */ = {isa = PBXBuildFile; fileRef = 1BDCED0B1DE57CA8002A27B5 /* MJRefresh.bundle */; };
		1BDCED591DE57CA8002A27B5 /* MJRefreshConst.m in Sources */ = {isa = PBXBuildFile; fileRef = 1BDCED0E1DE57CA8002A27B5 /* MJRefreshConst.m */; };
		1BDCED5A1DE57CA8002A27B5 /* NSBundle+MJRefresh.m in Sources */ = {isa = PBXBuildFile; fileRef = 1BDCED101DE57CA8002A27B5 /* NSBundle+MJRefresh.m */; };
		1BDCED5B1DE57CA8002A27B5 /* UIScrollView+MJExtension.m in Sources */ = {isa = PBXBuildFile; fileRef = 1BDCED121DE57CA8002A27B5 /* UIScrollView+MJExtension.m */; };
		1BDCED5C1DE57CA8002A27B5 /* UIScrollView+MJRefresh.m in Sources */ = {isa = PBXBuildFile; fileRef = 1BDCED141DE57CA8002A27B5 /* UIScrollView+MJRefresh.m */; };
		1BDCED5D1DE57CA8002A27B5 /* UIView+MJExtension.m in Sources */ = {isa = PBXBuildFile; fileRef = 1BDCED161DE57CA8002A27B5 /* UIView+MJExtension.m */; };
		1BDCED5E1DE57CA8002A27B5 /* TAAbstractDotView.m in Sources */ = {isa = PBXBuildFile; fileRef = 1BDCED1A1DE57CA8002A27B5 /* TAAbstractDotView.m */; };
		1BDCED5F1DE57CA8002A27B5 /* TAAnimatedDotView.m in Sources */ = {isa = PBXBuildFile; fileRef = 1BDCED1C1DE57CA8002A27B5 /* TAAnimatedDotView.m */; };
		1BDCED601DE57CA8002A27B5 /* TADotView.m in Sources */ = {isa = PBXBuildFile; fileRef = 1BDCED1E1DE57CA8002A27B5 /* TADotView.m */; };
		1BDCED611DE57CA8002A27B5 /* TAPageControl.m in Sources */ = {isa = PBXBuildFile; fileRef = 1BDCED201DE57CA8002A27B5 /* TAPageControl.m */; };
		1BDCED621DE57CA8002A27B5 /* SDCollectionViewCell.m in Sources */ = {isa = PBXBuildFile; fileRef = 1BDCED221DE57CA8002A27B5 /* SDCollectionViewCell.m */; };
		1BDCED631DE57CA8002A27B5 /* SDCycleScrollView.m in Sources */ = {isa = PBXBuildFile; fileRef = 1BDCED241DE57CA8002A27B5 /* SDCycleScrollView.m */; };
		1BDCED641DE57CA8002A27B5 /* UIView+SDExtension.m in Sources */ = {isa = PBXBuildFile; fileRef = 1BDCED261DE57CA8002A27B5 /* UIView+SDExtension.m */; };
		1BDCED651DE57CA8002A27B5 /* TPKeyboardAvoidingCollectionView.m in Sources */ = {isa = PBXBuildFile; fileRef = 1BDCED291DE57CA8002A27B5 /* TPKeyboardAvoidingCollectionView.m */; };
		1BDCED661DE57CA8002A27B5 /* TPKeyboardAvoidingScrollView.m in Sources */ = {isa = PBXBuildFile; fileRef = 1BDCED2B1DE57CA8002A27B5 /* TPKeyboardAvoidingScrollView.m */; };
		1BDCED671DE57CA8002A27B5 /* TPKeyboardAvoidingTableView.m in Sources */ = {isa = PBXBuildFile; fileRef = 1BDCED2D1DE57CA8002A27B5 /* TPKeyboardAvoidingTableView.m */; };
		1BDCED681DE57CA8002A27B5 /* UIScrollView+TPKeyboardAvoidingAdditions.m in Sources */ = {isa = PBXBuildFile; fileRef = 1BDCED2F1DE57CA8002A27B5 /* UIScrollView+TPKeyboardAvoidingAdditions.m */; };
		1BDCED691DE57CA8002A27B5 /* UIViewController+Swizzled.m in Sources */ = {isa = PBXBuildFile; fileRef = 1BDCED321DE57CA8002A27B5 /* UIViewController+Swizzled.m */; };
		1BDCED6A1DE57CA8002A27B5 /* WiFiUploadHTTPConnection.m in Sources */ = {isa = PBXBuildFile; fileRef = 1BDCED351DE57CA8002A27B5 /* WiFiUploadHTTPConnection.m */; };
		1BDCED6B1DE57CA8002A27B5 /* WiFiUploadManager.m in Sources */ = {isa = PBXBuildFile; fileRef = 1BDCED371DE57CA8002A27B5 /* WiFiUploadManager.m */; };
		1BDCED6C1DE57CA8002A27B5 /* WiFiUploadViewController.m in Sources */ = {isa = PBXBuildFile; fileRef = 1BDCED391DE57CA8002A27B5 /* WiFiUploadViewController.m */; };
		1BDCED701DE57D97002A27B5 /* index.html in Resources */ = {isa = PBXBuildFile; fileRef = 1BDCED6E1DE57D97002A27B5 /* index.html */; };
		1BDCED711DE57D97002A27B5 /* upload.html in Resources */ = {isa = PBXBuildFile; fileRef = 1BDCED6F1DE57D97002A27B5 /* upload.html */; };
		1BDCED751DE58812002A27B5 /* mdialog.css in Resources */ = {isa = PBXBuildFile; fileRef = 1BDCED721DE58812002A27B5 /* mdialog.css */; };
		1BDCED761DE58812002A27B5 /* mdialog.js in Resources */ = {isa = PBXBuildFile; fileRef = 1BDCED731DE58812002A27B5 /* mdialog.js */; };
		1BDCED771DE58812002A27B5 /* zepto.min.js in Resources */ = {isa = PBXBuildFile; fileRef = 1BDCED741DE58812002A27B5 /* zepto.min.js */; };
		1BDCED791DE58D10002A27B5 /* testHUD.html in Resources */ = {isa = PBXBuildFile; fileRef = 1BDCED781DE58D10002A27B5 /* testHUD.html */; };
		1BEAFB201DC72C4700E15BA1 /* Utils.m in Sources */ = {isa = PBXBuildFile; fileRef = 1BEAFB1F1DC72C4700E15BA1 /* Utils.m */; };
		1BF52C301DDEF3B9007F9B34 /* FoldView.m in Sources */ = {isa = PBXBuildFile; fileRef = 1BF52C2F1DDEF3B9007F9B34 /* FoldView.m */; };
		1BF7F6C81D92492200F8E5B1 /* main.m in Sources */ = {isa = PBXBuildFile; fileRef = 1BF7F6C71D92492200F8E5B1 /* main.m */; };
		1BF7F6D11D92492200F8E5B1 /* Main.storyboard in Resources */ = {isa = PBXBuildFile; fileRef = 1BF7F6CF1D92492200F8E5B1 /* Main.storyboard */; };
		1BF7F6D31D92492200F8E5B1 /* Assets.xcassets in Resources */ = {isa = PBXBuildFile; fileRef = 1BF7F6D21D92492200F8E5B1 /* Assets.xcassets */; };
		1BF7F6D61D92492200F8E5B1 /* LaunchScreen.storyboard in Resources */ = {isa = PBXBuildFile; fileRef = 1BF7F6D41D92492200F8E5B1 /* LaunchScreen.storyboard */; };
		1BF7F6E11D92492200F8E5B1 /* LearnSthTests.m in Sources */ = {isa = PBXBuildFile; fileRef = 1BF7F6E01D92492200F8E5B1 /* LearnSthTests.m */; };
		1BF7F6EC1D92492200F8E5B1 /* LearnSthUITests.m in Sources */ = {isa = PBXBuildFile; fileRef = 1BF7F6EB1D92492200F8E5B1 /* LearnSthUITests.m */; };
		1BF7F6FD1D924BE500F8E5B1 /* AppDelegate.m in Sources */ = {isa = PBXBuildFile; fileRef = 1BF7F6FC1D924BE500F8E5B1 /* AppDelegate.m */; };
		1BFD3DE51DC839EF006B5FAB /* UserInfoViewController.m in Sources */ = {isa = PBXBuildFile; fileRef = 1BFD3DE41DC839EF006B5FAB /* UserInfoViewController.m */; };
		1BFE47001DCB232D00E9BDEC /* UserModel.m in Sources */ = {isa = PBXBuildFile; fileRef = 1BFE46FF1DCB232D00E9BDEC /* UserModel.m */; };
		CF159E611DE174050061D0AF /* LoginViewController.m in Sources */ = {isa = PBXBuildFile; fileRef = CF159E5E1DE174050061D0AF /* LoginViewController.m */; };
		CF159E621DE174050061D0AF /* RegisterViewController.m in Sources */ = {isa = PBXBuildFile; fileRef = CF159E601DE174050061D0AF /* RegisterViewController.m */; };
		CF159E641DE19E560061D0AF /* SDSloganPoints.plist in Resources */ = {isa = PBXBuildFile; fileRef = CF159E631DE19E560061D0AF /* SDSloganPoints.plist */; };
		CF2FEC7E1DAE6F1200933DE6 /* WebViewController.m in Sources */ = {isa = PBXBuildFile; fileRef = CF2FEC7D1DAE6F1200933DE6 /* WebViewController.m */; };
		CF97EBD71DAA4A2600E1EDD7 /* LiveModel.m in Sources */ = {isa = PBXBuildFile; fileRef = CF97EBD61DAA4A2600E1EDD7 /* LiveModel.m */; };
		CF97EBDE1DAA4F0100E1EDD7 /* LiveViewController.m in Sources */ = {isa = PBXBuildFile; fileRef = CF97EBDA1DAA4F0100E1EDD7 /* LiveViewController.m */; };
		CFED1D3E1DAD3B78006A3721 /* ADModel.m in Sources */ = {isa = PBXBuildFile; fileRef = CFED1D3D1DAD3B78006A3721 /* ADModel.m */; };
		DC70711C937E46693E11C611 /* libPods-LearnSth.a in Frameworks */ = {isa = PBXBuildFile; fileRef = F4B79FEA5584229A931479F8 /* libPods-LearnSth.a */; };
/* End PBXBuildFile section */

/* Begin PBXContainerItemProxy section */
		1BF7F6DD1D92492200F8E5B1 /* PBXContainerItemProxy */ = {
			isa = PBXContainerItemProxy;
			containerPortal = 1BF7F6BB1D92492200F8E5B1 /* Project object */;
			proxyType = 1;
			remoteGlobalIDString = 1BF7F6C21D92492200F8E5B1;
			remoteInfo = LearnSth;
		};
		1BF7F6E81D92492200F8E5B1 /* PBXContainerItemProxy */ = {
			isa = PBXContainerItemProxy;
			containerPortal = 1BF7F6BB1D92492200F8E5B1 /* Project object */;
			proxyType = 1;
			remoteGlobalIDString = 1BF7F6C21D92492200F8E5B1;
			remoteInfo = LearnSth;
		};
/* End PBXContainerItemProxy section */

/* Begin PBXFileReference section */
		1B0B34151DAB20C60053CAB5 /* HttpManager.h */ = {isa = PBXFileReference; fileEncoding = 4; lastKnownFileType = sourcecode.c.h; path = HttpManager.h; sourceTree = "<group>"; };
		1B0B34161DAB20C60053CAB5 /* HttpManager.m */ = {isa = PBXFileReference; fileEncoding = 4; lastKnownFileType = sourcecode.c.objc; path = HttpManager.m; sourceTree = "<group>"; };
		1B0B34171DAB20C60053CAB5 /* SQLManager.h */ = {isa = PBXFileReference; fileEncoding = 4; lastKnownFileType = sourcecode.c.h; path = SQLManager.h; sourceTree = "<group>"; };
		1B0B34181DAB20C60053CAB5 /* SQLManager.m */ = {isa = PBXFileReference; fileEncoding = 4; lastKnownFileType = sourcecode.c.objc; path = SQLManager.m; sourceTree = "<group>"; };
		1B0B34301DAB2F0F0053CAB5 /* UserViewController.h */ = {isa = PBXFileReference; fileEncoding = 4; lastKnownFileType = sourcecode.c.h; path = UserViewController.h; sourceTree = "<group>"; };
		1B0B34311DAB2F0F0053CAB5 /* UserViewController.m */ = {isa = PBXFileReference; fileEncoding = 4; lastKnownFileType = sourcecode.c.objc; path = UserViewController.m; sourceTree = "<group>"; };
		1B0B34351DAB2F840053CAB5 /* FuturesModel.h */ = {isa = PBXFileReference; fileEncoding = 4; lastKnownFileType = sourcecode.c.h; path = FuturesModel.h; sourceTree = "<group>"; };
		1B0B34361DAB2F840053CAB5 /* FuturesModel.m */ = {isa = PBXFileReference; fileEncoding = 4; lastKnownFileType = sourcecode.c.objc; path = FuturesModel.m; sourceTree = "<group>"; };
		1B0B34381DAB30A20053CAB5 /* HomeViewController.h */ = {isa = PBXFileReference; fileEncoding = 4; lastKnownFileType = sourcecode.c.h; path = HomeViewController.h; sourceTree = "<group>"; };
		1B0B34391DAB30A20053CAB5 /* HomeViewController.m */ = {isa = PBXFileReference; fileEncoding = 4; lastKnownFileType = sourcecode.c.objc; path = HomeViewController.m; sourceTree = "<group>"; };
		1B0B343C1DAB30B30053CAB5 /* LineView.h */ = {isa = PBXFileReference; fileEncoding = 4; lastKnownFileType = sourcecode.c.h; path = LineView.h; sourceTree = "<group>"; };
		1B0B343D1DAB30B30053CAB5 /* LineView.m */ = {isa = PBXFileReference; fileEncoding = 4; lastKnownFileType = sourcecode.c.objc; path = LineView.m; sourceTree = "<group>"; };
		1B0B34421DAB3E150053CAB5 /* PLPlayerViewController.h */ = {isa = PBXFileReference; fileEncoding = 4; lastKnownFileType = sourcecode.c.h; path = PLPlayerViewController.h; sourceTree = "<group>"; };
		1B0B34431DAB3E150053CAB5 /* PLPlayerViewController.m */ = {isa = PBXFileReference; fileEncoding = 4; lastKnownFileType = sourcecode.c.objc; path = PLPlayerViewController.m; sourceTree = "<group>"; };
		1B1148E51D9A499A004817B1 /* libz.tbd */ = {isa = PBXFileReference; lastKnownFileType = "sourcecode.text-based-dylib-definition"; name = libz.tbd; path = usr/lib/libz.tbd; sourceTree = SDKROOT; };
		1B1765791DB9ECC5004A572D /* AnimationView.h */ = {isa = PBXFileReference; fileEncoding = 4; lastKnownFileType = sourcecode.c.h; path = AnimationView.h; sourceTree = "<group>"; };
		1B17657A1DB9ECC5004A572D /* AnimationView.m */ = {isa = PBXFileReference; fileEncoding = 4; lastKnownFileType = sourcecode.c.objc; path = AnimationView.m; sourceTree = "<group>"; };
		1B234FE61DD060650036B9D1 /* LightSpotView.h */ = {isa = PBXFileReference; fileEncoding = 4; lastKnownFileType = sourcecode.c.h; path = LightSpotView.h; sourceTree = "<group>"; };
		1B234FE71DD060650036B9D1 /* LightSpotView.m */ = {isa = PBXFileReference; fileEncoding = 4; lastKnownFileType = sourcecode.c.objc; path = LightSpotView.m; sourceTree = "<group>"; };
		1B3CFAA61DACBE2800DA2661 /* PhotoLiarbraryController.h */ = {isa = PBXFileReference; fileEncoding = 4; lastKnownFileType = sourcecode.c.h; path = PhotoLiarbraryController.h; sourceTree = "<group>"; };
		1B3CFAA71DACBE2800DA2661 /* PhotoLiarbraryController.m */ = {isa = PBXFileReference; fileEncoding = 4; lastKnownFileType = sourcecode.c.objc; path = PhotoLiarbraryController.m; sourceTree = "<group>"; };
		1B3CFAA91DACBE4800DA2661 /* PhotosViewController.h */ = {isa = PBXFileReference; fileEncoding = 4; lastKnownFileType = sourcecode.c.h; path = PhotosViewController.h; sourceTree = "<group>"; };
		1B3CFAAA1DACBE4800DA2661 /* PhotosViewController.m */ = {isa = PBXFileReference; fileEncoding = 4; lastKnownFileType = sourcecode.c.objc; path = PhotosViewController.m; sourceTree = "<group>"; };
		1B5372D21DC04A2000A1CDDD /* PopoverViewController.h */ = {isa = PBXFileReference; fileEncoding = 4; lastKnownFileType = sourcecode.c.h; path = PopoverViewController.h; sourceTree = "<group>"; };
		1B5372D31DC04A2000A1CDDD /* PopoverViewController.m */ = {isa = PBXFileReference; fileEncoding = 4; lastKnownFileType = sourcecode.c.objc; path = PopoverViewController.m; sourceTree = "<group>"; };
		1B667C5F1DBF5765002A35D6 /* MessageViewController.h */ = {isa = PBXFileReference; fileEncoding = 4; lastKnownFileType = sourcecode.c.h; path = MessageViewController.h; sourceTree = "<group>"; };
		1B667C601DBF5765002A35D6 /* MessageViewController.m */ = {isa = PBXFileReference; fileEncoding = 4; lastKnownFileType = sourcecode.c.objc; path = MessageViewController.m; sourceTree = "<group>"; };
		1B667C631DBF5841002A35D6 /* MessageViewCell.h */ = {isa = PBXFileReference; fileEncoding = 4; lastKnownFileType = sourcecode.c.h; path = MessageViewCell.h; sourceTree = "<group>"; };
		1B667C641DBF5841002A35D6 /* MessageViewCell.m */ = {isa = PBXFileReference; fileEncoding = 4; lastKnownFileType = sourcecode.c.objc; path = MessageViewCell.m; sourceTree = "<group>"; };
		1B6E7DAD1DAB889F006F058B /* AppConfiguration.h */ = {isa = PBXFileReference; lastKnownFileType = sourcecode.c.h; path = AppConfiguration.h; sourceTree = "<group>"; };
		1B6E7DAE1DAB8941006F058B /* BaseViewController.h */ = {isa = PBXFileReference; fileEncoding = 4; lastKnownFileType = sourcecode.c.h; path = BaseViewController.h; sourceTree = "<group>"; };
		1B6E7DAF1DAB8941006F058B /* BaseViewController.m */ = {isa = PBXFileReference; fileEncoding = 4; lastKnownFileType = sourcecode.c.objc; path = BaseViewController.m; sourceTree = "<group>"; };
		1BD176191D9A73D300C28051 /* TabBarViewController.h */ = {isa = PBXFileReference; fileEncoding = 4; lastKnownFileType = sourcecode.c.h; path = TabBarViewController.h; sourceTree = "<group>"; };
		1BD1761A1D9A73D300C28051 /* TabBarViewController.m */ = {isa = PBXFileReference; fileEncoding = 4; lastKnownFileType = sourcecode.c.objc; path = TabBarViewController.m; sourceTree = "<group>"; };
		1BDCECC61DE57CA8002A27B5 /* Aspects.h */ = {isa = PBXFileReference; fileEncoding = 4; lastKnownFileType = sourcecode.c.h; path = Aspects.h; sourceTree = "<group>"; };
		1BDCECC71DE57CA8002A27B5 /* Aspects.m */ = {isa = PBXFileReference; fileEncoding = 4; lastKnownFileType = sourcecode.c.objc; path = Aspects.m; sourceTree = "<group>"; };
		1BDCECC91DE57CA8002A27B5 /* BHBDrawBoarderView.h */ = {isa = PBXFileReference; fileEncoding = 4; lastKnownFileType = sourcecode.c.h; path = BHBDrawBoarderView.h; sourceTree = "<group>"; };
		1BDCECCA1DE57CA8002A27B5 /* BHBDrawBoarderView.m */ = {isa = PBXFileReference; fileEncoding = 4; lastKnownFileType = sourcecode.c.objc; path = BHBDrawBoarderView.m; sourceTree = "<group>"; };
		1BDCECCB1DE57CA8002A27B5 /* BHBMyDrawer.h */ = {isa = PBXFileReference; fileEncoding = 4; lastKnownFileType = sourcecode.c.h; path = BHBMyDrawer.h; sourceTree = "<group>"; };
		1BDCECCC1DE57CA8002A27B5 /* BHBMyDrawer.m */ = {isa = PBXFileReference; fileEncoding = 4; lastKnownFileType = sourcecode.c.objc; path = BHBMyDrawer.m; sourceTree = "<group>"; };
		1BDCECCD1DE57CA8002A27B5 /* BHBPaintPath.h */ = {isa = PBXFileReference; fileEncoding = 4; lastKnownFileType = sourcecode.c.h; path = BHBPaintPath.h; sourceTree = "<group>"; };
		1BDCECCE1DE57CA8002A27B5 /* BHBPaintPath.m */ = {isa = PBXFileReference; fileEncoding = 4; lastKnownFileType = sourcecode.c.objc; path = BHBPaintPath.m; sourceTree = "<group>"; };
		1BDCECCF1DE57CA8002A27B5 /* BHBScrollView.h */ = {isa = PBXFileReference; fileEncoding = 4; lastKnownFileType = sourcecode.c.h; path = BHBScrollView.h; sourceTree = "<group>"; };
		1BDCECD01DE57CA8002A27B5 /* BHBScrollView.m */ = {isa = PBXFileReference; fileEncoding = 4; lastKnownFileType = sourcecode.c.objc; path = BHBScrollView.m; sourceTree = "<group>"; };
		1BDCECD21DE57CA8002A27B5 /* NSString+Tool.h */ = {isa = PBXFileReference; fileEncoding = 4; lastKnownFileType = sourcecode.c.h; path = "NSString+Tool.h"; sourceTree = "<group>"; };
		1BDCECD31DE57CA8002A27B5 /* NSString+Tool.m */ = {isa = PBXFileReference; fileEncoding = 4; lastKnownFileType = sourcecode.c.objc; path = "NSString+Tool.m"; sourceTree = "<group>"; };
		1BDCECD41DE57CA8002A27B5 /* UIImage+Tool.h */ = {isa = PBXFileReference; fileEncoding = 4; lastKnownFileType = sourcecode.c.h; path = "UIImage+Tool.h"; sourceTree = "<group>"; };
		1BDCECD51DE57CA8002A27B5 /* UIImage+Tool.m */ = {isa = PBXFileReference; fileEncoding = 4; lastKnownFileType = sourcecode.c.objc; path = "UIImage+Tool.m"; sourceTree = "<group>"; };
		1BDCECD71DE57CA8002A27B5 /* DDImageBrowserCell.h */ = {isa = PBXFileReference; fileEncoding = 4; lastKnownFileType = sourcecode.c.h; path = DDImageBrowserCell.h; sourceTree = "<group>"; };
		1BDCECD81DE57CA8002A27B5 /* DDImageBrowserCell.m */ = {isa = PBXFileReference; fileEncoding = 4; lastKnownFileType = sourcecode.c.objc; path = DDImageBrowserCell.m; sourceTree = "<group>"; };
		1BDCECD91DE57CA8002A27B5 /* DDImageBrowserConfig.h */ = {isa = PBXFileReference; fileEncoding = 4; lastKnownFileType = sourcecode.c.h; path = DDImageBrowserConfig.h; sourceTree = "<group>"; };
		1BDCECDA1DE57CA8002A27B5 /* DDImageBrowserController.h */ = {isa = PBXFileReference; fileEncoding = 4; lastKnownFileType = sourcecode.c.h; path = DDImageBrowserController.h; sourceTree = "<group>"; };
		1BDCECDB1DE57CA8002A27B5 /* DDImageBrowserController.m */ = {isa = PBXFileReference; fileEncoding = 4; lastKnownFileType = sourcecode.c.objc; path = DDImageBrowserController.m; sourceTree = "<group>"; };
		1BDCECDC1DE57CA8002A27B5 /* UIImage+SaveToAlbum.h */ = {isa = PBXFileReference; fileEncoding = 4; lastKnownFileType = sourcecode.c.h; path = "UIImage+SaveToAlbum.h"; sourceTree = "<group>"; };
		1BDCECDD1DE57CA8002A27B5 /* UIImage+SaveToAlbum.m */ = {isa = PBXFileReference; fileEncoding = 4; lastKnownFileType = sourcecode.c.objc; path = "UIImage+SaveToAlbum.m"; sourceTree = "<group>"; };
		1BDCECDF1DE57CA8002A27B5 /* FPSLabel.h */ = {isa = PBXFileReference; fileEncoding = 4; lastKnownFileType = sourcecode.c.h; path = FPSLabel.h; sourceTree = "<group>"; };
		1BDCECE01DE57CA8002A27B5 /* FPSLabel.m */ = {isa = PBXFileReference; fileEncoding = 4; lastKnownFileType = sourcecode.c.objc; path = FPSLabel.m; sourceTree = "<group>"; };
		1BDCECE21DE57CA8002A27B5 /* HUDerror.png */ = {isa = PBXFileReference; lastKnownFileType = image.png; path = HUDerror.png; sourceTree = "<group>"; };
		1BDCECE31DE57CA8002A27B5 /* HUDerror@2x.png */ = {isa = PBXFileReference; lastKnownFileType = image.png; path = "HUDerror@2x.png"; sourceTree = "<group>"; };
		1BDCECE41DE57CA8002A27B5 /* HUDsuccess.png */ = {isa = PBXFileReference; lastKnownFileType = image.png; path = HUDsuccess.png; sourceTree = "<group>"; };
		1BDCECE51DE57CA8002A27B5 /* HUDsuccess@2x.png */ = {isa = PBXFileReference; lastKnownFileType = image.png; path = "HUDsuccess@2x.png"; sourceTree = "<group>"; };
		1BDCECE61DE57CA8002A27B5 /* MBProgressHUD.h */ = {isa = PBXFileReference; fileEncoding = 4; lastKnownFileType = sourcecode.c.h; path = MBProgressHUD.h; sourceTree = "<group>"; };
		1BDCECE71DE57CA8002A27B5 /* MBProgressHUD.m */ = {isa = PBXFileReference; fileEncoding = 4; lastKnownFileType = sourcecode.c.objc; path = MBProgressHUD.m; sourceTree = "<group>"; };
		1BDCECEA1DE57CA8002A27B5 /* MJRefreshAutoFooter.h */ = {isa = PBXFileReference; fileEncoding = 4; lastKnownFileType = sourcecode.c.h; path = MJRefreshAutoFooter.h; sourceTree = "<group>"; };
		1BDCECEB1DE57CA8002A27B5 /* MJRefreshAutoFooter.m */ = {isa = PBXFileReference; fileEncoding = 4; lastKnownFileType = sourcecode.c.objc; path = MJRefreshAutoFooter.m; sourceTree = "<group>"; };
		1BDCECEC1DE57CA8002A27B5 /* MJRefreshBackFooter.h */ = {isa = PBXFileReference; fileEncoding = 4; lastKnownFileType = sourcecode.c.h; path = MJRefreshBackFooter.h; sourceTree = "<group>"; };
		1BDCECED1DE57CA8002A27B5 /* MJRefreshBackFooter.m */ = {isa = PBXFileReference; fileEncoding = 4; lastKnownFileType = sourcecode.c.objc; path = MJRefreshBackFooter.m; sourceTree = "<group>"; };
		1BDCECEE1DE57CA8002A27B5 /* MJRefreshComponent.h */ = {isa = PBXFileReference; fileEncoding = 4; lastKnownFileType = sourcecode.c.h; path = MJRefreshComponent.h; sourceTree = "<group>"; };
		1BDCECEF1DE57CA8002A27B5 /* MJRefreshComponent.m */ = {isa = PBXFileReference; fileEncoding = 4; lastKnownFileType = sourcecode.c.objc; path = MJRefreshComponent.m; sourceTree = "<group>"; };
		1BDCECF01DE57CA8002A27B5 /* MJRefreshFooter.h */ = {isa = PBXFileReference; fileEncoding = 4; lastKnownFileType = sourcecode.c.h; path = MJRefreshFooter.h; sourceTree = "<group>"; };
		1BDCECF11DE57CA8002A27B5 /* MJRefreshFooter.m */ = {isa = PBXFileReference; fileEncoding = 4; lastKnownFileType = sourcecode.c.objc; path = MJRefreshFooter.m; sourceTree = "<group>"; };
		1BDCECF21DE57CA8002A27B5 /* MJRefreshHeader.h */ = {isa = PBXFileReference; fileEncoding = 4; lastKnownFileType = sourcecode.c.h; path = MJRefreshHeader.h; sourceTree = "<group>"; };
		1BDCECF31DE57CA8002A27B5 /* MJRefreshHeader.m */ = {isa = PBXFileReference; fileEncoding = 4; lastKnownFileType = sourcecode.c.objc; path = MJRefreshHeader.m; sourceTree = "<group>"; };
		1BDCECF71DE57CA8002A27B5 /* MJRefreshAutoGifFooter.h */ = {isa = PBXFileReference; fileEncoding = 4; lastKnownFileType = sourcecode.c.h; path = MJRefreshAutoGifFooter.h; sourceTree = "<group>"; };
		1BDCECF81DE57CA8002A27B5 /* MJRefreshAutoGifFooter.m */ = {isa = PBXFileReference; fileEncoding = 4; lastKnownFileType = sourcecode.c.objc; path = MJRefreshAutoGifFooter.m; sourceTree = "<group>"; };
		1BDCECF91DE57CA8002A27B5 /* MJRefreshAutoNormalFooter.h */ = {isa = PBXFileReference; fileEncoding = 4; lastKnownFileType = sourcecode.c.h; path = MJRefreshAutoNormalFooter.h; sourceTree = "<group>"; };
		1BDCECFA1DE57CA8002A27B5 /* MJRefreshAutoNormalFooter.m */ = {isa = PBXFileReference; fileEncoding = 4; lastKnownFileType = sourcecode.c.objc; path = MJRefreshAutoNormalFooter.m; sourceTree = "<group>"; };
		1BDCECFB1DE57CA8002A27B5 /* MJRefreshAutoStateFooter.h */ = {isa = PBXFileReference; fileEncoding = 4; lastKnownFileType = sourcecode.c.h; path = MJRefreshAutoStateFooter.h; sourceTree = "<group>"; };
		1BDCECFC1DE57CA8002A27B5 /* MJRefreshAutoStateFooter.m */ = {isa = PBXFileReference; fileEncoding = 4; lastKnownFileType = sourcecode.c.objc; path = MJRefreshAutoStateFooter.m; sourceTree = "<group>"; };
		1BDCECFE1DE57CA8002A27B5 /* MJRefreshBackGifFooter.h */ = {isa = PBXFileReference; fileEncoding = 4; lastKnownFileType = sourcecode.c.h; path = MJRefreshBackGifFooter.h; sourceTree = "<group>"; };
		1BDCECFF1DE57CA8002A27B5 /* MJRefreshBackGifFooter.m */ = {isa = PBXFileReference; fileEncoding = 4; lastKnownFileType = sourcecode.c.objc; path = MJRefreshBackGifFooter.m; sourceTree = "<group>"; };
		1BDCED001DE57CA8002A27B5 /* MJRefreshBackNormalFooter.h */ = {isa = PBXFileReference; fileEncoding = 4; lastKnownFileType = sourcecode.c.h; path = MJRefreshBackNormalFooter.h; sourceTree = "<group>"; };
		1BDCED011DE57CA8002A27B5 /* MJRefreshBackNormalFooter.m */ = {isa = PBXFileReference; fileEncoding = 4; lastKnownFileType = sourcecode.c.objc; path = MJRefreshBackNormalFooter.m; sourceTree = "<group>"; };
		1BDCED021DE57CA8002A27B5 /* MJRefreshBackStateFooter.h */ = {isa = PBXFileReference; fileEncoding = 4; lastKnownFileType = sourcecode.c.h; path = MJRefreshBackStateFooter.h; sourceTree = "<group>"; };
		1BDCED031DE57CA8002A27B5 /* MJRefreshBackStateFooter.m */ = {isa = PBXFileReference; fileEncoding = 4; lastKnownFileType = sourcecode.c.objc; path = MJRefreshBackStateFooter.m; sourceTree = "<group>"; };
		1BDCED051DE57CA8002A27B5 /* MJRefreshGifHeader.h */ = {isa = PBXFileReference; fileEncoding = 4; lastKnownFileType = sourcecode.c.h; path = MJRefreshGifHeader.h; sourceTree = "<group>"; };
		1BDCED061DE57CA8002A27B5 /* MJRefreshGifHeader.m */ = {isa = PBXFileReference; fileEncoding = 4; lastKnownFileType = sourcecode.c.objc; path = MJRefreshGifHeader.m; sourceTree = "<group>"; };
		1BDCED071DE57CA8002A27B5 /* MJRefreshNormalHeader.h */ = {isa = PBXFileReference; fileEncoding = 4; lastKnownFileType = sourcecode.c.h; path = MJRefreshNormalHeader.h; sourceTree = "<group>"; };
		1BDCED081DE57CA8002A27B5 /* MJRefreshNormalHeader.m */ = {isa = PBXFileReference; fileEncoding = 4; lastKnownFileType = sourcecode.c.objc; path = MJRefreshNormalHeader.m; sourceTree = "<group>"; };
		1BDCED091DE57CA8002A27B5 /* MJRefreshStateHeader.h */ = {isa = PBXFileReference; fileEncoding = 4; lastKnownFileType = sourcecode.c.h; path = MJRefreshStateHeader.h; sourceTree = "<group>"; };
		1BDCED0A1DE57CA8002A27B5 /* MJRefreshStateHeader.m */ = {isa = PBXFileReference; fileEncoding = 4; lastKnownFileType = sourcecode.c.objc; path = MJRefreshStateHeader.m; sourceTree = "<group>"; };
		1BDCED0B1DE57CA8002A27B5 /* MJRefresh.bundle */ = {isa = PBXFileReference; lastKnownFileType = "wrapper.plug-in"; path = MJRefresh.bundle; sourceTree = "<group>"; };
		1BDCED0C1DE57CA8002A27B5 /* MJRefresh.h */ = {isa = PBXFileReference; fileEncoding = 4; lastKnownFileType = sourcecode.c.h; path = MJRefresh.h; sourceTree = "<group>"; };
		1BDCED0D1DE57CA8002A27B5 /* MJRefreshConst.h */ = {isa = PBXFileReference; fileEncoding = 4; lastKnownFileType = sourcecode.c.h; path = MJRefreshConst.h; sourceTree = "<group>"; };
		1BDCED0E1DE57CA8002A27B5 /* MJRefreshConst.m */ = {isa = PBXFileReference; fileEncoding = 4; lastKnownFileType = sourcecode.c.objc; path = MJRefreshConst.m; sourceTree = "<group>"; };
		1BDCED0F1DE57CA8002A27B5 /* NSBundle+MJRefresh.h */ = {isa = PBXFileReference; fileEncoding = 4; lastKnownFileType = sourcecode.c.h; path = "NSBundle+MJRefresh.h"; sourceTree = "<group>"; };
		1BDCED101DE57CA8002A27B5 /* NSBundle+MJRefresh.m */ = {isa = PBXFileReference; fileEncoding = 4; lastKnownFileType = sourcecode.c.objc; path = "NSBundle+MJRefresh.m"; sourceTree = "<group>"; };
		1BDCED111DE57CA8002A27B5 /* UIScrollView+MJExtension.h */ = {isa = PBXFileReference; fileEncoding = 4; lastKnownFileType = sourcecode.c.h; path = "UIScrollView+MJExtension.h"; sourceTree = "<group>"; };
		1BDCED121DE57CA8002A27B5 /* UIScrollView+MJExtension.m */ = {isa = PBXFileReference; fileEncoding = 4; lastKnownFileType = sourcecode.c.objc; path = "UIScrollView+MJExtension.m"; sourceTree = "<group>"; };
		1BDCED131DE57CA8002A27B5 /* UIScrollView+MJRefresh.h */ = {isa = PBXFileReference; fileEncoding = 4; lastKnownFileType = sourcecode.c.h; path = "UIScrollView+MJRefresh.h"; sourceTree = "<group>"; };
		1BDCED141DE57CA8002A27B5 /* UIScrollView+MJRefresh.m */ = {isa = PBXFileReference; fileEncoding = 4; lastKnownFileType = sourcecode.c.objc; path = "UIScrollView+MJRefresh.m"; sourceTree = "<group>"; };
		1BDCED151DE57CA8002A27B5 /* UIView+MJExtension.h */ = {isa = PBXFileReference; fileEncoding = 4; lastKnownFileType = sourcecode.c.h; path = "UIView+MJExtension.h"; sourceTree = "<group>"; };
		1BDCED161DE57CA8002A27B5 /* UIView+MJExtension.m */ = {isa = PBXFileReference; fileEncoding = 4; lastKnownFileType = sourcecode.c.objc; path = "UIView+MJExtension.m"; sourceTree = "<group>"; };
		1BDCED191DE57CA8002A27B5 /* TAAbstractDotView.h */ = {isa = PBXFileReference; fileEncoding = 4; lastKnownFileType = sourcecode.c.h; path = TAAbstractDotView.h; sourceTree = "<group>"; };
		1BDCED1A1DE57CA8002A27B5 /* TAAbstractDotView.m */ = {isa = PBXFileReference; fileEncoding = 4; lastKnownFileType = sourcecode.c.objc; path = TAAbstractDotView.m; sourceTree = "<group>"; };
		1BDCED1B1DE57CA8002A27B5 /* TAAnimatedDotView.h */ = {isa = PBXFileReference; fileEncoding = 4; lastKnownFileType = sourcecode.c.h; path = TAAnimatedDotView.h; sourceTree = "<group>"; };
		1BDCED1C1DE57CA8002A27B5 /* TAAnimatedDotView.m */ = {isa = PBXFileReference; fileEncoding = 4; lastKnownFileType = sourcecode.c.objc; path = TAAnimatedDotView.m; sourceTree = "<group>"; };
		1BDCED1D1DE57CA8002A27B5 /* TADotView.h */ = {isa = PBXFileReference; fileEncoding = 4; lastKnownFileType = sourcecode.c.h; path = TADotView.h; sourceTree = "<group>"; };
		1BDCED1E1DE57CA8002A27B5 /* TADotView.m */ = {isa = PBXFileReference; fileEncoding = 4; lastKnownFileType = sourcecode.c.objc; path = TADotView.m; sourceTree = "<group>"; };
		1BDCED1F1DE57CA8002A27B5 /* TAPageControl.h */ = {isa = PBXFileReference; fileEncoding = 4; lastKnownFileType = sourcecode.c.h; path = TAPageControl.h; sourceTree = "<group>"; };
		1BDCED201DE57CA8002A27B5 /* TAPageControl.m */ = {isa = PBXFileReference; fileEncoding = 4; lastKnownFileType = sourcecode.c.objc; path = TAPageControl.m; sourceTree = "<group>"; };
		1BDCED211DE57CA8002A27B5 /* SDCollectionViewCell.h */ = {isa = PBXFileReference; fileEncoding = 4; lastKnownFileType = sourcecode.c.h; path = SDCollectionViewCell.h; sourceTree = "<group>"; };
		1BDCED221DE57CA8002A27B5 /* SDCollectionViewCell.m */ = {isa = PBXFileReference; fileEncoding = 4; lastKnownFileType = sourcecode.c.objc; path = SDCollectionViewCell.m; sourceTree = "<group>"; };
		1BDCED231DE57CA8002A27B5 /* SDCycleScrollView.h */ = {isa = PBXFileReference; fileEncoding = 4; lastKnownFileType = sourcecode.c.h; path = SDCycleScrollView.h; sourceTree = "<group>"; };
		1BDCED241DE57CA8002A27B5 /* SDCycleScrollView.m */ = {isa = PBXFileReference; fileEncoding = 4; lastKnownFileType = sourcecode.c.objc; path = SDCycleScrollView.m; sourceTree = "<group>"; };
		1BDCED251DE57CA8002A27B5 /* UIView+SDExtension.h */ = {isa = PBXFileReference; fileEncoding = 4; lastKnownFileType = sourcecode.c.h; path = "UIView+SDExtension.h"; sourceTree = "<group>"; };
		1BDCED261DE57CA8002A27B5 /* UIView+SDExtension.m */ = {isa = PBXFileReference; fileEncoding = 4; lastKnownFileType = sourcecode.c.objc; path = "UIView+SDExtension.m"; sourceTree = "<group>"; };
		1BDCED281DE57CA8002A27B5 /* TPKeyboardAvoidingCollectionView.h */ = {isa = PBXFileReference; fileEncoding = 4; lastKnownFileType = sourcecode.c.h; path = TPKeyboardAvoidingCollectionView.h; sourceTree = "<group>"; };
		1BDCED291DE57CA8002A27B5 /* TPKeyboardAvoidingCollectionView.m */ = {isa = PBXFileReference; fileEncoding = 4; lastKnownFileType = sourcecode.c.objc; path = TPKeyboardAvoidingCollectionView.m; sourceTree = "<group>"; };
		1BDCED2A1DE57CA8002A27B5 /* TPKeyboardAvoidingScrollView.h */ = {isa = PBXFileReference; fileEncoding = 4; lastKnownFileType = sourcecode.c.h; path = TPKeyboardAvoidingScrollView.h; sourceTree = "<group>"; };
		1BDCED2B1DE57CA8002A27B5 /* TPKeyboardAvoidingScrollView.m */ = {isa = PBXFileReference; fileEncoding = 4; lastKnownFileType = sourcecode.c.objc; path = TPKeyboardAvoidingScrollView.m; sourceTree = "<group>"; };
		1BDCED2C1DE57CA8002A27B5 /* TPKeyboardAvoidingTableView.h */ = {isa = PBXFileReference; fileEncoding = 4; lastKnownFileType = sourcecode.c.h; path = TPKeyboardAvoidingTableView.h; sourceTree = "<group>"; };
		1BDCED2D1DE57CA8002A27B5 /* TPKeyboardAvoidingTableView.m */ = {isa = PBXFileReference; fileEncoding = 4; lastKnownFileType = sourcecode.c.objc; path = TPKeyboardAvoidingTableView.m; sourceTree = "<group>"; };
		1BDCED2E1DE57CA8002A27B5 /* UIScrollView+TPKeyboardAvoidingAdditions.h */ = {isa = PBXFileReference; fileEncoding = 4; lastKnownFileType = sourcecode.c.h; path = "UIScrollView+TPKeyboardAvoidingAdditions.h"; sourceTree = "<group>"; };
		1BDCED2F1DE57CA8002A27B5 /* UIScrollView+TPKeyboardAvoidingAdditions.m */ = {isa = PBXFileReference; fileEncoding = 4; lastKnownFileType = sourcecode.c.objc; path = "UIScrollView+TPKeyboardAvoidingAdditions.m"; sourceTree = "<group>"; };
		1BDCED311DE57CA8002A27B5 /* UIViewController+Swizzled.h */ = {isa = PBXFileReference; fileEncoding = 4; lastKnownFileType = sourcecode.c.h; path = "UIViewController+Swizzled.h"; sourceTree = "<group>"; };
		1BDCED321DE57CA8002A27B5 /* UIViewController+Swizzled.m */ = {isa = PBXFileReference; fileEncoding = 4; lastKnownFileType = sourcecode.c.objc; path = "UIViewController+Swizzled.m"; sourceTree = "<group>"; };
		1BDCED341DE57CA8002A27B5 /* WiFiUploadHTTPConnection.h */ = {isa = PBXFileReference; fileEncoding = 4; lastKnownFileType = sourcecode.c.h; path = WiFiUploadHTTPConnection.h; sourceTree = "<group>"; };
		1BDCED351DE57CA8002A27B5 /* WiFiUploadHTTPConnection.m */ = {isa = PBXFileReference; fileEncoding = 4; lastKnownFileType = sourcecode.c.objc; path = WiFiUploadHTTPConnection.m; sourceTree = "<group>"; };
		1BDCED361DE57CA8002A27B5 /* WiFiUploadManager.h */ = {isa = PBXFileReference; fileEncoding = 4; lastKnownFileType = sourcecode.c.h; path = WiFiUploadManager.h; sourceTree = "<group>"; };
		1BDCED371DE57CA8002A27B5 /* WiFiUploadManager.m */ = {isa = PBXFileReference; fileEncoding = 4; lastKnownFileType = sourcecode.c.objc; path = WiFiUploadManager.m; sourceTree = "<group>"; };
		1BDCED381DE57CA8002A27B5 /* WiFiUploadViewController.h */ = {isa = PBXFileReference; fileEncoding = 4; lastKnownFileType = sourcecode.c.h; path = WiFiUploadViewController.h; sourceTree = "<group>"; };
		1BDCED391DE57CA8002A27B5 /* WiFiUploadViewController.m */ = {isa = PBXFileReference; fileEncoding = 4; lastKnownFileType = sourcecode.c.objc; path = WiFiUploadViewController.m; sourceTree = "<group>"; };
		1BDCED6E1DE57D97002A27B5 /* index.html */ = {isa = PBXFileReference; fileEncoding = 4; lastKnownFileType = text.html; path = index.html; sourceTree = "<group>"; };
		1BDCED6F1DE57D97002A27B5 /* upload.html */ = {isa = PBXFileReference; fileEncoding = 4; lastKnownFileType = text.html; path = upload.html; sourceTree = "<group>"; };
		1BDCED721DE58812002A27B5 /* mdialog.css */ = {isa = PBXFileReference; fileEncoding = 4; lastKnownFileType = text.css; path = mdialog.css; sourceTree = "<group>"; };
		1BDCED731DE58812002A27B5 /* mdialog.js */ = {isa = PBXFileReference; fileEncoding = 4; lastKnownFileType = sourcecode.javascript; path = mdialog.js; sourceTree = "<group>"; };
		1BDCED741DE58812002A27B5 /* zepto.min.js */ = {isa = PBXFileReference; fileEncoding = 4; lastKnownFileType = sourcecode.javascript; path = zepto.min.js; sourceTree = "<group>"; };
		1BDCED781DE58D10002A27B5 /* testHUD.html */ = {isa = PBXFileReference; fileEncoding = 4; lastKnownFileType = text.html; path = testHUD.html; sourceTree = "<group>"; };
		1BEAFB1E1DC72C4700E15BA1 /* Utils.h */ = {isa = PBXFileReference; fileEncoding = 4; lastKnownFileType = sourcecode.c.h; path = Utils.h; sourceTree = "<group>"; };
		1BEAFB1F1DC72C4700E15BA1 /* Utils.m */ = {isa = PBXFileReference; fileEncoding = 4; lastKnownFileType = sourcecode.c.objc; path = Utils.m; sourceTree = "<group>"; };
		1BF52C2E1DDEF3B9007F9B34 /* FoldView.h */ = {isa = PBXFileReference; fileEncoding = 4; lastKnownFileType = sourcecode.c.h; path = FoldView.h; sourceTree = "<group>"; };
		1BF52C2F1DDEF3B9007F9B34 /* FoldView.m */ = {isa = PBXFileReference; fileEncoding = 4; lastKnownFileType = sourcecode.c.objc; path = FoldView.m; sourceTree = "<group>"; };
		1BF7F6C31D92492200F8E5B1 /* LearnSth.app */ = {isa = PBXFileReference; explicitFileType = wrapper.application; includeInIndex = 0; path = LearnSth.app; sourceTree = BUILT_PRODUCTS_DIR; };
		1BF7F6C71D92492200F8E5B1 /* main.m */ = {isa = PBXFileReference; lastKnownFileType = sourcecode.c.objc; path = main.m; sourceTree = "<group>"; };
		1BF7F6D01D92492200F8E5B1 /* Base */ = {isa = PBXFileReference; lastKnownFileType = file.storyboard; name = Base; path = Base.lproj/Main.storyboard; sourceTree = "<group>"; };
		1BF7F6D21D92492200F8E5B1 /* Assets.xcassets */ = {isa = PBXFileReference; lastKnownFileType = folder.assetcatalog; path = Assets.xcassets; sourceTree = "<group>"; };
		1BF7F6D51D92492200F8E5B1 /* Base */ = {isa = PBXFileReference; lastKnownFileType = file.storyboard; name = Base; path = Base.lproj/LaunchScreen.storyboard; sourceTree = "<group>"; };
		1BF7F6D71D92492200F8E5B1 /* Info.plist */ = {isa = PBXFileReference; lastKnownFileType = text.plist.xml; path = Info.plist; sourceTree = "<group>"; };
		1BF7F6DC1D92492200F8E5B1 /* LearnSthTests.xctest */ = {isa = PBXFileReference; explicitFileType = wrapper.cfbundle; includeInIndex = 0; path = LearnSthTests.xctest; sourceTree = BUILT_PRODUCTS_DIR; };
		1BF7F6E01D92492200F8E5B1 /* LearnSthTests.m */ = {isa = PBXFileReference; lastKnownFileType = sourcecode.c.objc; path = LearnSthTests.m; sourceTree = "<group>"; };
		1BF7F6E21D92492200F8E5B1 /* Info.plist */ = {isa = PBXFileReference; lastKnownFileType = text.plist.xml; path = Info.plist; sourceTree = "<group>"; };
		1BF7F6E71D92492200F8E5B1 /* LearnSthUITests.xctest */ = {isa = PBXFileReference; explicitFileType = wrapper.cfbundle; includeInIndex = 0; path = LearnSthUITests.xctest; sourceTree = BUILT_PRODUCTS_DIR; };
		1BF7F6EB1D92492200F8E5B1 /* LearnSthUITests.m */ = {isa = PBXFileReference; lastKnownFileType = sourcecode.c.objc; path = LearnSthUITests.m; sourceTree = "<group>"; };
		1BF7F6ED1D92492200F8E5B1 /* Info.plist */ = {isa = PBXFileReference; lastKnownFileType = text.plist.xml; path = Info.plist; sourceTree = "<group>"; };
		1BF7F6FB1D924BE500F8E5B1 /* AppDelegate.h */ = {isa = PBXFileReference; fileEncoding = 4; lastKnownFileType = sourcecode.c.h; path = AppDelegate.h; sourceTree = "<group>"; };
		1BF7F6FC1D924BE500F8E5B1 /* AppDelegate.m */ = {isa = PBXFileReference; fileEncoding = 4; lastKnownFileType = sourcecode.c.objc; path = AppDelegate.m; sourceTree = "<group>"; };
		1BFD3DE31DC839EF006B5FAB /* UserInfoViewController.h */ = {isa = PBXFileReference; fileEncoding = 4; lastKnownFileType = sourcecode.c.h; path = UserInfoViewController.h; sourceTree = "<group>"; };
		1BFD3DE41DC839EF006B5FAB /* UserInfoViewController.m */ = {isa = PBXFileReference; fileEncoding = 4; lastKnownFileType = sourcecode.c.objc; path = UserInfoViewController.m; sourceTree = "<group>"; };
		1BFE46FE1DCB232D00E9BDEC /* UserModel.h */ = {isa = PBXFileReference; fileEncoding = 4; lastKnownFileType = sourcecode.c.h; path = UserModel.h; sourceTree = "<group>"; };
		1BFE46FF1DCB232D00E9BDEC /* UserModel.m */ = {isa = PBXFileReference; fileEncoding = 4; lastKnownFileType = sourcecode.c.objc; path = UserModel.m; sourceTree = "<group>"; };
		413E9A348DDB24CA8FE6A54E /* Pods-LearnSth.release.xcconfig */ = {isa = PBXFileReference; includeInIndex = 1; lastKnownFileType = text.xcconfig; name = "Pods-LearnSth.release.xcconfig"; path = "Pods/Target Support Files/Pods-LearnSth/Pods-LearnSth.release.xcconfig"; sourceTree = "<group>"; };
		CF159E5D1DE174050061D0AF /* LoginViewController.h */ = {isa = PBXFileReference; fileEncoding = 4; lastKnownFileType = sourcecode.c.h; path = LoginViewController.h; sourceTree = "<group>"; };
		CF159E5E1DE174050061D0AF /* LoginViewController.m */ = {isa = PBXFileReference; fileEncoding = 4; lastKnownFileType = sourcecode.c.objc; path = LoginViewController.m; sourceTree = "<group>"; };
		CF159E5F1DE174050061D0AF /* RegisterViewController.h */ = {isa = PBXFileReference; fileEncoding = 4; lastKnownFileType = sourcecode.c.h; path = RegisterViewController.h; sourceTree = "<group>"; };
		CF159E601DE174050061D0AF /* RegisterViewController.m */ = {isa = PBXFileReference; fileEncoding = 4; lastKnownFileType = sourcecode.c.objc; path = RegisterViewController.m; sourceTree = "<group>"; };
		CF159E631DE19E560061D0AF /* SDSloganPoints.plist */ = {isa = PBXFileReference; fileEncoding = 4; lastKnownFileType = text.plist.xml; path = SDSloganPoints.plist; sourceTree = "<group>"; };
		CF2FEC7C1DAE6F1200933DE6 /* WebViewController.h */ = {isa = PBXFileReference; fileEncoding = 4; lastKnownFileType = sourcecode.c.h; path = WebViewController.h; sourceTree = "<group>"; };
		CF2FEC7D1DAE6F1200933DE6 /* WebViewController.m */ = {isa = PBXFileReference; fileEncoding = 4; lastKnownFileType = sourcecode.c.objc; path = WebViewController.m; sourceTree = "<group>"; };
		CF97EBD51DAA4A2600E1EDD7 /* LiveModel.h */ = {isa = PBXFileReference; fileEncoding = 4; lastKnownFileType = sourcecode.c.h; path = LiveModel.h; sourceTree = "<group>"; };
		CF97EBD61DAA4A2600E1EDD7 /* LiveModel.m */ = {isa = PBXFileReference; fileEncoding = 4; lastKnownFileType = sourcecode.c.objc; path = LiveModel.m; sourceTree = "<group>"; };
		CF97EBD91DAA4F0100E1EDD7 /* LiveViewController.h */ = {isa = PBXFileReference; fileEncoding = 4; lastKnownFileType = sourcecode.c.h; path = LiveViewController.h; sourceTree = "<group>"; };
		CF97EBDA1DAA4F0100E1EDD7 /* LiveViewController.m */ = {isa = PBXFileReference; fileEncoding = 4; lastKnownFileType = sourcecode.c.objc; path = LiveViewController.m; sourceTree = "<group>"; };
		CFED1D3C1DAD3B78006A3721 /* ADModel.h */ = {isa = PBXFileReference; fileEncoding = 4; lastKnownFileType = sourcecode.c.h; path = ADModel.h; sourceTree = "<group>"; };
		CFED1D3D1DAD3B78006A3721 /* ADModel.m */ = {isa = PBXFileReference; fileEncoding = 4; lastKnownFileType = sourcecode.c.objc; path = ADModel.m; sourceTree = "<group>"; };
		E971E9F2094EB28D744E4041 /* Pods-LearnSth.debug.xcconfig */ = {isa = PBXFileReference; includeInIndex = 1; lastKnownFileType = text.xcconfig; name = "Pods-LearnSth.debug.xcconfig"; path = "Pods/Target Support Files/Pods-LearnSth/Pods-LearnSth.debug.xcconfig"; sourceTree = "<group>"; };
		F4B79FEA5584229A931479F8 /* libPods-LearnSth.a */ = {isa = PBXFileReference; explicitFileType = archive.ar; includeInIndex = 0; path = "libPods-LearnSth.a"; sourceTree = BUILT_PRODUCTS_DIR; };
/* End PBXFileReference section */

/* Begin PBXFrameworksBuildPhase section */
		1BF7F6C01D92492200F8E5B1 /* Frameworks */ = {
			isa = PBXFrameworksBuildPhase;
			buildActionMask = 2147483647;
			files = (
				1B1148E61D9A499A004817B1 /* libz.tbd in Frameworks */,
				DC70711C937E46693E11C611 /* libPods-LearnSth.a in Frameworks */,
			);
			runOnlyForDeploymentPostprocessing = 0;
		};
		1BF7F6D91D92492200F8E5B1 /* Frameworks */ = {
			isa = PBXFrameworksBuildPhase;
			buildActionMask = 2147483647;
			files = (
			);
			runOnlyForDeploymentPostprocessing = 0;
		};
		1BF7F6E41D92492200F8E5B1 /* Frameworks */ = {
			isa = PBXFrameworksBuildPhase;
			buildActionMask = 2147483647;
			files = (
			);
			runOnlyForDeploymentPostprocessing = 0;
		};
/* End PBXFrameworksBuildPhase section */

/* Begin PBXGroup section */
		1B0B34141DAB207E0053CAB5 /* manager */ = {
			isa = PBXGroup;
			children = (
				1B0B34151DAB20C60053CAB5 /* HttpManager.h */,
				1B0B34161DAB20C60053CAB5 /* HttpManager.m */,
				1B0B34171DAB20C60053CAB5 /* SQLManager.h */,
				1B0B34181DAB20C60053CAB5 /* SQLManager.m */,
			);
			path = manager;
			sourceTree = "<group>";
		};
		1B0B342E1DAB2ED60053CAB5 /* userCenter */ = {
			isa = PBXGroup;
			children = (
				CF159E5C1DE174050061D0AF /* login */,
				1B0B342F1DAB2ED60053CAB5 /* controller */,
				1BFE46FD1DCB1A5600E9BDEC /* model */,
				1B667C621DBF57FE002A35D6 /* view */,
			);
			path = userCenter;
			sourceTree = "<group>";
		};
		1B0B342F1DAB2ED60053CAB5 /* controller */ = {
			isa = PBXGroup;
			children = (
				1B667C5F1DBF5765002A35D6 /* MessageViewController.h */,
				1B667C601DBF5765002A35D6 /* MessageViewController.m */,
				1B3CFAA61DACBE2800DA2661 /* PhotoLiarbraryController.h */,
				1B3CFAA71DACBE2800DA2661 /* PhotoLiarbraryController.m */,
				1B3CFAA91DACBE4800DA2661 /* PhotosViewController.h */,
				1B3CFAAA1DACBE4800DA2661 /* PhotosViewController.m */,
				1B5372D21DC04A2000A1CDDD /* PopoverViewController.h */,
				1B5372D31DC04A2000A1CDDD /* PopoverViewController.m */,
				1BFD3DE31DC839EF006B5FAB /* UserInfoViewController.h */,
				1BFD3DE41DC839EF006B5FAB /* UserInfoViewController.m */,
				1B0B34301DAB2F0F0053CAB5 /* UserViewController.h */,
				1B0B34311DAB2F0F0053CAB5 /* UserViewController.m */,
			);
			path = controller;
			sourceTree = "<group>";
		};
		1B0B34331DAB2F5B0053CAB5 /* controller */ = {
			isa = PBXGroup;
			children = (
				1B0B34381DAB30A20053CAB5 /* HomeViewController.h */,
				1B0B34391DAB30A20053CAB5 /* HomeViewController.m */,
			);
			path = controller;
			sourceTree = "<group>";
		};
		1B0B34341DAB2F5B0053CAB5 /* model */ = {
			isa = PBXGroup;
			children = (
				CF159E631DE19E560061D0AF /* SDSloganPoints.plist */,
				1B0B34351DAB2F840053CAB5 /* FuturesModel.h */,
				1B0B34361DAB2F840053CAB5 /* FuturesModel.m */,
				CFED1D3C1DAD3B78006A3721 /* ADModel.h */,
				CFED1D3D1DAD3B78006A3721 /* ADModel.m */,
			);
			path = model;
			sourceTree = "<group>";
		};
		1B0B343B1DAB30B30053CAB5 /* view */ = {
			isa = PBXGroup;
			children = (
				1B1765791DB9ECC5004A572D /* AnimationView.h */,
				1B17657A1DB9ECC5004A572D /* AnimationView.m */,
				1BF52C2E1DDEF3B9007F9B34 /* FoldView.h */,
				1BF52C2F1DDEF3B9007F9B34 /* FoldView.m */,
				1B234FE61DD060650036B9D1 /* LightSpotView.h */,
				1B234FE71DD060650036B9D1 /* LightSpotView.m */,
				1B0B343C1DAB30B30053CAB5 /* LineView.h */,
				1B0B343D1DAB30B30053CAB5 /* LineView.m */,
			);
			path = view;
			sourceTree = "<group>";
		};
		1B667C621DBF57FE002A35D6 /* view */ = {
			isa = PBXGroup;
			children = (
				1B667C631DBF5841002A35D6 /* MessageViewCell.h */,
				1B667C641DBF5841002A35D6 /* MessageViewCell.m */,
			);
			path = view;
			sourceTree = "<group>";
		};
		1BDCECC41DE57CA7002A27B5 /* vendor */ = {
			isa = PBXGroup;
			children = (
				1BDCECC51DE57CA8002A27B5 /* Aspects */,
				1BDCECC81DE57CA8002A27B5 /* BHBDrawBoarder */,
				1BDCECD11DE57CA8002A27B5 /* Category */,
				1BDCECD61DE57CA8002A27B5 /* DDImageBrowser */,
				1BDCECDE1DE57CA8002A27B5 /* FPSLabel */,
				1BDCECE11DE57CA8002A27B5 /* MBProgressHUD */,
				1BDCECE81DE57CA8002A27B5 /* MJRefresh */,
				1BDCED171DE57CA8002A27B5 /* SDCycleScrollView */,
				1BDCED271DE57CA8002A27B5 /* TPKeyboardAvoiding */,
				1BDCED301DE57CA8002A27B5 /* UIViewController+Swizzled */,
				1BDCED331DE57CA8002A27B5 /* WiFiUpload */,
			);
			path = vendor;
			sourceTree = "<group>";
		};
		1BDCECC51DE57CA8002A27B5 /* Aspects */ = {
			isa = PBXGroup;
			children = (
				1BDCECC61DE57CA8002A27B5 /* Aspects.h */,
				1BDCECC71DE57CA8002A27B5 /* Aspects.m */,
			);
			path = Aspects;
			sourceTree = "<group>";
		};
		1BDCECC81DE57CA8002A27B5 /* BHBDrawBoarder */ = {
			isa = PBXGroup;
			children = (
				1BDCECC91DE57CA8002A27B5 /* BHBDrawBoarderView.h */,
				1BDCECCA1DE57CA8002A27B5 /* BHBDrawBoarderView.m */,
				1BDCECCB1DE57CA8002A27B5 /* BHBMyDrawer.h */,
				1BDCECCC1DE57CA8002A27B5 /* BHBMyDrawer.m */,
				1BDCECCD1DE57CA8002A27B5 /* BHBPaintPath.h */,
				1BDCECCE1DE57CA8002A27B5 /* BHBPaintPath.m */,
				1BDCECCF1DE57CA8002A27B5 /* BHBScrollView.h */,
				1BDCECD01DE57CA8002A27B5 /* BHBScrollView.m */,
			);
			path = BHBDrawBoarder;
			sourceTree = "<group>";
		};
		1BDCECD11DE57CA8002A27B5 /* Category */ = {
			isa = PBXGroup;
			children = (
				1BDCECD21DE57CA8002A27B5 /* NSString+Tool.h */,
				1BDCECD31DE57CA8002A27B5 /* NSString+Tool.m */,
				1BDCECD41DE57CA8002A27B5 /* UIImage+Tool.h */,
				1BDCECD51DE57CA8002A27B5 /* UIImage+Tool.m */,
			);
			path = Category;
			sourceTree = "<group>";
		};
		1BDCECD61DE57CA8002A27B5 /* DDImageBrowser */ = {
			isa = PBXGroup;
			children = (
				1BDCECD71DE57CA8002A27B5 /* DDImageBrowserCell.h */,
				1BDCECD81DE57CA8002A27B5 /* DDImageBrowserCell.m */,
				1BDCECD91DE57CA8002A27B5 /* DDImageBrowserConfig.h */,
				1BDCECDA1DE57CA8002A27B5 /* DDImageBrowserController.h */,
				1BDCECDB1DE57CA8002A27B5 /* DDImageBrowserController.m */,
				1BDCECDC1DE57CA8002A27B5 /* UIImage+SaveToAlbum.h */,
				1BDCECDD1DE57CA8002A27B5 /* UIImage+SaveToAlbum.m */,
			);
			path = DDImageBrowser;
			sourceTree = "<group>";
		};
		1BDCECDE1DE57CA8002A27B5 /* FPSLabel */ = {
			isa = PBXGroup;
			children = (
				1BDCECDF1DE57CA8002A27B5 /* FPSLabel.h */,
				1BDCECE01DE57CA8002A27B5 /* FPSLabel.m */,
			);
			path = FPSLabel;
			sourceTree = "<group>";
		};
		1BDCECE11DE57CA8002A27B5 /* MBProgressHUD */ = {
			isa = PBXGroup;
			children = (
				1BDCECE21DE57CA8002A27B5 /* HUDerror.png */,
				1BDCECE31DE57CA8002A27B5 /* HUDerror@2x.png */,
				1BDCECE41DE57CA8002A27B5 /* HUDsuccess.png */,
				1BDCECE51DE57CA8002A27B5 /* HUDsuccess@2x.png */,
				1BDCECE61DE57CA8002A27B5 /* MBProgressHUD.h */,
				1BDCECE71DE57CA8002A27B5 /* MBProgressHUD.m */,
			);
			path = MBProgressHUD;
			sourceTree = "<group>";
		};
		1BDCECE81DE57CA8002A27B5 /* MJRefresh */ = {
			isa = PBXGroup;
			children = (
				1BDCECE91DE57CA8002A27B5 /* Base */,
				1BDCECF41DE57CA8002A27B5 /* Custom */,
				1BDCED0B1DE57CA8002A27B5 /* MJRefresh.bundle */,
				1BDCED0C1DE57CA8002A27B5 /* MJRefresh.h */,
				1BDCED0D1DE57CA8002A27B5 /* MJRefreshConst.h */,
				1BDCED0E1DE57CA8002A27B5 /* MJRefreshConst.m */,
				1BDCED0F1DE57CA8002A27B5 /* NSBundle+MJRefresh.h */,
				1BDCED101DE57CA8002A27B5 /* NSBundle+MJRefresh.m */,
				1BDCED111DE57CA8002A27B5 /* UIScrollView+MJExtension.h */,
				1BDCED121DE57CA8002A27B5 /* UIScrollView+MJExtension.m */,
				1BDCED131DE57CA8002A27B5 /* UIScrollView+MJRefresh.h */,
				1BDCED141DE57CA8002A27B5 /* UIScrollView+MJRefresh.m */,
				1BDCED151DE57CA8002A27B5 /* UIView+MJExtension.h */,
				1BDCED161DE57CA8002A27B5 /* UIView+MJExtension.m */,
			);
			path = MJRefresh;
			sourceTree = "<group>";
		};
		1BDCECE91DE57CA8002A27B5 /* Base */ = {
			isa = PBXGroup;
			children = (
				1BDCECEA1DE57CA8002A27B5 /* MJRefreshAutoFooter.h */,
				1BDCECEB1DE57CA8002A27B5 /* MJRefreshAutoFooter.m */,
				1BDCECEC1DE57CA8002A27B5 /* MJRefreshBackFooter.h */,
				1BDCECED1DE57CA8002A27B5 /* MJRefreshBackFooter.m */,
				1BDCECEE1DE57CA8002A27B5 /* MJRefreshComponent.h */,
				1BDCECEF1DE57CA8002A27B5 /* MJRefreshComponent.m */,
				1BDCECF01DE57CA8002A27B5 /* MJRefreshFooter.h */,
				1BDCECF11DE57CA8002A27B5 /* MJRefreshFooter.m */,
				1BDCECF21DE57CA8002A27B5 /* MJRefreshHeader.h */,
				1BDCECF31DE57CA8002A27B5 /* MJRefreshHeader.m */,
			);
			path = Base;
			sourceTree = "<group>";
		};
		1BDCECF41DE57CA8002A27B5 /* Custom */ = {
			isa = PBXGroup;
			children = (
				1BDCECF51DE57CA8002A27B5 /* Footer */,
				1BDCED041DE57CA8002A27B5 /* Header */,
			);
			path = Custom;
			sourceTree = "<group>";
		};
		1BDCECF51DE57CA8002A27B5 /* Footer */ = {
			isa = PBXGroup;
			children = (
				1BDCECF61DE57CA8002A27B5 /* Auto */,
				1BDCECFD1DE57CA8002A27B5 /* Back */,
			);
			path = Footer;
			sourceTree = "<group>";
		};
		1BDCECF61DE57CA8002A27B5 /* Auto */ = {
			isa = PBXGroup;
			children = (
				1BDCECF71DE57CA8002A27B5 /* MJRefreshAutoGifFooter.h */,
				1BDCECF81DE57CA8002A27B5 /* MJRefreshAutoGifFooter.m */,
				1BDCECF91DE57CA8002A27B5 /* MJRefreshAutoNormalFooter.h */,
				1BDCECFA1DE57CA8002A27B5 /* MJRefreshAutoNormalFooter.m */,
				1BDCECFB1DE57CA8002A27B5 /* MJRefreshAutoStateFooter.h */,
				1BDCECFC1DE57CA8002A27B5 /* MJRefreshAutoStateFooter.m */,
			);
			path = Auto;
			sourceTree = "<group>";
		};
		1BDCECFD1DE57CA8002A27B5 /* Back */ = {
			isa = PBXGroup;
			children = (
				1BDCECFE1DE57CA8002A27B5 /* MJRefreshBackGifFooter.h */,
				1BDCECFF1DE57CA8002A27B5 /* MJRefreshBackGifFooter.m */,
				1BDCED001DE57CA8002A27B5 /* MJRefreshBackNormalFooter.h */,
				1BDCED011DE57CA8002A27B5 /* MJRefreshBackNormalFooter.m */,
				1BDCED021DE57CA8002A27B5 /* MJRefreshBackStateFooter.h */,
				1BDCED031DE57CA8002A27B5 /* MJRefreshBackStateFooter.m */,
			);
			path = Back;
			sourceTree = "<group>";
		};
		1BDCED041DE57CA8002A27B5 /* Header */ = {
			isa = PBXGroup;
			children = (
				1BDCED051DE57CA8002A27B5 /* MJRefreshGifHeader.h */,
				1BDCED061DE57CA8002A27B5 /* MJRefreshGifHeader.m */,
				1BDCED071DE57CA8002A27B5 /* MJRefreshNormalHeader.h */,
				1BDCED081DE57CA8002A27B5 /* MJRefreshNormalHeader.m */,
				1BDCED091DE57CA8002A27B5 /* MJRefreshStateHeader.h */,
				1BDCED0A1DE57CA8002A27B5 /* MJRefreshStateHeader.m */,
			);
			path = Header;
			sourceTree = "<group>";
		};
		1BDCED171DE57CA8002A27B5 /* SDCycleScrollView */ = {
			isa = PBXGroup;
			children = (
				1BDCED181DE57CA8002A27B5 /* PageControl */,
				1BDCED211DE57CA8002A27B5 /* SDCollectionViewCell.h */,
				1BDCED221DE57CA8002A27B5 /* SDCollectionViewCell.m */,
				1BDCED231DE57CA8002A27B5 /* SDCycleScrollView.h */,
				1BDCED241DE57CA8002A27B5 /* SDCycleScrollView.m */,
				1BDCED251DE57CA8002A27B5 /* UIView+SDExtension.h */,
				1BDCED261DE57CA8002A27B5 /* UIView+SDExtension.m */,
			);
			path = SDCycleScrollView;
			sourceTree = "<group>";
		};
		1BDCED181DE57CA8002A27B5 /* PageControl */ = {
			isa = PBXGroup;
			children = (
				1BDCED191DE57CA8002A27B5 /* TAAbstractDotView.h */,
				1BDCED1A1DE57CA8002A27B5 /* TAAbstractDotView.m */,
				1BDCED1B1DE57CA8002A27B5 /* TAAnimatedDotView.h */,
				1BDCED1C1DE57CA8002A27B5 /* TAAnimatedDotView.m */,
				1BDCED1D1DE57CA8002A27B5 /* TADotView.h */,
				1BDCED1E1DE57CA8002A27B5 /* TADotView.m */,
				1BDCED1F1DE57CA8002A27B5 /* TAPageControl.h */,
				1BDCED201DE57CA8002A27B5 /* TAPageControl.m */,
			);
			path = PageControl;
			sourceTree = "<group>";
		};
		1BDCED271DE57CA8002A27B5 /* TPKeyboardAvoiding */ = {
			isa = PBXGroup;
			children = (
				1BDCED281DE57CA8002A27B5 /* TPKeyboardAvoidingCollectionView.h */,
				1BDCED291DE57CA8002A27B5 /* TPKeyboardAvoidingCollectionView.m */,
				1BDCED2A1DE57CA8002A27B5 /* TPKeyboardAvoidingScrollView.h */,
				1BDCED2B1DE57CA8002A27B5 /* TPKeyboardAvoidingScrollView.m */,
				1BDCED2C1DE57CA8002A27B5 /* TPKeyboardAvoidingTableView.h */,
				1BDCED2D1DE57CA8002A27B5 /* TPKeyboardAvoidingTableView.m */,
				1BDCED2E1DE57CA8002A27B5 /* UIScrollView+TPKeyboardAvoidingAdditions.h */,
				1BDCED2F1DE57CA8002A27B5 /* UIScrollView+TPKeyboardAvoidingAdditions.m */,
			);
			path = TPKeyboardAvoiding;
			sourceTree = "<group>";
		};
		1BDCED301DE57CA8002A27B5 /* UIViewController+Swizzled */ = {
			isa = PBXGroup;
			children = (
				1BDCED311DE57CA8002A27B5 /* UIViewController+Swizzled.h */,
				1BDCED321DE57CA8002A27B5 /* UIViewController+Swizzled.m */,
			);
			path = "UIViewController+Swizzled";
			sourceTree = "<group>";
		};
		1BDCED331DE57CA8002A27B5 /* WiFiUpload */ = {
			isa = PBXGroup;
			children = (
				1BDCED341DE57CA8002A27B5 /* WiFiUploadHTTPConnection.h */,
				1BDCED351DE57CA8002A27B5 /* WiFiUploadHTTPConnection.m */,
				1BDCED361DE57CA8002A27B5 /* WiFiUploadManager.h */,
				1BDCED371DE57CA8002A27B5 /* WiFiUploadManager.m */,
				1BDCED381DE57CA8002A27B5 /* WiFiUploadViewController.h */,
				1BDCED391DE57CA8002A27B5 /* WiFiUploadViewController.m */,
			);
			path = WiFiUpload;
			sourceTree = "<group>";
		};
		1BDCED6D1DE57D97002A27B5 /* Web */ = {
			isa = PBXGroup;
			children = (
				1BDCED781DE58D10002A27B5 /* testHUD.html */,
				1BDCED721DE58812002A27B5 /* mdialog.css */,
				1BDCED731DE58812002A27B5 /* mdialog.js */,
				1BDCED741DE58812002A27B5 /* zepto.min.js */,
				1BDCED6E1DE57D97002A27B5 /* index.html */,
				1BDCED6F1DE57D97002A27B5 /* upload.html */,
			);
			path = Web;
			sourceTree = "<group>";
		};
		1BF7F6BA1D92492200F8E5B1 = {
			isa = PBXGroup;
			children = (
				1BF7F6C51D92492200F8E5B1 /* LearnSth */,
				1BF7F6DF1D92492200F8E5B1 /* LearnSthTests */,
				1BF7F6EA1D92492200F8E5B1 /* LearnSthUITests */,
				1BF7F6C41D92492200F8E5B1 /* Products */,
				3FB33C495512F7CBF308965E /* Pods */,
				F88C22F665434B573DDEE7FC /* Frameworks */,
			);
			sourceTree = "<group>";
		};
		1BF7F6C41D92492200F8E5B1 /* Products */ = {
			isa = PBXGroup;
			children = (
				1BF7F6C31D92492200F8E5B1 /* LearnSth.app */,
				1BF7F6DC1D92492200F8E5B1 /* LearnSthTests.xctest */,
				1BF7F6E71D92492200F8E5B1 /* LearnSthUITests.xctest */,
			);
			name = Products;
			sourceTree = "<group>";
		};
		1BF7F6C51D92492200F8E5B1 /* LearnSth */ = {
			isa = PBXGroup;
			children = (
				1BDCED6D1DE57D97002A27B5 /* Web */,
				1BF7F6FA1D924BE500F8E5B1 /* AppDelegate */,
				1BF7F7011D924C5100F8E5B1 /* controller */,
				1B0B34141DAB207E0053CAB5 /* manager */,
				1BDCECC41DE57CA7002A27B5 /* vendor */,
			);
			path = LearnSth;
			sourceTree = "<group>";
		};
		1BF7F6C61D92492200F8E5B1 /* Supporting Files */ = {
			isa = PBXGroup;
			children = (
				1BF7F6CF1D92492200F8E5B1 /* Main.storyboard */,
				1BF7F6D21D92492200F8E5B1 /* Assets.xcassets */,
				1BF7F6D41D92492200F8E5B1 /* LaunchScreen.storyboard */,
				1BF7F6D71D92492200F8E5B1 /* Info.plist */,
				1BF7F6C71D92492200F8E5B1 /* main.m */,
			);
			name = "Supporting Files";
			path = ..;
			sourceTree = "<group>";
		};
		1BF7F6DF1D92492200F8E5B1 /* LearnSthTests */ = {
			isa = PBXGroup;
			children = (
				1BF7F6E01D92492200F8E5B1 /* LearnSthTests.m */,
				1BF7F6E21D92492200F8E5B1 /* Info.plist */,
			);
			path = LearnSthTests;
			sourceTree = "<group>";
		};
		1BF7F6EA1D92492200F8E5B1 /* LearnSthUITests */ = {
			isa = PBXGroup;
			children = (
				1BF7F6EB1D92492200F8E5B1 /* LearnSthUITests.m */,
				1BF7F6ED1D92492200F8E5B1 /* Info.plist */,
			);
			path = LearnSthUITests;
			sourceTree = "<group>";
		};
		1BF7F6FA1D924BE500F8E5B1 /* AppDelegate */ = {
			isa = PBXGroup;
			children = (
				1BF7F6C61D92492200F8E5B1 /* Supporting Files */,
				1BF7F6FB1D924BE500F8E5B1 /* AppDelegate.h */,
				1BF7F6FC1D924BE500F8E5B1 /* AppDelegate.m */,
				1BD176191D9A73D300C28051 /* TabBarViewController.h */,
				1BD1761A1D9A73D300C28051 /* TabBarViewController.m */,
				1B6E7DAD1DAB889F006F058B /* AppConfiguration.h */,
				1B6E7DAE1DAB8941006F058B /* BaseViewController.h */,
				1B6E7DAF1DAB8941006F058B /* BaseViewController.m */,
				1BEAFB1E1DC72C4700E15BA1 /* Utils.h */,
				1BEAFB1F1DC72C4700E15BA1 /* Utils.m */,
			);
			path = AppDelegate;
			sourceTree = "<group>";
		};
		1BF7F7011D924C5100F8E5B1 /* controller */ = {
			isa = PBXGroup;
			children = (
				CF2FEC7B1DAE6EFB00933DE6 /* common */,
				CF97EBC61DAA49D600E1EDD7 /* home */,
				CF97EBCB1DAA49D600E1EDD7 /* live */,
				1B0B342E1DAB2ED60053CAB5 /* userCenter */,
			);
			path = controller;
			sourceTree = "<group>";
		};
		1BFE46FD1DCB1A5600E9BDEC /* model */ = {
			isa = PBXGroup;
			children = (
				1BFE46FE1DCB232D00E9BDEC /* UserModel.h */,
				1BFE46FF1DCB232D00E9BDEC /* UserModel.m */,
			);
			path = model;
			sourceTree = "<group>";
		};
		3FB33C495512F7CBF308965E /* Pods */ = {
			isa = PBXGroup;
			children = (
				E971E9F2094EB28D744E4041 /* Pods-LearnSth.debug.xcconfig */,
				413E9A348DDB24CA8FE6A54E /* Pods-LearnSth.release.xcconfig */,
			);
			name = Pods;
			sourceTree = "<group>";
		};
		CF159E5C1DE174050061D0AF /* login */ = {
			isa = PBXGroup;
			children = (
				CF159E5D1DE174050061D0AF /* LoginViewController.h */,
				CF159E5E1DE174050061D0AF /* LoginViewController.m */,
				CF159E5F1DE174050061D0AF /* RegisterViewController.h */,
				CF159E601DE174050061D0AF /* RegisterViewController.m */,
			);
			path = login;
			sourceTree = "<group>";
		};
		CF2FEC7B1DAE6EFB00933DE6 /* common */ = {
			isa = PBXGroup;
			children = (
				CF2FEC7C1DAE6F1200933DE6 /* WebViewController.h */,
				CF2FEC7D1DAE6F1200933DE6 /* WebViewController.m */,
			);
			path = common;
			sourceTree = "<group>";
		};
		CF97EBC61DAA49D600E1EDD7 /* home */ = {
			isa = PBXGroup;
			children = (
				1B0B34331DAB2F5B0053CAB5 /* controller */,
				1B0B34341DAB2F5B0053CAB5 /* model */,
				1B0B343B1DAB30B30053CAB5 /* view */,
			);
			path = home;
			sourceTree = "<group>";
		};
		CF97EBCB1DAA49D600E1EDD7 /* live */ = {
			isa = PBXGroup;
			children = (
				CF97EBD81DAA4F0100E1EDD7 /* controller */,
				CF97EBD31DAA49F300E1EDD7 /* model */,
			);
			path = live;
			sourceTree = "<group>";
		};
		CF97EBD31DAA49F300E1EDD7 /* model */ = {
			isa = PBXGroup;
			children = (
				CF97EBD51DAA4A2600E1EDD7 /* LiveModel.h */,
				CF97EBD61DAA4A2600E1EDD7 /* LiveModel.m */,
			);
			path = model;
			sourceTree = "<group>";
		};
		CF97EBD81DAA4F0100E1EDD7 /* controller */ = {
			isa = PBXGroup;
			children = (
				CF97EBD91DAA4F0100E1EDD7 /* LiveViewController.h */,
				CF97EBDA1DAA4F0100E1EDD7 /* LiveViewController.m */,
				1B0B34421DAB3E150053CAB5 /* PLPlayerViewController.h */,
				1B0B34431DAB3E150053CAB5 /* PLPlayerViewController.m */,
			);
			path = controller;
			sourceTree = "<group>";
		};
		F88C22F665434B573DDEE7FC /* Frameworks */ = {
			isa = PBXGroup;
			children = (
				1B1148E51D9A499A004817B1 /* libz.tbd */,
				F4B79FEA5584229A931479F8 /* libPods-LearnSth.a */,
			);
			name = Frameworks;
			sourceTree = "<group>";
		};
/* End PBXGroup section */

/* Begin PBXNativeTarget section */
		1BF7F6C21D92492200F8E5B1 /* LearnSth */ = {
			isa = PBXNativeTarget;
			buildConfigurationList = 1BF7F6F01D92492200F8E5B1 /* Build configuration list for PBXNativeTarget "LearnSth" */;
			buildPhases = (
				2936023783FBFB02707EDA69 /* [CP] Check Pods Manifest.lock */,
				1BF7F6BF1D92492200F8E5B1 /* Sources */,
				1BF7F6C01D92492200F8E5B1 /* Frameworks */,
				1BF7F6C11D92492200F8E5B1 /* Resources */,
				1C6F2A04721CBCE92ADF0811 /* [CP] Embed Pods Frameworks */,
				84EAB8159764C26CAB90A78D /* [CP] Copy Pods Resources */,
			);
			buildRules = (
			);
			dependencies = (
			);
			name = LearnSth;
			productName = LearnSth;
			productReference = 1BF7F6C31D92492200F8E5B1 /* LearnSth.app */;
			productType = "com.apple.product-type.application";
		};
		1BF7F6DB1D92492200F8E5B1 /* LearnSthTests */ = {
			isa = PBXNativeTarget;
			buildConfigurationList = 1BF7F6F31D92492200F8E5B1 /* Build configuration list for PBXNativeTarget "LearnSthTests" */;
			buildPhases = (
				1BF7F6D81D92492200F8E5B1 /* Sources */,
				1BF7F6D91D92492200F8E5B1 /* Frameworks */,
				1BF7F6DA1D92492200F8E5B1 /* Resources */,
			);
			buildRules = (
			);
			dependencies = (
				1BF7F6DE1D92492200F8E5B1 /* PBXTargetDependency */,
			);
			name = LearnSthTests;
			productName = LearnSthTests;
			productReference = 1BF7F6DC1D92492200F8E5B1 /* LearnSthTests.xctest */;
			productType = "com.apple.product-type.bundle.unit-test";
		};
		1BF7F6E61D92492200F8E5B1 /* LearnSthUITests */ = {
			isa = PBXNativeTarget;
			buildConfigurationList = 1BF7F6F61D92492200F8E5B1 /* Build configuration list for PBXNativeTarget "LearnSthUITests" */;
			buildPhases = (
				1BF7F6E31D92492200F8E5B1 /* Sources */,
				1BF7F6E41D92492200F8E5B1 /* Frameworks */,
				1BF7F6E51D92492200F8E5B1 /* Resources */,
			);
			buildRules = (
			);
			dependencies = (
				1BF7F6E91D92492200F8E5B1 /* PBXTargetDependency */,
			);
			name = LearnSthUITests;
			productName = LearnSthUITests;
			productReference = 1BF7F6E71D92492200F8E5B1 /* LearnSthUITests.xctest */;
			productType = "com.apple.product-type.bundle.ui-testing";
		};
/* End PBXNativeTarget section */

/* Begin PBXProject section */
		1BF7F6BB1D92492200F8E5B1 /* Project object */ = {
			isa = PBXProject;
			attributes = {
				LastUpgradeCheck = 0800;
				ORGANIZATIONNAME = "丁鹏飞";
				TargetAttributes = {
					1BF7F6C21D92492200F8E5B1 = {
						CreatedOnToolsVersion = 8.0;
						DevelopmentTeam = 667L3Y3D6H;
						ProvisioningStyle = Automatic;
					};
					1BF7F6DB1D92492200F8E5B1 = {
						CreatedOnToolsVersion = 8.0;
						ProvisioningStyle = Automatic;
						TestTargetID = 1BF7F6C21D92492200F8E5B1;
					};
					1BF7F6E61D92492200F8E5B1 = {
						CreatedOnToolsVersion = 8.0;
						ProvisioningStyle = Automatic;
						TestTargetID = 1BF7F6C21D92492200F8E5B1;
					};
				};
			};
			buildConfigurationList = 1BF7F6BE1D92492200F8E5B1 /* Build configuration list for PBXProject "LearnSth" */;
			compatibilityVersion = "Xcode 3.2";
			developmentRegion = English;
			hasScannedForEncodings = 0;
			knownRegions = (
				en,
				Base,
			);
			mainGroup = 1BF7F6BA1D92492200F8E5B1;
			productRefGroup = 1BF7F6C41D92492200F8E5B1 /* Products */;
			projectDirPath = "";
			projectRoot = "";
			targets = (
				1BF7F6C21D92492200F8E5B1 /* LearnSth */,
				1BF7F6DB1D92492200F8E5B1 /* LearnSthTests */,
				1BF7F6E61D92492200F8E5B1 /* LearnSthUITests */,
			);
		};
/* End PBXProject section */

/* Begin PBXResourcesBuildPhase section */
		1BF7F6C11D92492200F8E5B1 /* Resources */ = {
			isa = PBXResourcesBuildPhase;
			buildActionMask = 2147483647;
			files = (
				1BDCED761DE58812002A27B5 /* mdialog.js in Resources */,
				1BF7F6D61D92492200F8E5B1 /* LaunchScreen.storyboard in Resources */,
				1BDCED471DE57CA8002A27B5 /* HUDsuccess.png in Resources */,
				CF159E641DE19E560061D0AF /* SDSloganPoints.plist in Resources */,
				1BDCED481DE57CA8002A27B5 /* HUDsuccess@2x.png in Resources */,
				1BDCED451DE57CA8002A27B5 /* HUDerror.png in Resources */,
				1BDCED701DE57D97002A27B5 /* index.html in Resources */,
				1BDCED581DE57CA8002A27B5 /* MJRefresh.bundle in Resources */,
				1BDCED711DE57D97002A27B5 /* upload.html in Resources */,
				1BDCED791DE58D10002A27B5 /* testHUD.html in Resources */,
				1BF7F6D31D92492200F8E5B1 /* Assets.xcassets in Resources */,
				1BF7F6D11D92492200F8E5B1 /* Main.storyboard in Resources */,
				1BDCED771DE58812002A27B5 /* zepto.min.js in Resources */,
				1BDCED461DE57CA8002A27B5 /* HUDerror@2x.png in Resources */,
				1BDCED751DE58812002A27B5 /* mdialog.css in Resources */,
			);
			runOnlyForDeploymentPostprocessing = 0;
		};
		1BF7F6DA1D92492200F8E5B1 /* Resources */ = {
			isa = PBXResourcesBuildPhase;
			buildActionMask = 2147483647;
			files = (
			);
			runOnlyForDeploymentPostprocessing = 0;
		};
		1BF7F6E51D92492200F8E5B1 /* Resources */ = {
			isa = PBXResourcesBuildPhase;
			buildActionMask = 2147483647;
			files = (
			);
			runOnlyForDeploymentPostprocessing = 0;
		};
/* End PBXResourcesBuildPhase section */

/* Begin PBXShellScriptBuildPhase section */
		1C6F2A04721CBCE92ADF0811 /* [CP] Embed Pods Frameworks */ = {
			isa = PBXShellScriptBuildPhase;
			buildActionMask = 2147483647;
			files = (
			);
			inputPaths = (
			);
			name = "[CP] Embed Pods Frameworks";
			outputPaths = (
			);
			runOnlyForDeploymentPostprocessing = 0;
			shellPath = /bin/sh;
			shellScript = "\"${SRCROOT}/Pods/Target Support Files/Pods-LearnSth/Pods-LearnSth-frameworks.sh\"\n";
			showEnvVarsInLog = 0;
		};
		2936023783FBFB02707EDA69 /* [CP] Check Pods Manifest.lock */ = {
			isa = PBXShellScriptBuildPhase;
			buildActionMask = 2147483647;
			files = (
			);
			inputPaths = (
			);
			name = "[CP] Check Pods Manifest.lock";
			outputPaths = (
			);
			runOnlyForDeploymentPostprocessing = 0;
			shellPath = /bin/sh;
			shellScript = "diff \"${PODS_ROOT}/../Podfile.lock\" \"${PODS_ROOT}/Manifest.lock\" > /dev/null\nif [[ $? != 0 ]] ; then\n    cat << EOM\nerror: The sandbox is not in sync with the Podfile.lock. Run 'pod install' or update your CocoaPods installation.\nEOM\n    exit 1\nfi\n";
			showEnvVarsInLog = 0;
		};
		84EAB8159764C26CAB90A78D /* [CP] Copy Pods Resources */ = {
			isa = PBXShellScriptBuildPhase;
			buildActionMask = 2147483647;
			files = (
			);
			inputPaths = (
			);
			name = "[CP] Copy Pods Resources";
			outputPaths = (
			);
			runOnlyForDeploymentPostprocessing = 0;
			shellPath = /bin/sh;
			shellScript = "\"${SRCROOT}/Pods/Target Support Files/Pods-LearnSth/Pods-LearnSth-resources.sh\"\n";
			showEnvVarsInLog = 0;
		};
/* End PBXShellScriptBuildPhase section */

/* Begin PBXSourcesBuildPhase section */
		1BF7F6BF1D92492200F8E5B1 /* Sources */ = {
			isa = PBXSourcesBuildPhase;
			buildActionMask = 2147483647;
			files = (
				1BDCED521DE57CA8002A27B5 /* MJRefreshBackGifFooter.m in Sources */,
				1BDCED5E1DE57CA8002A27B5 /* TAAbstractDotView.m in Sources */,
				1BDCED4B1DE57CA8002A27B5 /* MJRefreshBackFooter.m in Sources */,
				1BDCED4D1DE57CA8002A27B5 /* MJRefreshFooter.m in Sources */,
				1BDCED631DE57CA8002A27B5 /* SDCycleScrollView.m in Sources */,
				1B3CFAAB1DACBE4800DA2661 /* PhotosViewController.m in Sources */,
				1BDCED4A1DE57CA8002A27B5 /* MJRefreshAutoFooter.m in Sources */,
				1B17657B1DB9ECC5004A572D /* AnimationView.m in Sources */,
				1BDCED601DE57CA8002A27B5 /* TADotView.m in Sources */,
				1B667C611DBF5765002A35D6 /* MessageViewController.m in Sources */,
				CF2FEC7E1DAE6F1200933DE6 /* WebViewController.m in Sources */,
				1B0B343A1DAB30A20053CAB5 /* HomeViewController.m in Sources */,
				1BD1761B1D9A73D300C28051 /* TabBarViewController.m in Sources */,
				1BDCED661DE57CA8002A27B5 /* TPKeyboardAvoidingScrollView.m in Sources */,
				1BF52C301DDEF3B9007F9B34 /* FoldView.m in Sources */,
				1BDCED491DE57CA8002A27B5 /* MBProgressHUD.m in Sources */,
				1BDCED551DE57CA8002A27B5 /* MJRefreshGifHeader.m in Sources */,
				1BDCED6B1DE57CA8002A27B5 /* WiFiUploadManager.m in Sources */,
				1BDCED651DE57CA8002A27B5 /* TPKeyboardAvoidingCollectionView.m in Sources */,
				1B0B343E1DAB30B30053CAB5 /* LineView.m in Sources */,
				1B0B34201DAB20C60053CAB5 /* HttpManager.m in Sources */,
				CFED1D3E1DAD3B78006A3721 /* ADModel.m in Sources */,
				1B3CFAA81DACBE2800DA2661 /* PhotoLiarbraryController.m in Sources */,
				1BDCED5D1DE57CA8002A27B5 /* UIView+MJExtension.m in Sources */,
				1BDCED561DE57CA8002A27B5 /* MJRefreshNormalHeader.m in Sources */,
				1B6E7DB01DAB8941006F058B /* BaseViewController.m in Sources */,
				1BDCED591DE57CA8002A27B5 /* MJRefreshConst.m in Sources */,
				1B5372D41DC04A2000A1CDDD /* PopoverViewController.m in Sources */,
				1B234FE81DD060650036B9D1 /* LightSpotView.m in Sources */,
				CF159E611DE174050061D0AF /* LoginViewController.m in Sources */,
				1BDCED541DE57CA8002A27B5 /* MJRefreshBackStateFooter.m in Sources */,
				CF159E621DE174050061D0AF /* RegisterViewController.m in Sources */,
				1BDCED511DE57CA8002A27B5 /* MJRefreshAutoStateFooter.m in Sources */,
				1BEAFB201DC72C4700E15BA1 /* Utils.m in Sources */,
				1BDCED5B1DE57CA8002A27B5 /* UIScrollView+MJExtension.m in Sources */,
				1BDCED3B1DE57CA8002A27B5 /* BHBDrawBoarderView.m in Sources */,
				1BF7F6C81D92492200F8E5B1 /* main.m in Sources */,
				1B0B34321DAB2F0F0053CAB5 /* UserViewController.m in Sources */,
				1BDCED5F1DE57CA8002A27B5 /* TAAnimatedDotView.m in Sources */,
				1BDCED611DE57CA8002A27B5 /* TAPageControl.m in Sources */,
				1BDCED641DE57CA8002A27B5 /* UIView+SDExtension.m in Sources */,
				1BDCED441DE57CA8002A27B5 /* FPSLabel.m in Sources */,
				1BDCED3C1DE57CA8002A27B5 /* BHBMyDrawer.m in Sources */,
				1BDCED501DE57CA8002A27B5 /* MJRefreshAutoNormalFooter.m in Sources */,
				1B0B34371DAB2F840053CAB5 /* FuturesModel.m in Sources */,
				1BDCED4C1DE57CA8002A27B5 /* MJRefreshComponent.m in Sources */,
				1BDCED671DE57CA8002A27B5 /* TPKeyboardAvoidingTableView.m in Sources */,
				1BDCED401DE57CA8002A27B5 /* UIImage+Tool.m in Sources */,
				CF97EBD71DAA4A2600E1EDD7 /* LiveModel.m in Sources */,
				1B0B34441DAB3E150053CAB5 /* PLPlayerViewController.m in Sources */,
				1BDCED691DE57CA8002A27B5 /* UIViewController+Swizzled.m in Sources */,
				1BDCED3A1DE57CA8002A27B5 /* Aspects.m in Sources */,
				1BDCED421DE57CA8002A27B5 /* DDImageBrowserController.m in Sources */,
				1BDCED411DE57CA8002A27B5 /* DDImageBrowserCell.m in Sources */,
				1BDCED621DE57CA8002A27B5 /* SDCollectionViewCell.m in Sources */,
				CF97EBDE1DAA4F0100E1EDD7 /* LiveViewController.m in Sources */,
				1BDCED4F1DE57CA8002A27B5 /* MJRefreshAutoGifFooter.m in Sources */,
				1BDCED5A1DE57CA8002A27B5 /* NSBundle+MJRefresh.m in Sources */,
				1BDCED6A1DE57CA8002A27B5 /* WiFiUploadHTTPConnection.m in Sources */,
				1BFD3DE51DC839EF006B5FAB /* UserInfoViewController.m in Sources */,
				1BDCED3F1DE57CA8002A27B5 /* NSString+Tool.m in Sources */,
				1BDCED3E1DE57CA8002A27B5 /* BHBScrollView.m in Sources */,
				1BDCED6C1DE57CA8002A27B5 /* WiFiUploadViewController.m in Sources */,
				1BDCED681DE57CA8002A27B5 /* UIScrollView+TPKeyboardAvoidingAdditions.m in Sources */,
				1B0B34211DAB20C60053CAB5 /* SQLManager.m in Sources */,
				1BFE47001DCB232D00E9BDEC /* UserModel.m in Sources */,
				1BDCED5C1DE57CA8002A27B5 /* UIScrollView+MJRefresh.m in Sources */,
				1BDCED4E1DE57CA8002A27B5 /* MJRefreshHeader.m in Sources */,
				1BDCED531DE57CA8002A27B5 /* MJRefreshBackNormalFooter.m in Sources */,
				1BDCED571DE57CA8002A27B5 /* MJRefreshStateHeader.m in Sources */,
				1BF7F6FD1D924BE500F8E5B1 /* AppDelegate.m in Sources */,
				1BDCED3D1DE57CA8002A27B5 /* BHBPaintPath.m in Sources */,
				1B667C651DBF5841002A35D6 /* MessageViewCell.m in Sources */,
				1BDCED431DE57CA8002A27B5 /* UIImage+SaveToAlbum.m in Sources */,
			);
			runOnlyForDeploymentPostprocessing = 0;
		};
		1BF7F6D81D92492200F8E5B1 /* Sources */ = {
			isa = PBXSourcesBuildPhase;
			buildActionMask = 2147483647;
			files = (
				1BF7F6E11D92492200F8E5B1 /* LearnSthTests.m in Sources */,
			);
			runOnlyForDeploymentPostprocessing = 0;
		};
		1BF7F6E31D92492200F8E5B1 /* Sources */ = {
			isa = PBXSourcesBuildPhase;
			buildActionMask = 2147483647;
			files = (
				1BF7F6EC1D92492200F8E5B1 /* LearnSthUITests.m in Sources */,
			);
			runOnlyForDeploymentPostprocessing = 0;
		};
/* End PBXSourcesBuildPhase section */

/* Begin PBXTargetDependency section */
		1BF7F6DE1D92492200F8E5B1 /* PBXTargetDependency */ = {
			isa = PBXTargetDependency;
			target = 1BF7F6C21D92492200F8E5B1 /* LearnSth */;
			targetProxy = 1BF7F6DD1D92492200F8E5B1 /* PBXContainerItemProxy */;
		};
		1BF7F6E91D92492200F8E5B1 /* PBXTargetDependency */ = {
			isa = PBXTargetDependency;
			target = 1BF7F6C21D92492200F8E5B1 /* LearnSth */;
			targetProxy = 1BF7F6E81D92492200F8E5B1 /* PBXContainerItemProxy */;
		};
/* End PBXTargetDependency section */

/* Begin PBXVariantGroup section */
		1BF7F6CF1D92492200F8E5B1 /* Main.storyboard */ = {
			isa = PBXVariantGroup;
			children = (
				1BF7F6D01D92492200F8E5B1 /* Base */,
			);
			name = Main.storyboard;
			sourceTree = "<group>";
		};
		1BF7F6D41D92492200F8E5B1 /* LaunchScreen.storyboard */ = {
			isa = PBXVariantGroup;
			children = (
				1BF7F6D51D92492200F8E5B1 /* Base */,
			);
			name = LaunchScreen.storyboard;
			sourceTree = "<group>";
		};
/* End PBXVariantGroup section */

/* Begin XCBuildConfiguration section */
		1BF7F6EE1D92492200F8E5B1 /* Debug */ = {
			isa = XCBuildConfiguration;
			buildSettings = {
				ALWAYS_SEARCH_USER_PATHS = NO;
				CLANG_ANALYZER_NONNULL = YES;
				CLANG_CXX_LANGUAGE_STANDARD = "gnu++0x";
				CLANG_CXX_LIBRARY = "libc++";
				CLANG_ENABLE_MODULES = YES;
				CLANG_ENABLE_OBJC_ARC = YES;
				CLANG_WARN_BOOL_CONVERSION = YES;
				CLANG_WARN_CONSTANT_CONVERSION = YES;
				CLANG_WARN_DIRECT_OBJC_ISA_USAGE = YES_ERROR;
				CLANG_WARN_DOCUMENTATION_COMMENTS = YES;
				CLANG_WARN_EMPTY_BODY = YES;
				CLANG_WARN_ENUM_CONVERSION = YES;
				CLANG_WARN_INFINITE_RECURSION = YES;
				CLANG_WARN_INT_CONVERSION = YES;
				CLANG_WARN_OBJC_ROOT_CLASS = YES_ERROR;
				CLANG_WARN_SUSPICIOUS_MOVE = YES;
				CLANG_WARN_SUSPICIOUS_MOVES = YES;
				CLANG_WARN_UNREACHABLE_CODE = YES;
				CLANG_WARN__DUPLICATE_METHOD_MATCH = YES;
				"CODE_SIGN_IDENTITY[sdk=iphoneos*]" = "iPhone Developer";
				COPY_PHASE_STRIP = NO;
				DEBUG_INFORMATION_FORMAT = dwarf;
				ENABLE_STRICT_OBJC_MSGSEND = YES;
				ENABLE_TESTABILITY = YES;
				GCC_C_LANGUAGE_STANDARD = gnu99;
				GCC_DYNAMIC_NO_PIC = NO;
				GCC_NO_COMMON_BLOCKS = YES;
				GCC_OPTIMIZATION_LEVEL = 0;
				GCC_PREPROCESSOR_DEFINITIONS = (
					"DEBUG=1",
					"$(inherited)",
				);
				GCC_WARN_64_TO_32_BIT_CONVERSION = YES;
				GCC_WARN_ABOUT_RETURN_TYPE = YES_ERROR;
				GCC_WARN_UNDECLARED_SELECTOR = YES;
				GCC_WARN_UNINITIALIZED_AUTOS = YES_AGGRESSIVE;
				GCC_WARN_UNUSED_FUNCTION = YES;
				GCC_WARN_UNUSED_VARIABLE = YES;
				IPHONEOS_DEPLOYMENT_TARGET = 10.0;
				MTL_ENABLE_DEBUG_INFO = YES;
				ONLY_ACTIVE_ARCH = YES;
				SDKROOT = iphoneos;
			};
			name = Debug;
		};
		1BF7F6EF1D92492200F8E5B1 /* Release */ = {
			isa = XCBuildConfiguration;
			buildSettings = {
				ALWAYS_SEARCH_USER_PATHS = NO;
				CLANG_ANALYZER_NONNULL = YES;
				CLANG_CXX_LANGUAGE_STANDARD = "gnu++0x";
				CLANG_CXX_LIBRARY = "libc++";
				CLANG_ENABLE_MODULES = YES;
				CLANG_ENABLE_OBJC_ARC = YES;
				CLANG_WARN_BOOL_CONVERSION = YES;
				CLANG_WARN_CONSTANT_CONVERSION = YES;
				CLANG_WARN_DIRECT_OBJC_ISA_USAGE = YES_ERROR;
				CLANG_WARN_DOCUMENTATION_COMMENTS = YES;
				CLANG_WARN_EMPTY_BODY = YES;
				CLANG_WARN_ENUM_CONVERSION = YES;
				CLANG_WARN_INFINITE_RECURSION = YES;
				CLANG_WARN_INT_CONVERSION = YES;
				CLANG_WARN_OBJC_ROOT_CLASS = YES_ERROR;
				CLANG_WARN_SUSPICIOUS_MOVE = YES;
				CLANG_WARN_SUSPICIOUS_MOVES = YES;
				CLANG_WARN_UNREACHABLE_CODE = YES;
				CLANG_WARN__DUPLICATE_METHOD_MATCH = YES;
				"CODE_SIGN_IDENTITY[sdk=iphoneos*]" = "iPhone Developer";
				COPY_PHASE_STRIP = NO;
				DEBUG_INFORMATION_FORMAT = "dwarf-with-dsym";
				ENABLE_NS_ASSERTIONS = NO;
				ENABLE_STRICT_OBJC_MSGSEND = YES;
				GCC_C_LANGUAGE_STANDARD = gnu99;
				GCC_NO_COMMON_BLOCKS = YES;
				GCC_WARN_64_TO_32_BIT_CONVERSION = YES;
				GCC_WARN_ABOUT_RETURN_TYPE = YES_ERROR;
				GCC_WARN_UNDECLARED_SELECTOR = YES;
				GCC_WARN_UNINITIALIZED_AUTOS = YES_AGGRESSIVE;
				GCC_WARN_UNUSED_FUNCTION = YES;
				GCC_WARN_UNUSED_VARIABLE = YES;
				IPHONEOS_DEPLOYMENT_TARGET = 10.0;
				MTL_ENABLE_DEBUG_INFO = NO;
				SDKROOT = iphoneos;
				VALIDATE_PRODUCT = YES;
			};
			name = Release;
		};
		1BF7F6F11D92492200F8E5B1 /* Debug */ = {
			isa = XCBuildConfiguration;
			baseConfigurationReference = E971E9F2094EB28D744E4041 /* Pods-LearnSth.debug.xcconfig */;
			buildSettings = {
				ASSETCATALOG_COMPILER_APPICON_NAME = AppIcon;
				"CODE_SIGN_IDENTITY[sdk=iphoneos*]" = "iPhone Developer";
				DEVELOPMENT_TEAM = 667L3Y3D6H;
				ENABLE_BITCODE = NO;
				GCC_INCREASE_PRECOMPILED_HEADER_SHARING = NO;
				GCC_TREAT_WARNINGS_AS_ERRORS = NO;
				INFOPLIST_FILE = LearnSth/Info.plist;
				IPHONEOS_DEPLOYMENT_TARGET = 8.0;
				LD_RUNPATH_SEARCH_PATHS = "$(inherited) @executable_path/Frameworks";
				PRODUCT_BUNDLE_IDENTIFIER = com.dpf.LearnSth;
				PRODUCT_NAME = "$(TARGET_NAME)";
			};
			name = Debug;
		};
		1BF7F6F21D92492200F8E5B1 /* Release */ = {
			isa = XCBuildConfiguration;
			baseConfigurationReference = 413E9A348DDB24CA8FE6A54E /* Pods-LearnSth.release.xcconfig */;
			buildSettings = {
				ASSETCATALOG_COMPILER_APPICON_NAME = AppIcon;
				"CODE_SIGN_IDENTITY[sdk=iphoneos*]" = "iPhone Developer";
				DEVELOPMENT_TEAM = 667L3Y3D6H;
				ENABLE_BITCODE = NO;
				GCC_INCREASE_PRECOMPILED_HEADER_SHARING = NO;
				GCC_TREAT_WARNINGS_AS_ERRORS = NO;
				INFOPLIST_FILE = LearnSth/Info.plist;
				IPHONEOS_DEPLOYMENT_TARGET = 8.0;
				LD_RUNPATH_SEARCH_PATHS = "$(inherited) @executable_path/Frameworks";
				PRODUCT_BUNDLE_IDENTIFIER = com.dpf.LearnSth;
				PRODUCT_NAME = "$(TARGET_NAME)";
			};
			name = Release;
		};
		1BF7F6F41D92492200F8E5B1 /* Debug */ = {
			isa = XCBuildConfiguration;
			buildSettings = {
				BUNDLE_LOADER = "$(TEST_HOST)";
				INFOPLIST_FILE = LearnSthTests/Info.plist;
				LD_RUNPATH_SEARCH_PATHS = "$(inherited) @executable_path/Frameworks @loader_path/Frameworks";
				PRODUCT_BUNDLE_IDENTIFIER = com.dpf.LearnSthTests;
				PRODUCT_NAME = "$(TARGET_NAME)";
				TEST_HOST = "$(BUILT_PRODUCTS_DIR)/LearnSth.app/LearnSth";
			};
			name = Debug;
		};
		1BF7F6F51D92492200F8E5B1 /* Release */ = {
			isa = XCBuildConfiguration;
			buildSettings = {
				BUNDLE_LOADER = "$(TEST_HOST)";
				INFOPLIST_FILE = LearnSthTests/Info.plist;
				LD_RUNPATH_SEARCH_PATHS = "$(inherited) @executable_path/Frameworks @loader_path/Frameworks";
				PRODUCT_BUNDLE_IDENTIFIER = com.dpf.LearnSthTests;
				PRODUCT_NAME = "$(TARGET_NAME)";
				TEST_HOST = "$(BUILT_PRODUCTS_DIR)/LearnSth.app/LearnSth";
			};
			name = Release;
		};
		1BF7F6F71D92492200F8E5B1 /* Debug */ = {
			isa = XCBuildConfiguration;
			buildSettings = {
				INFOPLIST_FILE = LearnSthUITests/Info.plist;
				LD_RUNPATH_SEARCH_PATHS = "$(inherited) @executable_path/Frameworks @loader_path/Frameworks";
				PRODUCT_BUNDLE_IDENTIFIER = com.dpf.LearnSthUITests;
				PRODUCT_NAME = "$(TARGET_NAME)";
				TEST_TARGET_NAME = LearnSth;
			};
			name = Debug;
		};
		1BF7F6F81D92492200F8E5B1 /* Release */ = {
			isa = XCBuildConfiguration;
			buildSettings = {
				INFOPLIST_FILE = LearnSthUITests/Info.plist;
				LD_RUNPATH_SEARCH_PATHS = "$(inherited) @executable_path/Frameworks @loader_path/Frameworks";
				PRODUCT_BUNDLE_IDENTIFIER = com.dpf.LearnSthUITests;
				PRODUCT_NAME = "$(TARGET_NAME)";
				TEST_TARGET_NAME = LearnSth;
			};
			name = Release;
		};
/* End XCBuildConfiguration section */

/* Begin XCConfigurationList section */
		1BF7F6BE1D92492200F8E5B1 /* Build configuration list for PBXProject "LearnSth" */ = {
			isa = XCConfigurationList;
			buildConfigurations = (
				1BF7F6EE1D92492200F8E5B1 /* Debug */,
				1BF7F6EF1D92492200F8E5B1 /* Release */,
			);
			defaultConfigurationIsVisible = 0;
			defaultConfigurationName = Release;
		};
		1BF7F6F01D92492200F8E5B1 /* Build configuration list for PBXNativeTarget "LearnSth" */ = {
			isa = XCConfigurationList;
			buildConfigurations = (
				1BF7F6F11D92492200F8E5B1 /* Debug */,
				1BF7F6F21D92492200F8E5B1 /* Release */,
			);
			defaultConfigurationIsVisible = 0;
			defaultConfigurationName = Release;
		};
		1BF7F6F31D92492200F8E5B1 /* Build configuration list for PBXNativeTarget "LearnSthTests" */ = {
			isa = XCConfigurationList;
			buildConfigurations = (
				1BF7F6F41D92492200F8E5B1 /* Debug */,
				1BF7F6F51D92492200F8E5B1 /* Release */,
			);
			defaultConfigurationIsVisible = 0;
			defaultConfigurationName = Release;
		};
		1BF7F6F61D92492200F8E5B1 /* Build configuration list for PBXNativeTarget "LearnSthUITests" */ = {
			isa = XCConfigurationList;
			buildConfigurations = (
				1BF7F6F71D92492200F8E5B1 /* Debug */,
				1BF7F6F81D92492200F8E5B1 /* Release */,
			);
			defaultConfigurationIsVisible = 0;
			defaultConfigurationName = Release;
		};
/* End XCConfigurationList section */
	};
	rootObject = 1BF7F6BB1D92492200F8E5B1 /* Project object */;
}
