// !$*UTF8*$!
{
	archiveVersion = 1;
	classes = {
	};
	objectVersion = 46;
	objects = {

/* Begin PBXBuildFile section */
		1B1148E61D9A499A004817B1 /* libz.tbd in Frameworks */ = {isa = PBXBuildFile; fileRef = 1B1148E51D9A499A004817B1 /* libz.tbd */; };
		1B3492451D93A804005C4800 /* index.html in Resources */ = {isa = PBXBuildFile; fileRef = 1B3492431D93A804005C4800 /* index.html */; };
		1B3492461D93A804005C4800 /* upload.html in Resources */ = {isa = PBXBuildFile; fileRef = 1B3492441D93A804005C4800 /* upload.html */; };
		1B34924D1D93AC1E005C4800 /* WiFiUploadManager.m in Sources */ = {isa = PBXBuildFile; fileRef = 1B34924C1D93AC1E005C4800 /* WiFiUploadManager.m */; };
		1B3492531D93B0E4005C4800 /* WiFiUploadHTTPConnection.m in Sources */ = {isa = PBXBuildFile; fileRef = 1B3492521D93B0E4005C4800 /* WiFiUploadHTTPConnection.m */; };
		1B3492561D93B60A005C4800 /* WiFiUploadViewController.m in Sources */ = {isa = PBXBuildFile; fileRef = 1B3492551D93B60A005C4800 /* WiFiUploadViewController.m */; };
		1BD1761B1D9A73D300C28051 /* TabBarViewController.m in Sources */ = {isa = PBXBuildFile; fileRef = 1BD1761A1D9A73D300C28051 /* TabBarViewController.m */; };
		1BD1761F1D9A73FA00C28051 /* ImageViewController.m in Sources */ = {isa = PBXBuildFile; fileRef = 1BD1761E1D9A73FA00C28051 /* ImageViewController.m */; };
		1BD176211D9A760400C28051 /* 000.jpg in Resources */ = {isa = PBXBuildFile; fileRef = 1BD176201D9A760400C28051 /* 000.jpg */; };
		1BD907361D9B65E3008744B8 /* TableViewController.m in Sources */ = {isa = PBXBuildFile; fileRef = 1BD907321D9B65E3008744B8 /* TableViewController.m */; };
		1BD907371D9B65E3008744B8 /* ViewController.m in Sources */ = {isa = PBXBuildFile; fileRef = 1BD907341D9B65E3008744B8 /* ViewController.m */; };
		1BD9073A1D9B65F9008744B8 /* LiveViewController.m in Sources */ = {isa = PBXBuildFile; fileRef = 1BD907391D9B65F9008744B8 /* LiveViewController.m */; };
		1BF7F6C81D92492200F8E5B1 /* main.m in Sources */ = {isa = PBXBuildFile; fileRef = 1BF7F6C71D92492200F8E5B1 /* main.m */; };
		1BF7F6D11D92492200F8E5B1 /* Main.storyboard in Resources */ = {isa = PBXBuildFile; fileRef = 1BF7F6CF1D92492200F8E5B1 /* Main.storyboard */; };
		1BF7F6D31D92492200F8E5B1 /* Assets.xcassets in Resources */ = {isa = PBXBuildFile; fileRef = 1BF7F6D21D92492200F8E5B1 /* Assets.xcassets */; };
		1BF7F6D61D92492200F8E5B1 /* LaunchScreen.storyboard in Resources */ = {isa = PBXBuildFile; fileRef = 1BF7F6D41D92492200F8E5B1 /* LaunchScreen.storyboard */; };
		1BF7F6E11D92492200F8E5B1 /* LearnSthTests.m in Sources */ = {isa = PBXBuildFile; fileRef = 1BF7F6E01D92492200F8E5B1 /* LearnSthTests.m */; };
		1BF7F6EC1D92492200F8E5B1 /* LearnSthUITests.m in Sources */ = {isa = PBXBuildFile; fileRef = 1BF7F6EB1D92492200F8E5B1 /* LearnSthUITests.m */; };
		1BF7F6FD1D924BE500F8E5B1 /* AppDelegate.m in Sources */ = {isa = PBXBuildFile; fileRef = 1BF7F6FC1D924BE500F8E5B1 /* AppDelegate.m */; };
		1BF7F7081D92673C00F8E5B1 /* ConnectManager.m in Sources */ = {isa = PBXBuildFile; fileRef = 1BF7F7071D92673C00F8E5B1 /* ConnectManager.m */; };
		1BF7F70B1D92678400F8E5B1 /* HttpManager.m in Sources */ = {isa = PBXBuildFile; fileRef = 1BF7F70A1D92678400F8E5B1 /* HttpManager.m */; };
		1BF7F7111D92687E00F8E5B1 /* ResponseModel.m in Sources */ = {isa = PBXBuildFile; fileRef = 1BF7F70E1D92687E00F8E5B1 /* ResponseModel.m */; };
		1BF7F7121D92687E00F8E5B1 /* TodayModel.m in Sources */ = {isa = PBXBuildFile; fileRef = 1BF7F7101D92687E00F8E5B1 /* TodayModel.m */; };
		1BF7F7161D92697000F8E5B1 /* LineView.m in Sources */ = {isa = PBXBuildFile; fileRef = 1BF7F7151D92697000F8E5B1 /* LineView.m */; };
		DC70711C937E46693E11C611 /* libPods-LearnSth.a in Frameworks */ = {isa = PBXBuildFile; fileRef = F4B79FEA5584229A931479F8 /* libPods-LearnSth.a */; };
/* End PBXBuildFile section */

/* Begin PBXContainerItemProxy section */
		1BF7F6DD1D92492200F8E5B1 /* PBXContainerItemProxy */ = {
			isa = PBXContainerItemProxy;
			containerPortal = 1BF7F6BB1D92492200F8E5B1 /* Project object */;
			proxyType = 1;
			remoteGlobalIDString = 1BF7F6C21D92492200F8E5B1;
			remoteInfo = LearnSth;
		};
		1BF7F6E81D92492200F8E5B1 /* PBXContainerItemProxy */ = {
			isa = PBXContainerItemProxy;
			containerPortal = 1BF7F6BB1D92492200F8E5B1 /* Project object */;
			proxyType = 1;
			remoteGlobalIDString = 1BF7F6C21D92492200F8E5B1;
			remoteInfo = LearnSth;
		};
/* End PBXContainerItemProxy section */

/* Begin PBXFileReference section */
		1B1148E51D9A499A004817B1 /* libz.tbd */ = {isa = PBXFileReference; lastKnownFileType = "sourcecode.text-based-dylib-definition"; name = libz.tbd; path = usr/lib/libz.tbd; sourceTree = SDKROOT; };
		1B3492431D93A804005C4800 /* index.html */ = {isa = PBXFileReference; fileEncoding = 4; lastKnownFileType = text.html; path = index.html; sourceTree = "<group>"; };
		1B3492441D93A804005C4800 /* upload.html */ = {isa = PBXFileReference; fileEncoding = 4; lastKnownFileType = text.html; path = upload.html; sourceTree = "<group>"; };
		1B34924B1D93AC1E005C4800 /* WiFiUploadManager.h */ = {isa = PBXFileReference; fileEncoding = 4; lastKnownFileType = sourcecode.c.h; path = WiFiUploadManager.h; sourceTree = "<group>"; };
		1B34924C1D93AC1E005C4800 /* WiFiUploadManager.m */ = {isa = PBXFileReference; fileEncoding = 4; lastKnownFileType = sourcecode.c.objc; path = WiFiUploadManager.m; sourceTree = "<group>"; };
		1B3492511D93B0E4005C4800 /* WiFiUploadHTTPConnection.h */ = {isa = PBXFileReference; fileEncoding = 4; lastKnownFileType = sourcecode.c.h; path = WiFiUploadHTTPConnection.h; sourceTree = "<group>"; };
		1B3492521D93B0E4005C4800 /* WiFiUploadHTTPConnection.m */ = {isa = PBXFileReference; fileEncoding = 4; lastKnownFileType = sourcecode.c.objc; path = WiFiUploadHTTPConnection.m; sourceTree = "<group>"; };
		1B3492541D93B60A005C4800 /* WiFiUploadViewController.h */ = {isa = PBXFileReference; fileEncoding = 4; lastKnownFileType = sourcecode.c.h; path = WiFiUploadViewController.h; sourceTree = "<group>"; };
		1B3492551D93B60A005C4800 /* WiFiUploadViewController.m */ = {isa = PBXFileReference; fileEncoding = 4; lastKnownFileType = sourcecode.c.objc; path = WiFiUploadViewController.m; sourceTree = "<group>"; };
		1BD176191D9A73D300C28051 /* TabBarViewController.h */ = {isa = PBXFileReference; fileEncoding = 4; lastKnownFileType = sourcecode.c.h; path = TabBarViewController.h; sourceTree = "<group>"; };
		1BD1761A1D9A73D300C28051 /* TabBarViewController.m */ = {isa = PBXFileReference; fileEncoding = 4; lastKnownFileType = sourcecode.c.objc; path = TabBarViewController.m; sourceTree = "<group>"; };
		1BD1761D1D9A73FA00C28051 /* ImageViewController.h */ = {isa = PBXFileReference; fileEncoding = 4; lastKnownFileType = sourcecode.c.h; path = ImageViewController.h; sourceTree = "<group>"; };
		1BD1761E1D9A73FA00C28051 /* ImageViewController.m */ = {isa = PBXFileReference; fileEncoding = 4; lastKnownFileType = sourcecode.c.objc; path = ImageViewController.m; sourceTree = "<group>"; };
		1BD176201D9A760400C28051 /* 000.jpg */ = {isa = PBXFileReference; lastKnownFileType = image.jpeg; path = 000.jpg; sourceTree = "<group>"; };
		1BD907311D9B65E3008744B8 /* TableViewController.h */ = {isa = PBXFileReference; fileEncoding = 4; lastKnownFileType = sourcecode.c.h; path = TableViewController.h; sourceTree = "<group>"; };
		1BD907321D9B65E3008744B8 /* TableViewController.m */ = {isa = PBXFileReference; fileEncoding = 4; lastKnownFileType = sourcecode.c.objc; path = TableViewController.m; sourceTree = "<group>"; };
		1BD907331D9B65E3008744B8 /* ViewController.h */ = {isa = PBXFileReference; fileEncoding = 4; lastKnownFileType = sourcecode.c.h; path = ViewController.h; sourceTree = "<group>"; };
		1BD907341D9B65E3008744B8 /* ViewController.m */ = {isa = PBXFileReference; fileEncoding = 4; lastKnownFileType = sourcecode.c.objc; path = ViewController.m; sourceTree = "<group>"; };
		1BD907381D9B65F9008744B8 /* LiveViewController.h */ = {isa = PBXFileReference; fileEncoding = 4; lastKnownFileType = sourcecode.c.h; path = LiveViewController.h; sourceTree = "<group>"; };
		1BD907391D9B65F9008744B8 /* LiveViewController.m */ = {isa = PBXFileReference; fileEncoding = 4; lastKnownFileType = sourcecode.c.objc; path = LiveViewController.m; sourceTree = "<group>"; };
		1BF7F6C31D92492200F8E5B1 /* LearnSth.app */ = {isa = PBXFileReference; explicitFileType = wrapper.application; includeInIndex = 0; path = LearnSth.app; sourceTree = BUILT_PRODUCTS_DIR; };
		1BF7F6C71D92492200F8E5B1 /* main.m */ = {isa = PBXFileReference; lastKnownFileType = sourcecode.c.objc; path = main.m; sourceTree = "<group>"; };
		1BF7F6D01D92492200F8E5B1 /* Base */ = {isa = PBXFileReference; lastKnownFileType = file.storyboard; name = Base; path = Base.lproj/Main.storyboard; sourceTree = "<group>"; };
		1BF7F6D21D92492200F8E5B1 /* Assets.xcassets */ = {isa = PBXFileReference; lastKnownFileType = folder.assetcatalog; path = Assets.xcassets; sourceTree = "<group>"; };
		1BF7F6D51D92492200F8E5B1 /* Base */ = {isa = PBXFileReference; lastKnownFileType = file.storyboard; name = Base; path = Base.lproj/LaunchScreen.storyboard; sourceTree = "<group>"; };
		1BF7F6D71D92492200F8E5B1 /* Info.plist */ = {isa = PBXFileReference; lastKnownFileType = text.plist.xml; path = Info.plist; sourceTree = "<group>"; };
		1BF7F6DC1D92492200F8E5B1 /* LearnSthTests.xctest */ = {isa = PBXFileReference; explicitFileType = wrapper.cfbundle; includeInIndex = 0; path = LearnSthTests.xctest; sourceTree = BUILT_PRODUCTS_DIR; };
		1BF7F6E01D92492200F8E5B1 /* LearnSthTests.m */ = {isa = PBXFileReference; lastKnownFileType = sourcecode.c.objc; path = LearnSthTests.m; sourceTree = "<group>"; };
		1BF7F6E21D92492200F8E5B1 /* Info.plist */ = {isa = PBXFileReference; lastKnownFileType = text.plist.xml; path = Info.plist; sourceTree = "<group>"; };
		1BF7F6E71D92492200F8E5B1 /* LearnSthUITests.xctest */ = {isa = PBXFileReference; explicitFileType = wrapper.cfbundle; includeInIndex = 0; path = LearnSthUITests.xctest; sourceTree = BUILT_PRODUCTS_DIR; };
		1BF7F6EB1D92492200F8E5B1 /* LearnSthUITests.m */ = {isa = PBXFileReference; lastKnownFileType = sourcecode.c.objc; path = LearnSthUITests.m; sourceTree = "<group>"; };
		1BF7F6ED1D92492200F8E5B1 /* Info.plist */ = {isa = PBXFileReference; lastKnownFileType = text.plist.xml; path = Info.plist; sourceTree = "<group>"; };
		1BF7F6FB1D924BE500F8E5B1 /* AppDelegate.h */ = {isa = PBXFileReference; fileEncoding = 4; lastKnownFileType = sourcecode.c.h; path = AppDelegate.h; sourceTree = "<group>"; };
		1BF7F6FC1D924BE500F8E5B1 /* AppDelegate.m */ = {isa = PBXFileReference; fileEncoding = 4; lastKnownFileType = sourcecode.c.objc; path = AppDelegate.m; sourceTree = "<group>"; };
		1BF7F7061D92673C00F8E5B1 /* ConnectManager.h */ = {isa = PBXFileReference; fileEncoding = 4; lastKnownFileType = sourcecode.c.h; path = ConnectManager.h; sourceTree = "<group>"; };
		1BF7F7071D92673C00F8E5B1 /* ConnectManager.m */ = {isa = PBXFileReference; fileEncoding = 4; lastKnownFileType = sourcecode.c.objc; path = ConnectManager.m; sourceTree = "<group>"; };
		1BF7F7091D92678400F8E5B1 /* HttpManager.h */ = {isa = PBXFileReference; fileEncoding = 4; lastKnownFileType = sourcecode.c.h; path = HttpManager.h; sourceTree = "<group>"; };
		1BF7F70A1D92678400F8E5B1 /* HttpManager.m */ = {isa = PBXFileReference; fileEncoding = 4; lastKnownFileType = sourcecode.c.objc; path = HttpManager.m; sourceTree = "<group>"; };
		1BF7F70D1D92687E00F8E5B1 /* ResponseModel.h */ = {isa = PBXFileReference; fileEncoding = 4; lastKnownFileType = sourcecode.c.h; path = ResponseModel.h; sourceTree = "<group>"; };
		1BF7F70E1D92687E00F8E5B1 /* ResponseModel.m */ = {isa = PBXFileReference; fileEncoding = 4; lastKnownFileType = sourcecode.c.objc; path = ResponseModel.m; sourceTree = "<group>"; };
		1BF7F70F1D92687E00F8E5B1 /* TodayModel.h */ = {isa = PBXFileReference; fileEncoding = 4; lastKnownFileType = sourcecode.c.h; path = TodayModel.h; sourceTree = "<group>"; };
		1BF7F7101D92687E00F8E5B1 /* TodayModel.m */ = {isa = PBXFileReference; fileEncoding = 4; lastKnownFileType = sourcecode.c.objc; path = TodayModel.m; sourceTree = "<group>"; };
		1BF7F7141D92697000F8E5B1 /* LineView.h */ = {isa = PBXFileReference; fileEncoding = 4; lastKnownFileType = sourcecode.c.h; path = LineView.h; sourceTree = "<group>"; };
		1BF7F7151D92697000F8E5B1 /* LineView.m */ = {isa = PBXFileReference; fileEncoding = 4; lastKnownFileType = sourcecode.c.objc; path = LineView.m; sourceTree = "<group>"; };
		413E9A348DDB24CA8FE6A54E /* Pods-LearnSth.release.xcconfig */ = {isa = PBXFileReference; includeInIndex = 1; lastKnownFileType = text.xcconfig; name = "Pods-LearnSth.release.xcconfig"; path = "Pods/Target Support Files/Pods-LearnSth/Pods-LearnSth.release.xcconfig"; sourceTree = "<group>"; };
		E971E9F2094EB28D744E4041 /* Pods-LearnSth.debug.xcconfig */ = {isa = PBXFileReference; includeInIndex = 1; lastKnownFileType = text.xcconfig; name = "Pods-LearnSth.debug.xcconfig"; path = "Pods/Target Support Files/Pods-LearnSth/Pods-LearnSth.debug.xcconfig"; sourceTree = "<group>"; };
		F4B79FEA5584229A931479F8 /* libPods-LearnSth.a */ = {isa = PBXFileReference; explicitFileType = archive.ar; includeInIndex = 0; path = "libPods-LearnSth.a"; sourceTree = BUILT_PRODUCTS_DIR; };
/* End PBXFileReference section */

/* Begin PBXFrameworksBuildPhase section */
		1BF7F6C01D92492200F8E5B1 /* Frameworks */ = {
			isa = PBXFrameworksBuildPhase;
			buildActionMask = 2147483647;
			files = (
				1B1148E61D9A499A004817B1 /* libz.tbd in Frameworks */,
				DC70711C937E46693E11C611 /* libPods-LearnSth.a in Frameworks */,
			);
			runOnlyForDeploymentPostprocessing = 0;
		};
		1BF7F6D91D92492200F8E5B1 /* Frameworks */ = {
			isa = PBXFrameworksBuildPhase;
			buildActionMask = 2147483647;
			files = (
			);
			runOnlyForDeploymentPostprocessing = 0;
		};
		1BF7F6E41D92492200F8E5B1 /* Frameworks */ = {
			isa = PBXFrameworksBuildPhase;
			buildActionMask = 2147483647;
			files = (
			);
			runOnlyForDeploymentPostprocessing = 0;
		};
/* End PBXFrameworksBuildPhase section */

/* Begin PBXGroup section */
		1B3492421D93A804005C4800 /* Web */ = {
			isa = PBXGroup;
			children = (
				1B3492431D93A804005C4800 /* index.html */,
				1B3492441D93A804005C4800 /* upload.html */,
			);
			path = Web;
			sourceTree = "<group>";
		};
		1B34924A1D93AC1E005C4800 /* WiFiUpload */ = {
			isa = PBXGroup;
			children = (
				1B34924B1D93AC1E005C4800 /* WiFiUploadManager.h */,
				1B34924C1D93AC1E005C4800 /* WiFiUploadManager.m */,
				1B3492511D93B0E4005C4800 /* WiFiUploadHTTPConnection.h */,
				1B3492521D93B0E4005C4800 /* WiFiUploadHTTPConnection.m */,
				1B3492541D93B60A005C4800 /* WiFiUploadViewController.h */,
				1B3492551D93B60A005C4800 /* WiFiUploadViewController.m */,
			);
			path = WiFiUpload;
			sourceTree = "<group>";
		};
		1BD1761C1D9A73EA00C28051 /* imageConrtroller */ = {
			isa = PBXGroup;
			children = (
				1BD176201D9A760400C28051 /* 000.jpg */,
				1BD1761D1D9A73FA00C28051 /* ImageViewController.h */,
				1BD1761E1D9A73FA00C28051 /* ImageViewController.m */,
			);
			path = imageConrtroller;
			sourceTree = "<group>";
		};
		1BD907301D9B65E3008744B8 /* homeController */ = {
			isa = PBXGroup;
			children = (
				1BD907311D9B65E3008744B8 /* TableViewController.h */,
				1BD907321D9B65E3008744B8 /* TableViewController.m */,
				1BD907331D9B65E3008744B8 /* ViewController.h */,
				1BD907341D9B65E3008744B8 /* ViewController.m */,
			);
			path = homeController;
			sourceTree = "<group>";
		};
		1BD907351D9B65E3008744B8 /* liveController */ = {
			isa = PBXGroup;
			children = (
				1BD907381D9B65F9008744B8 /* LiveViewController.h */,
				1BD907391D9B65F9008744B8 /* LiveViewController.m */,
			);
			path = liveController;
			sourceTree = "<group>";
		};
		1BF7F6BA1D92492200F8E5B1 = {
			isa = PBXGroup;
			children = (
				1BF7F6C51D92492200F8E5B1 /* LearnSth */,
				1BF7F6DF1D92492200F8E5B1 /* LearnSthTests */,
				1BF7F6EA1D92492200F8E5B1 /* LearnSthUITests */,
				1BF7F6C41D92492200F8E5B1 /* Products */,
				3FB33C495512F7CBF308965E /* Pods */,
				F88C22F665434B573DDEE7FC /* Frameworks */,
			);
			sourceTree = "<group>";
		};
		1BF7F6C41D92492200F8E5B1 /* Products */ = {
			isa = PBXGroup;
			children = (
				1BF7F6C31D92492200F8E5B1 /* LearnSth.app */,
				1BF7F6DC1D92492200F8E5B1 /* LearnSthTests.xctest */,
				1BF7F6E71D92492200F8E5B1 /* LearnSthUITests.xctest */,
			);
			name = Products;
			sourceTree = "<group>";
		};
		1BF7F6C51D92492200F8E5B1 /* LearnSth */ = {
			isa = PBXGroup;
			children = (
				1BF7F6FA1D924BE500F8E5B1 /* AppDelegate */,
				1BF7F7011D924C5100F8E5B1 /* controller */,
				1BF7F70C1D92687E00F8E5B1 /* model */,
				1BF7F7051D92673C00F8E5B1 /* netWork */,
				1BF7F6C61D92492200F8E5B1 /* Supporting Files */,
				1BF7F7131D92694B00F8E5B1 /* view */,
				1B3492421D93A804005C4800 /* Web */,
			);
			path = LearnSth;
			sourceTree = "<group>";
		};
		1BF7F6C61D92492200F8E5B1 /* Supporting Files */ = {
			isa = PBXGroup;
			children = (
				1BF7F6CF1D92492200F8E5B1 /* Main.storyboard */,
				1BF7F6D21D92492200F8E5B1 /* Assets.xcassets */,
				1BF7F6D41D92492200F8E5B1 /* LaunchScreen.storyboard */,
				1BF7F6D71D92492200F8E5B1 /* Info.plist */,
				1BF7F6C71D92492200F8E5B1 /* main.m */,
			);
			name = "Supporting Files";
			sourceTree = "<group>";
		};
		1BF7F6DF1D92492200F8E5B1 /* LearnSthTests */ = {
			isa = PBXGroup;
			children = (
				1BF7F6E01D92492200F8E5B1 /* LearnSthTests.m */,
				1BF7F6E21D92492200F8E5B1 /* Info.plist */,
			);
			path = LearnSthTests;
			sourceTree = "<group>";
		};
		1BF7F6EA1D92492200F8E5B1 /* LearnSthUITests */ = {
			isa = PBXGroup;
			children = (
				1BF7F6EB1D92492200F8E5B1 /* LearnSthUITests.m */,
				1BF7F6ED1D92492200F8E5B1 /* Info.plist */,
			);
			path = LearnSthUITests;
			sourceTree = "<group>";
		};
		1BF7F6FA1D924BE500F8E5B1 /* AppDelegate */ = {
			isa = PBXGroup;
			children = (
				1BF7F6FB1D924BE500F8E5B1 /* AppDelegate.h */,
				1BF7F6FC1D924BE500F8E5B1 /* AppDelegate.m */,
				1BD176191D9A73D300C28051 /* TabBarViewController.h */,
				1BD1761A1D9A73D300C28051 /* TabBarViewController.m */,
			);
			path = AppDelegate;
			sourceTree = "<group>";
		};
		1BF7F7011D924C5100F8E5B1 /* controller */ = {
			isa = PBXGroup;
			children = (
				1BD907301D9B65E3008744B8 /* homeController */,
				1BD907351D9B65E3008744B8 /* liveController */,
				1BD1761C1D9A73EA00C28051 /* imageConrtroller */,
			);
			path = controller;
			sourceTree = "<group>";
		};
		1BF7F7051D92673C00F8E5B1 /* netWork */ = {
			isa = PBXGroup;
			children = (
				1B34924A1D93AC1E005C4800 /* WiFiUpload */,
				1BF7F7061D92673C00F8E5B1 /* ConnectManager.h */,
				1BF7F7071D92673C00F8E5B1 /* ConnectManager.m */,
				1BF7F7091D92678400F8E5B1 /* HttpManager.h */,
				1BF7F70A1D92678400F8E5B1 /* HttpManager.m */,
			);
			path = netWork;
			sourceTree = "<group>";
		};
		1BF7F70C1D92687E00F8E5B1 /* model */ = {
			isa = PBXGroup;
			children = (
				1BF7F70D1D92687E00F8E5B1 /* ResponseModel.h */,
				1BF7F70E1D92687E00F8E5B1 /* ResponseModel.m */,
				1BF7F70F1D92687E00F8E5B1 /* TodayModel.h */,
				1BF7F7101D92687E00F8E5B1 /* TodayModel.m */,
			);
			path = model;
			sourceTree = "<group>";
		};
		1BF7F7131D92694B00F8E5B1 /* view */ = {
			isa = PBXGroup;
			children = (
				1BF7F7141D92697000F8E5B1 /* LineView.h */,
				1BF7F7151D92697000F8E5B1 /* LineView.m */,
			);
			path = view;
			sourceTree = "<group>";
		};
		3FB33C495512F7CBF308965E /* Pods */ = {
			isa = PBXGroup;
			children = (
				E971E9F2094EB28D744E4041 /* Pods-LearnSth.debug.xcconfig */,
				413E9A348DDB24CA8FE6A54E /* Pods-LearnSth.release.xcconfig */,
			);
			name = Pods;
			sourceTree = "<group>";
		};
		F88C22F665434B573DDEE7FC /* Frameworks */ = {
			isa = PBXGroup;
			children = (
				1B1148E51D9A499A004817B1 /* libz.tbd */,
				F4B79FEA5584229A931479F8 /* libPods-LearnSth.a */,
			);
			name = Frameworks;
			sourceTree = "<group>";
		};
/* End PBXGroup section */

/* Begin PBXNativeTarget section */
		1BF7F6C21D92492200F8E5B1 /* LearnSth */ = {
			isa = PBXNativeTarget;
			buildConfigurationList = 1BF7F6F01D92492200F8E5B1 /* Build configuration list for PBXNativeTarget "LearnSth" */;
			buildPhases = (
				2936023783FBFB02707EDA69 /* [CP] Check Pods Manifest.lock */,
				1BF7F6BF1D92492200F8E5B1 /* Sources */,
				1BF7F6C01D92492200F8E5B1 /* Frameworks */,
				1BF7F6C11D92492200F8E5B1 /* Resources */,
				1C6F2A04721CBCE92ADF0811 /* [CP] Embed Pods Frameworks */,
				84EAB8159764C26CAB90A78D /* [CP] Copy Pods Resources */,
			);
			buildRules = (
			);
			dependencies = (
			);
			name = LearnSth;
			productName = LearnSth;
			productReference = 1BF7F6C31D92492200F8E5B1 /* LearnSth.app */;
			productType = "com.apple.product-type.application";
		};
		1BF7F6DB1D92492200F8E5B1 /* LearnSthTests */ = {
			isa = PBXNativeTarget;
			buildConfigurationList = 1BF7F6F31D92492200F8E5B1 /* Build configuration list for PBXNativeTarget "LearnSthTests" */;
			buildPhases = (
				1BF7F6D81D92492200F8E5B1 /* Sources */,
				1BF7F6D91D92492200F8E5B1 /* Frameworks */,
				1BF7F6DA1D92492200F8E5B1 /* Resources */,
			);
			buildRules = (
			);
			dependencies = (
				1BF7F6DE1D92492200F8E5B1 /* PBXTargetDependency */,
			);
			name = LearnSthTests;
			productName = LearnSthTests;
			productReference = 1BF7F6DC1D92492200F8E5B1 /* LearnSthTests.xctest */;
			productType = "com.apple.product-type.bundle.unit-test";
		};
		1BF7F6E61D92492200F8E5B1 /* LearnSthUITests */ = {
			isa = PBXNativeTarget;
			buildConfigurationList = 1BF7F6F61D92492200F8E5B1 /* Build configuration list for PBXNativeTarget "LearnSthUITests" */;
			buildPhases = (
				1BF7F6E31D92492200F8E5B1 /* Sources */,
				1BF7F6E41D92492200F8E5B1 /* Frameworks */,
				1BF7F6E51D92492200F8E5B1 /* Resources */,
			);
			buildRules = (
			);
			dependencies = (
				1BF7F6E91D92492200F8E5B1 /* PBXTargetDependency */,
			);
			name = LearnSthUITests;
			productName = LearnSthUITests;
			productReference = 1BF7F6E71D92492200F8E5B1 /* LearnSthUITests.xctest */;
			productType = "com.apple.product-type.bundle.ui-testing";
		};
/* End PBXNativeTarget section */

/* Begin PBXProject section */
		1BF7F6BB1D92492200F8E5B1 /* Project object */ = {
			isa = PBXProject;
			attributes = {
				LastUpgradeCheck = 0800;
				ORGANIZATIONNAME = "丁鹏飞";
				TargetAttributes = {
					1BF7F6C21D92492200F8E5B1 = {
						CreatedOnToolsVersion = 8.0;
						DevelopmentTeam = 667L3Y3D6H;
						ProvisioningStyle = Automatic;
					};
					1BF7F6DB1D92492200F8E5B1 = {
						CreatedOnToolsVersion = 8.0;
						ProvisioningStyle = Automatic;
						TestTargetID = 1BF7F6C21D92492200F8E5B1;
					};
					1BF7F6E61D92492200F8E5B1 = {
						CreatedOnToolsVersion = 8.0;
						ProvisioningStyle = Automatic;
						TestTargetID = 1BF7F6C21D92492200F8E5B1;
					};
				};
			};
			buildConfigurationList = 1BF7F6BE1D92492200F8E5B1 /* Build configuration list for PBXProject "LearnSth" */;
			compatibilityVersion = "Xcode 3.2";
			developmentRegion = English;
			hasScannedForEncodings = 0;
			knownRegions = (
				en,
				Base,
			);
			mainGroup = 1BF7F6BA1D92492200F8E5B1;
			productRefGroup = 1BF7F6C41D92492200F8E5B1 /* Products */;
			projectDirPath = "";
			projectRoot = "";
			targets = (
				1BF7F6C21D92492200F8E5B1 /* LearnSth */,
				1BF7F6DB1D92492200F8E5B1 /* LearnSthTests */,
				1BF7F6E61D92492200F8E5B1 /* LearnSthUITests */,
			);
		};
/* End PBXProject section */

/* Begin PBXResourcesBuildPhase section */
		1BF7F6C11D92492200F8E5B1 /* Resources */ = {
			isa = PBXResourcesBuildPhase;
			buildActionMask = 2147483647;
			files = (
				1BD176211D9A760400C28051 /* 000.jpg in Resources */,
				1BF7F6D61D92492200F8E5B1 /* LaunchScreen.storyboard in Resources */,
				1B3492461D93A804005C4800 /* upload.html in Resources */,
				1B3492451D93A804005C4800 /* index.html in Resources */,
				1BF7F6D31D92492200F8E5B1 /* Assets.xcassets in Resources */,
				1BF7F6D11D92492200F8E5B1 /* Main.storyboard in Resources */,
			);
			runOnlyForDeploymentPostprocessing = 0;
		};
		1BF7F6DA1D92492200F8E5B1 /* Resources */ = {
			isa = PBXResourcesBuildPhase;
			buildActionMask = 2147483647;
			files = (
			);
			runOnlyForDeploymentPostprocessing = 0;
		};
		1BF7F6E51D92492200F8E5B1 /* Resources */ = {
			isa = PBXResourcesBuildPhase;
			buildActionMask = 2147483647;
			files = (
			);
			runOnlyForDeploymentPostprocessing = 0;
		};
/* End PBXResourcesBuildPhase section */

/* Begin PBXShellScriptBuildPhase section */
		1C6F2A04721CBCE92ADF0811 /* [CP] Embed Pods Frameworks */ = {
			isa = PBXShellScriptBuildPhase;
			buildActionMask = 2147483647;
			files = (
			);
			inputPaths = (
			);
			name = "[CP] Embed Pods Frameworks";
			outputPaths = (
			);
			runOnlyForDeploymentPostprocessing = 0;
			shellPath = /bin/sh;
			shellScript = "\"${SRCROOT}/Pods/Target Support Files/Pods-LearnSth/Pods-LearnSth-frameworks.sh\"\n";
			showEnvVarsInLog = 0;
		};
		2936023783FBFB02707EDA69 /* [CP] Check Pods Manifest.lock */ = {
			isa = PBXShellScriptBuildPhase;
			buildActionMask = 2147483647;
			files = (
			);
			inputPaths = (
			);
			name = "[CP] Check Pods Manifest.lock";
			outputPaths = (
			);
			runOnlyForDeploymentPostprocessing = 0;
			shellPath = /bin/sh;
			shellScript = "diff \"${PODS_ROOT}/../Podfile.lock\" \"${PODS_ROOT}/Manifest.lock\" > /dev/null\nif [[ $? != 0 ]] ; then\n    cat << EOM\nerror: The sandbox is not in sync with the Podfile.lock. Run 'pod install' or update your CocoaPods installation.\nEOM\n    exit 1\nfi\n";
			showEnvVarsInLog = 0;
		};
		84EAB8159764C26CAB90A78D /* [CP] Copy Pods Resources */ = {
			isa = PBXShellScriptBuildPhase;
			buildActionMask = 2147483647;
			files = (
			);
			inputPaths = (
			);
			name = "[CP] Copy Pods Resources";
			outputPaths = (
			);
			runOnlyForDeploymentPostprocessing = 0;
			shellPath = /bin/sh;
			shellScript = "\"${SRCROOT}/Pods/Target Support Files/Pods-LearnSth/Pods-LearnSth-resources.sh\"\n";
			showEnvVarsInLog = 0;
		};
/* End PBXShellScriptBuildPhase section */

/* Begin PBXSourcesBuildPhase section */
		1BF7F6BF1D92492200F8E5B1 /* Sources */ = {
			isa = PBXSourcesBuildPhase;
			buildActionMask = 2147483647;
			files = (
				1BD9073A1D9B65F9008744B8 /* LiveViewController.m in Sources */,
				1BD907371D9B65E3008744B8 /* ViewController.m in Sources */,
				1BF7F7161D92697000F8E5B1 /* LineView.m in Sources */,
				1BF7F70B1D92678400F8E5B1 /* HttpManager.m in Sources */,
				1BD1761B1D9A73D300C28051 /* TabBarViewController.m in Sources */,
				1BF7F7081D92673C00F8E5B1 /* ConnectManager.m in Sources */,
				1BF7F6C81D92492200F8E5B1 /* main.m in Sources */,
				1B3492531D93B0E4005C4800 /* WiFiUploadHTTPConnection.m in Sources */,
				1BF7F7121D92687E00F8E5B1 /* TodayModel.m in Sources */,
				1BD907361D9B65E3008744B8 /* TableViewController.m in Sources */,
				1B34924D1D93AC1E005C4800 /* WiFiUploadManager.m in Sources */,
				1BF7F7111D92687E00F8E5B1 /* ResponseModel.m in Sources */,
				1B3492561D93B60A005C4800 /* WiFiUploadViewController.m in Sources */,
				1BD1761F1D9A73FA00C28051 /* ImageViewController.m in Sources */,
				1BF7F6FD1D924BE500F8E5B1 /* AppDelegate.m in Sources */,
			);
			runOnlyForDeploymentPostprocessing = 0;
		};
		1BF7F6D81D92492200F8E5B1 /* Sources */ = {
			isa = PBXSourcesBuildPhase;
			buildActionMask = 2147483647;
			files = (
				1BF7F6E11D92492200F8E5B1 /* LearnSthTests.m in Sources */,
			);
			runOnlyForDeploymentPostprocessing = 0;
		};
		1BF7F6E31D92492200F8E5B1 /* Sources */ = {
			isa = PBXSourcesBuildPhase;
			buildActionMask = 2147483647;
			files = (
				1BF7F6EC1D92492200F8E5B1 /* LearnSthUITests.m in Sources */,
			);
			runOnlyForDeploymentPostprocessing = 0;
		};
/* End PBXSourcesBuildPhase section */

/* Begin PBXTargetDependency section */
		1BF7F6DE1D92492200F8E5B1 /* PBXTargetDependency */ = {
			isa = PBXTargetDependency;
			target = 1BF7F6C21D92492200F8E5B1 /* LearnSth */;
			targetProxy = 1BF7F6DD1D92492200F8E5B1 /* PBXContainerItemProxy */;
		};
		1BF7F6E91D92492200F8E5B1 /* PBXTargetDependency */ = {
			isa = PBXTargetDependency;
			target = 1BF7F6C21D92492200F8E5B1 /* LearnSth */;
			targetProxy = 1BF7F6E81D92492200F8E5B1 /* PBXContainerItemProxy */;
		};
/* End PBXTargetDependency section */

/* Begin PBXVariantGroup section */
		1BF7F6CF1D92492200F8E5B1 /* Main.storyboard */ = {
			isa = PBXVariantGroup;
			children = (
				1BF7F6D01D92492200F8E5B1 /* Base */,
			);
			name = Main.storyboard;
			sourceTree = "<group>";
		};
		1BF7F6D41D92492200F8E5B1 /* LaunchScreen.storyboard */ = {
			isa = PBXVariantGroup;
			children = (
				1BF7F6D51D92492200F8E5B1 /* Base */,
			);
			name = LaunchScreen.storyboard;
			sourceTree = "<group>";
		};
/* End PBXVariantGroup section */

/* Begin XCBuildConfiguration section */
		1BF7F6EE1D92492200F8E5B1 /* Debug */ = {
			isa = XCBuildConfiguration;
			buildSettings = {
				ALWAYS_SEARCH_USER_PATHS = NO;
				CLANG_ANALYZER_NONNULL = YES;
				CLANG_CXX_LANGUAGE_STANDARD = "gnu++0x";
				CLANG_CXX_LIBRARY = "libc++";
				CLANG_ENABLE_MODULES = YES;
				CLANG_ENABLE_OBJC_ARC = YES;
				CLANG_WARN_BOOL_CONVERSION = YES;
				CLANG_WARN_CONSTANT_CONVERSION = YES;
				CLANG_WARN_DIRECT_OBJC_ISA_USAGE = YES_ERROR;
				CLANG_WARN_DOCUMENTATION_COMMENTS = YES;
				CLANG_WARN_EMPTY_BODY = YES;
				CLANG_WARN_ENUM_CONVERSION = YES;
				CLANG_WARN_INFINITE_RECURSION = YES;
				CLANG_WARN_INT_CONVERSION = YES;
				CLANG_WARN_OBJC_ROOT_CLASS = YES_ERROR;
				CLANG_WARN_SUSPICIOUS_MOVE = YES;
				CLANG_WARN_SUSPICIOUS_MOVES = YES;
				CLANG_WARN_UNREACHABLE_CODE = YES;
				CLANG_WARN__DUPLICATE_METHOD_MATCH = YES;
				"CODE_SIGN_IDENTITY[sdk=iphoneos*]" = "iPhone Developer";
				COPY_PHASE_STRIP = NO;
				DEBUG_INFORMATION_FORMAT = dwarf;
				ENABLE_STRICT_OBJC_MSGSEND = YES;
				ENABLE_TESTABILITY = YES;
				GCC_C_LANGUAGE_STANDARD = gnu99;
				GCC_DYNAMIC_NO_PIC = NO;
				GCC_NO_COMMON_BLOCKS = YES;
				GCC_OPTIMIZATION_LEVEL = 0;
				GCC_PREPROCESSOR_DEFINITIONS = (
					"DEBUG=1",
					"$(inherited)",
				);
				GCC_WARN_64_TO_32_BIT_CONVERSION = YES;
				GCC_WARN_ABOUT_RETURN_TYPE = YES_ERROR;
				GCC_WARN_UNDECLARED_SELECTOR = YES;
				GCC_WARN_UNINITIALIZED_AUTOS = YES_AGGRESSIVE;
				GCC_WARN_UNUSED_FUNCTION = YES;
				GCC_WARN_UNUSED_VARIABLE = YES;
				IPHONEOS_DEPLOYMENT_TARGET = 10.0;
				MTL_ENABLE_DEBUG_INFO = YES;
				ONLY_ACTIVE_ARCH = YES;
				SDKROOT = iphoneos;
			};
			name = Debug;
		};
		1BF7F6EF1D92492200F8E5B1 /* Release */ = {
			isa = XCBuildConfiguration;
			buildSettings = {
				ALWAYS_SEARCH_USER_PATHS = NO;
				CLANG_ANALYZER_NONNULL = YES;
				CLANG_CXX_LANGUAGE_STANDARD = "gnu++0x";
				CLANG_CXX_LIBRARY = "libc++";
				CLANG_ENABLE_MODULES = YES;
				CLANG_ENABLE_OBJC_ARC = YES;
				CLANG_WARN_BOOL_CONVERSION = YES;
				CLANG_WARN_CONSTANT_CONVERSION = YES;
				CLANG_WARN_DIRECT_OBJC_ISA_USAGE = YES_ERROR;
				CLANG_WARN_DOCUMENTATION_COMMENTS = YES;
				CLANG_WARN_EMPTY_BODY = YES;
				CLANG_WARN_ENUM_CONVERSION = YES;
				CLANG_WARN_INFINITE_RECURSION = YES;
				CLANG_WARN_INT_CONVERSION = YES;
				CLANG_WARN_OBJC_ROOT_CLASS = YES_ERROR;
				CLANG_WARN_SUSPICIOUS_MOVE = YES;
				CLANG_WARN_SUSPICIOUS_MOVES = YES;
				CLANG_WARN_UNREACHABLE_CODE = YES;
				CLANG_WARN__DUPLICATE_METHOD_MATCH = YES;
				"CODE_SIGN_IDENTITY[sdk=iphoneos*]" = "iPhone Developer";
				COPY_PHASE_STRIP = NO;
				DEBUG_INFORMATION_FORMAT = "dwarf-with-dsym";
				ENABLE_NS_ASSERTIONS = NO;
				ENABLE_STRICT_OBJC_MSGSEND = YES;
				GCC_C_LANGUAGE_STANDARD = gnu99;
				GCC_NO_COMMON_BLOCKS = YES;
				GCC_WARN_64_TO_32_BIT_CONVERSION = YES;
				GCC_WARN_ABOUT_RETURN_TYPE = YES_ERROR;
				GCC_WARN_UNDECLARED_SELECTOR = YES;
				GCC_WARN_UNINITIALIZED_AUTOS = YES_AGGRESSIVE;
				GCC_WARN_UNUSED_FUNCTION = YES;
				GCC_WARN_UNUSED_VARIABLE = YES;
				IPHONEOS_DEPLOYMENT_TARGET = 10.0;
				MTL_ENABLE_DEBUG_INFO = NO;
				SDKROOT = iphoneos;
				VALIDATE_PRODUCT = YES;
			};
			name = Release;
		};
		1BF7F6F11D92492200F8E5B1 /* Debug */ = {
			isa = XCBuildConfiguration;
			baseConfigurationReference = E971E9F2094EB28D744E4041 /* Pods-LearnSth.debug.xcconfig */;
			buildSettings = {
				ASSETCATALOG_COMPILER_APPICON_NAME = AppIcon;
				DEVELOPMENT_TEAM = 667L3Y3D6H;
				INFOPLIST_FILE = LearnSth/Info.plist;
				IPHONEOS_DEPLOYMENT_TARGET = 8.0;
				LD_RUNPATH_SEARCH_PATHS = "$(inherited) @executable_path/Frameworks";
				PRODUCT_BUNDLE_IDENTIFIER = com.dpf.LearnSth;
				PRODUCT_NAME = "$(TARGET_NAME)";
			};
			name = Debug;
		};
		1BF7F6F21D92492200F8E5B1 /* Release */ = {
			isa = XCBuildConfiguration;
			baseConfigurationReference = 413E9A348DDB24CA8FE6A54E /* Pods-LearnSth.release.xcconfig */;
			buildSettings = {
				ASSETCATALOG_COMPILER_APPICON_NAME = AppIcon;
				DEVELOPMENT_TEAM = 667L3Y3D6H;
				INFOPLIST_FILE = LearnSth/Info.plist;
				IPHONEOS_DEPLOYMENT_TARGET = 8.0;
				LD_RUNPATH_SEARCH_PATHS = "$(inherited) @executable_path/Frameworks";
				PRODUCT_BUNDLE_IDENTIFIER = com.dpf.LearnSth;
				PRODUCT_NAME = "$(TARGET_NAME)";
			};
			name = Release;
		};
		1BF7F6F41D92492200F8E5B1 /* Debug */ = {
			isa = XCBuildConfiguration;
			buildSettings = {
				BUNDLE_LOADER = "$(TEST_HOST)";
				INFOPLIST_FILE = LearnSthTests/Info.plist;
				LD_RUNPATH_SEARCH_PATHS = "$(inherited) @executable_path/Frameworks @loader_path/Frameworks";
				PRODUCT_BUNDLE_IDENTIFIER = com.dpf.LearnSthTests;
				PRODUCT_NAME = "$(TARGET_NAME)";
				TEST_HOST = "$(BUILT_PRODUCTS_DIR)/LearnSth.app/LearnSth";
			};
			name = Debug;
		};
		1BF7F6F51D92492200F8E5B1 /* Release */ = {
			isa = XCBuildConfiguration;
			buildSettings = {
				BUNDLE_LOADER = "$(TEST_HOST)";
				INFOPLIST_FILE = LearnSthTests/Info.plist;
				LD_RUNPATH_SEARCH_PATHS = "$(inherited) @executable_path/Frameworks @loader_path/Frameworks";
				PRODUCT_BUNDLE_IDENTIFIER = com.dpf.LearnSthTests;
				PRODUCT_NAME = "$(TARGET_NAME)";
				TEST_HOST = "$(BUILT_PRODUCTS_DIR)/LearnSth.app/LearnSth";
			};
			name = Release;
		};
		1BF7F6F71D92492200F8E5B1 /* Debug */ = {
			isa = XCBuildConfiguration;
			buildSettings = {
				INFOPLIST_FILE = LearnSthUITests/Info.plist;
				LD_RUNPATH_SEARCH_PATHS = "$(inherited) @executable_path/Frameworks @loader_path/Frameworks";
				PRODUCT_BUNDLE_IDENTIFIER = com.dpf.LearnSthUITests;
				PRODUCT_NAME = "$(TARGET_NAME)";
				TEST_TARGET_NAME = LearnSth;
			};
			name = Debug;
		};
		1BF7F6F81D92492200F8E5B1 /* Release */ = {
			isa = XCBuildConfiguration;
			buildSettings = {
				INFOPLIST_FILE = LearnSthUITests/Info.plist;
				LD_RUNPATH_SEARCH_PATHS = "$(inherited) @executable_path/Frameworks @loader_path/Frameworks";
				PRODUCT_BUNDLE_IDENTIFIER = com.dpf.LearnSthUITests;
				PRODUCT_NAME = "$(TARGET_NAME)";
				TEST_TARGET_NAME = LearnSth;
			};
			name = Release;
		};
/* End XCBuildConfiguration section */

/* Begin XCConfigurationList section */
		1BF7F6BE1D92492200F8E5B1 /* Build configuration list for PBXProject "LearnSth" */ = {
			isa = XCConfigurationList;
			buildConfigurations = (
				1BF7F6EE1D92492200F8E5B1 /* Debug */,
				1BF7F6EF1D92492200F8E5B1 /* Release */,
			);
			defaultConfigurationIsVisible = 0;
			defaultConfigurationName = Release;
		};
		1BF7F6F01D92492200F8E5B1 /* Build configuration list for PBXNativeTarget "LearnSth" */ = {
			isa = XCConfigurationList;
			buildConfigurations = (
				1BF7F6F11D92492200F8E5B1 /* Debug */,
				1BF7F6F21D92492200F8E5B1 /* Release */,
			);
			defaultConfigurationIsVisible = 0;
			defaultConfigurationName = Release;
		};
		1BF7F6F31D92492200F8E5B1 /* Build configuration list for PBXNativeTarget "LearnSthTests" */ = {
			isa = XCConfigurationList;
			buildConfigurations = (
				1BF7F6F41D92492200F8E5B1 /* Debug */,
				1BF7F6F51D92492200F8E5B1 /* Release */,
			);
			defaultConfigurationIsVisible = 0;
			defaultConfigurationName = Release;
		};
		1BF7F6F61D92492200F8E5B1 /* Build configuration list for PBXNativeTarget "LearnSthUITests" */ = {
			isa = XCConfigurationList;
			buildConfigurations = (
				1BF7F6F71D92492200F8E5B1 /* Debug */,
				1BF7F6F81D92492200F8E5B1 /* Release */,
			);
			defaultConfigurationIsVisible = 0;
			defaultConfigurationName = Release;
		};
/* End XCConfigurationList section */
	};
	rootObject = 1BF7F6BB1D92492200F8E5B1 /* Project object */;
}
